{
  "version": 4,
  "terraform_version": "1.10.4",
  "serial": 158,
  "lineage": "4f405a68-86e6-3ea8-c6ef-bf80b8a96790",
  "outputs": {
    "alb_arn": {
      "value": "arn:aws:elasticloadbalancing:us-east-1:897722705454:loadbalancer/app/laravel-api-dev-alb/58e93b08c712da22",
      "type": "string"
    },
    "alb_dns_name": {
      "value": "laravel-api-dev-alb-89228291.us-east-1.elb.amazonaws.com",
      "type": "string"
    },
    "alb_zone_id": {
      "value": "Z35SXDOTRQ7X7K",
      "type": "string"
    },
    "api_url": {
      "value": "http://laravel-api-dev-alb-89228291.us-east-1.elb.amazonaws.com/api",
      "type": "string"
    },
    "application_url": {
      "value": "http://laravel-api-dev-alb-89228291.us-east-1.elb.amazonaws.com",
      "type": "string"
    },
    "aws_region": {
      "value": "us-east-1",
      "type": "string"
    },
    "deployment_summary": {
      "value": {
        "api_url": "http://laravel-api-dev-alb-89228291.us-east-1.elb.amazonaws.com/api",
        "application_url": "http://laravel-api-dev-alb-89228291.us-east-1.elb.amazonaws.com",
        "aws_region": "us-east-1",
        "ecr_repository": "897722705454.dkr.ecr.us-east-1.amazonaws.com/laravel-api",
        "environment": "dev",
        "project_name": "laravel-api",
        "rds_endpoint": "laravel-api-dev-db.c8tmkqoo29dt.us-east-1.rds.amazonaws.com:3306",
        "redis_endpoint": "laravel-api-dev-redis.h4x5jb.ng.0001.use1.cache.amazonaws.com",
        "vpc_id": "vpc-00213036e65ca748e"
      },
      "type": [
        "object",
        {
          "api_url": "string",
          "application_url": "string",
          "aws_region": "string",
          "ecr_repository": "string",
          "environment": "string",
          "project_name": "string",
          "rds_endpoint": "string",
          "redis_endpoint": "string",
          "vpc_id": "string"
        }
      ]
    },
    "ecr_repository_name": {
      "value": "laravel-api",
      "type": "string"
    },
    "ecr_repository_url": {
      "value": "897722705454.dkr.ecr.us-east-1.amazonaws.com/laravel-api",
      "type": "string"
    },
    "ecs_cluster_arn": {
      "value": "arn:aws:ecs:us-east-1:897722705454:cluster/laravel-api-dev-cluster",
      "type": "string"
    },
    "ecs_cluster_name": {
      "value": "laravel-api-dev-cluster",
      "type": "string"
    },
    "ecs_service_name": {
      "value": "laravel-api-dev-service",
      "type": "string"
    },
    "ecs_task_definition_arn": {
      "value": "arn:aws:ecs:us-east-1:897722705454:task-definition/laravel-api-dev:3",
      "type": "string"
    },
    "environment": {
      "value": "dev",
      "type": "string"
    },
    "generated_app_key": {
      "value": "base64:QnRCamJNMk9MYXVwb0tUaFBwMzRKZlYxOEcxUFRDVGI=",
      "type": "string",
      "sensitive": true
    },
    "generated_db_password": {
      "value": "pWRC9dCF1vecIIQC",
      "type": "string",
      "sensitive": true
    },
    "private_subnet_ids": {
      "value": [
        "subnet-0c15fc97549ec1c95",
        "subnet-00df362f4d9608507",
        "subnet-0c1710d094b73434b",
        "subnet-0dc82185e46aa7600",
        "subnet-002399232efe44691",
        "subnet-0a23cc545701f2b22"
      ],
      "type": [
        "tuple",
        [
          "string",
          "string",
          "string",
          "string",
          "string",
          "string"
        ]
      ]
    },
    "project_name": {
      "value": "laravel-api",
      "type": "string"
    },
    "public_subnet_ids": {
      "value": [
        "subnet-044473ac3be141f13",
        "subnet-0406dae7ad344c727",
        "subnet-022f6afde106d7e52",
        "subnet-0f2306fb290b714f4",
        "subnet-0492a11f08ae72977",
        "subnet-0019e91bddefc6135"
      ],
      "type": [
        "tuple",
        [
          "string",
          "string",
          "string",
          "string",
          "string",
          "string"
        ]
      ]
    },
    "rds_database_name": {
      "value": "laravel",
      "type": "string"
    },
    "rds_endpoint": {
      "value": "laravel-api-dev-db.c8tmkqoo29dt.us-east-1.rds.amazonaws.com:3306",
      "type": "string",
      "sensitive": true
    },
    "rds_port": {
      "value": 3306,
      "type": "number"
    },
    "redis_endpoint": {
      "value": "laravel-api-dev-redis.h4x5jb.ng.0001.use1.cache.amazonaws.com",
      "type": "string",
      "sensitive": true
    },
    "redis_port": {
      "value": 6379,
      "type": "number"
    },
    "secrets_manager_arns": {
      "value": {
        "app_key": "arn:aws:secretsmanager:us-east-1:897722705454:secret:laravel-api-dev-app-key-hZjM54",
        "db_password": "arn:aws:secretsmanager:us-east-1:897722705454:secret:laravel-api-dev-db-password-kTDk51"
      },
      "type": [
        "object",
        {
          "app_key": "string",
          "db_password": "string"
        }
      ]
    },
    "vpc_cidr_block": {
      "value": "10.0.0.0/16",
      "type": "string"
    },
    "vpc_id": {
      "value": "vpc-00213036e65ca748e",
      "type": "string"
    }
  },
  "resources": [
    {
      "mode": "data",
      "type": "aws_availability_zones",
      "name": "available",
      "provider": "provider[\"registry.terraform.io/hashicorp/aws\"]",
      "instances": [
        {
          "schema_version": 0,
          "attributes": {
            "all_availability_zones": null,
            "exclude_names": null,
            "exclude_zone_ids": null,
            "filter": null,
            "group_names": [
              "us-east-1-zg-1"
            ],
            "id": "us-east-1",
            "names": [
              "us-east-1a",
              "us-east-1b",
              "us-east-1c",
              "us-east-1d",
              "us-east-1e",
              "us-east-1f"
            ],
            "state": "available",
            "timeouts": null,
            "zone_ids": [
              "use1-az4",
              "use1-az6",
              "use1-az1",
              "use1-az2",
              "use1-az3",
              "use1-az5"
            ]
          },
          "sensitive_attributes": []
        }
      ]
    },
    {
      "mode": "data",
      "type": "aws_caller_identity",
      "name": "current",
      "provider": "provider[\"registry.terraform.io/hashicorp/aws\"]",
      "instances": [
        {
          "schema_version": 0,
          "attributes": {
            "account_id": "897722705454",
            "arn": "arn:aws:iam::897722705454:user/laravel-terraform-user",
            "id": "897722705454",
            "user_id": "AIDA5CBDRMYXGR72G67KE"
          },
          "sensitive_attributes": []
        }
      ]
    },
    {
      "module": "module.alb",
      "mode": "managed",
      "type": "aws_cloudwatch_log_group",
      "name": "alb",
      "provider": "provider[\"registry.terraform.io/hashicorp/aws\"]",
      "instances": [
        {
          "schema_version": 0,
          "attributes": {
            "arn": "arn:aws:logs:us-east-1:897722705454:log-group:/aws/applicationloadbalancer/laravel-api-dev",
            "id": "/aws/applicationloadbalancer/laravel-api-dev",
            "kms_key_id": "",
            "log_group_class": "STANDARD",
            "name": "/aws/applicationloadbalancer/laravel-api-dev",
            "name_prefix": "",
            "retention_in_days": 7,
            "skip_destroy": false,
            "tags": {
              "Environment": "dev",
              "Name": "laravel-api-dev-alb-logs",
              "Project": "laravel-api"
            },
            "tags_all": {
              "CreatedBy": "Cloud Team",
              "Environment": "dev",
              "ManagedBy": "Terraform",
              "Name": "laravel-api-dev-alb-logs",
              "Project": "laravel-api"
            }
          },
          "sensitive_attributes": [],
          "private": "bnVsbA=="
        }
      ]
    },
    {
      "module": "module.alb",
      "mode": "managed",
      "type": "aws_lb",
      "name": "main",
      "provider": "provider[\"registry.terraform.io/hashicorp/aws\"]",
      "instances": [
        {
          "schema_version": 0,
          "attributes": {
            "access_logs": [
              {
                "bucket": "",
                "enabled": false,
                "prefix": ""
              }
            ],
            "arn": "arn:aws:elasticloadbalancing:us-east-1:897722705454:loadbalancer/app/laravel-api-dev-alb/58e93b08c712da22",
            "arn_suffix": "app/laravel-api-dev-alb/58e93b08c712da22",
            "client_keep_alive": 3600,
            "connection_logs": [
              {
                "bucket": "",
                "enabled": false,
                "prefix": ""
              }
            ],
            "customer_owned_ipv4_pool": "",
            "desync_mitigation_mode": "defensive",
            "dns_name": "laravel-api-dev-alb-89228291.us-east-1.elb.amazonaws.com",
            "dns_record_client_routing_policy": null,
            "drop_invalid_header_fields": false,
            "enable_cross_zone_load_balancing": true,
            "enable_deletion_protection": false,
            "enable_http2": true,
            "enable_tls_version_and_cipher_suite_headers": false,
            "enable_waf_fail_open": false,
            "enable_xff_client_port": false,
            "enable_zonal_shift": false,
            "enforce_security_group_inbound_rules_on_private_link_traffic": "",
            "id": "arn:aws:elasticloadbalancing:us-east-1:897722705454:loadbalancer/app/laravel-api-dev-alb/58e93b08c712da22",
            "idle_timeout": 60,
            "internal": false,
            "ip_address_type": "ipv4",
            "ipam_pools": [],
            "load_balancer_type": "application",
            "minimum_load_balancer_capacity": [],
            "name": "laravel-api-dev-alb",
            "name_prefix": "",
            "preserve_host_header": false,
            "security_groups": [
              "sg-0beee0afd0037836b"
            ],
            "subnet_mapping": [
              {
                "allocation_id": "",
                "ipv6_address": "",
                "outpost_id": "",
                "private_ipv4_address": "",
                "subnet_id": "subnet-0019e91bddefc6135"
              },
              {
                "allocation_id": "",
                "ipv6_address": "",
                "outpost_id": "",
                "private_ipv4_address": "",
                "subnet_id": "subnet-022f6afde106d7e52"
              },
              {
                "allocation_id": "",
                "ipv6_address": "",
                "outpost_id": "",
                "private_ipv4_address": "",
                "subnet_id": "subnet-0406dae7ad344c727"
              },
              {
                "allocation_id": "",
                "ipv6_address": "",
                "outpost_id": "",
                "private_ipv4_address": "",
                "subnet_id": "subnet-044473ac3be141f13"
              },
              {
                "allocation_id": "",
                "ipv6_address": "",
                "outpost_id": "",
                "private_ipv4_address": "",
                "subnet_id": "subnet-0492a11f08ae72977"
              },
              {
                "allocation_id": "",
                "ipv6_address": "",
                "outpost_id": "",
                "private_ipv4_address": "",
                "subnet_id": "subnet-0f2306fb290b714f4"
              }
            ],
            "subnets": [
              "subnet-0019e91bddefc6135",
              "subnet-022f6afde106d7e52",
              "subnet-0406dae7ad344c727",
              "subnet-044473ac3be141f13",
              "subnet-0492a11f08ae72977",
              "subnet-0f2306fb290b714f4"
            ],
            "tags": {
              "Environment": "dev",
              "Name": "laravel-api-dev-alb",
              "Project": "laravel-api",
              "Type": "load-balancer"
            },
            "tags_all": {
              "CreatedBy": "Cloud Team",
              "Environment": "dev",
              "ManagedBy": "Terraform",
              "Name": "laravel-api-dev-alb",
              "Project": "laravel-api",
              "Type": "load-balancer"
            },
            "timeouts": null,
            "vpc_id": "vpc-00213036e65ca748e",
            "xff_header_processing_mode": "append",
            "zone_id": "Z35SXDOTRQ7X7K"
          },
          "sensitive_attributes": [],
          "private": "eyJlMmJmYjczMC1lY2FhLTExZTYtOGY4OC0zNDM2M2JjN2M0YzAiOnsiY3JlYXRlIjo2MDAwMDAwMDAwMDAsImRlbGV0ZSI6NjAwMDAwMDAwMDAwLCJ1cGRhdGUiOjYwMDAwMDAwMDAwMH19",
          "dependencies": [
            "data.aws_availability_zones.available",
            "module.alb.aws_security_group.alb",
            "module.vpc.aws_subnet.public",
            "module.vpc.aws_vpc.main"
          ]
        }
      ]
    },
    {
      "module": "module.alb",
      "mode": "managed",
      "type": "aws_lb_listener",
      "name": "http",
      "provider": "provider[\"registry.terraform.io/hashicorp/aws\"]",
      "instances": [
        {
          "schema_version": 0,
          "attributes": {
            "alpn_policy": null,
            "arn": "arn:aws:elasticloadbalancing:us-east-1:897722705454:listener/app/laravel-api-dev-alb/58e93b08c712da22/d2d80267f954f9b6",
            "certificate_arn": null,
            "default_action": [
              {
                "authenticate_cognito": [],
                "authenticate_oidc": [],
                "fixed_response": [],
                "forward": [],
                "order": 1,
                "redirect": [],
                "target_group_arn": "arn:aws:elasticloadbalancing:us-east-1:897722705454:targetgroup/laravel-api-dev-tg/b1e3fe541fccc8f3",
                "type": "forward"
              }
            ],
            "id": "arn:aws:elasticloadbalancing:us-east-1:897722705454:listener/app/laravel-api-dev-alb/58e93b08c712da22/d2d80267f954f9b6",
            "load_balancer_arn": "arn:aws:elasticloadbalancing:us-east-1:897722705454:loadbalancer/app/laravel-api-dev-alb/58e93b08c712da22",
            "mutual_authentication": [],
            "port": 80,
            "protocol": "HTTP",
            "routing_http_request_x_amzn_mtls_clientcert_header_name": null,
            "routing_http_request_x_amzn_mtls_clientcert_issuer_header_name": null,
            "routing_http_request_x_amzn_mtls_clientcert_leaf_header_name": null,
            "routing_http_request_x_amzn_mtls_clientcert_serial_number_header_name": null,
            "routing_http_request_x_amzn_mtls_clientcert_subject_header_name": null,
            "routing_http_request_x_amzn_mtls_clientcert_validity_header_name": null,
            "routing_http_request_x_amzn_tls_cipher_suite_header_name": null,
            "routing_http_request_x_amzn_tls_version_header_name": null,
            "routing_http_response_access_control_allow_credentials_header_value": "",
            "routing_http_response_access_control_allow_headers_header_value": "",
            "routing_http_response_access_control_allow_methods_header_value": "",
            "routing_http_response_access_control_allow_origin_header_value": "",
            "routing_http_response_access_control_expose_headers_header_value": "",
            "routing_http_response_access_control_max_age_header_value": "",
            "routing_http_response_content_security_policy_header_value": "",
            "routing_http_response_server_enabled": true,
            "routing_http_response_strict_transport_security_header_value": "",
            "routing_http_response_x_content_type_options_header_value": "",
            "routing_http_response_x_frame_options_header_value": "",
            "ssl_policy": "",
            "tags": {
              "Environment": "dev",
              "Name": "laravel-api-dev-http-listener",
              "Project": "laravel-api"
            },
            "tags_all": {
              "CreatedBy": "Cloud Team",
              "Environment": "dev",
              "ManagedBy": "Terraform",
              "Name": "laravel-api-dev-http-listener",
              "Project": "laravel-api"
            },
            "tcp_idle_timeout_seconds": null,
            "timeouts": null
          },
          "sensitive_attributes": [],
          "private": "eyJlMmJmYjczMC1lY2FhLTExZTYtOGY4OC0zNDM2M2JjN2M0YzAiOnsiY3JlYXRlIjozMDAwMDAwMDAwMDAsInVwZGF0ZSI6MzAwMDAwMDAwMDAwfX0=",
          "dependencies": [
            "data.aws_availability_zones.available",
            "module.alb.aws_lb.main",
            "module.alb.aws_lb_target_group.main",
            "module.alb.aws_security_group.alb",
            "module.vpc.aws_subnet.public",
            "module.vpc.aws_vpc.main"
          ]
        }
      ]
    },
    {
      "module": "module.alb",
      "mode": "managed",
      "type": "aws_lb_listener",
      "name": "https",
      "provider": "provider[\"registry.terraform.io/hashicorp/aws\"]",
      "instances": []
    },
    {
      "module": "module.alb",
      "mode": "managed",
      "type": "aws_lb_target_group",
      "name": "main",
      "provider": "provider[\"registry.terraform.io/hashicorp/aws\"]",
      "instances": [
        {
          "schema_version": 0,
          "attributes": {
            "arn": "arn:aws:elasticloadbalancing:us-east-1:897722705454:targetgroup/laravel-api-dev-tg/b1e3fe541fccc8f3",
            "arn_suffix": "targetgroup/laravel-api-dev-tg/b1e3fe541fccc8f3",
            "connection_termination": null,
            "deregistration_delay": "300",
            "health_check": [
              {
                "enabled": true,
                "healthy_threshold": 2,
                "interval": 30,
                "matcher": "200",
                "path": "/api/ping",
                "port": "traffic-port",
                "protocol": "HTTP",
                "timeout": 5,
                "unhealthy_threshold": 2
              }
            ],
            "id": "arn:aws:elasticloadbalancing:us-east-1:897722705454:targetgroup/laravel-api-dev-tg/b1e3fe541fccc8f3",
            "ip_address_type": "ipv4",
            "lambda_multi_value_headers_enabled": false,
            "load_balancer_arns": [
              "arn:aws:elasticloadbalancing:us-east-1:897722705454:loadbalancer/app/laravel-api-dev-alb/58e93b08c712da22"
            ],
            "load_balancing_algorithm_type": "round_robin",
            "load_balancing_anomaly_mitigation": "off",
            "load_balancing_cross_zone_enabled": "use_load_balancer_configuration",
            "name": "laravel-api-dev-tg",
            "name_prefix": "",
            "port": 80,
            "preserve_client_ip": null,
            "protocol": "HTTP",
            "protocol_version": "HTTP1",
            "proxy_protocol_v2": false,
            "slow_start": 0,
            "stickiness": [
              {
                "cookie_duration": 86400,
                "cookie_name": "",
                "enabled": false,
                "type": "lb_cookie"
              }
            ],
            "tags": {
              "Environment": "dev",
              "Name": "laravel-api-dev-tg",
              "Project": "laravel-api",
              "Type": "target-group"
            },
            "tags_all": {
              "CreatedBy": "Cloud Team",
              "Environment": "dev",
              "ManagedBy": "Terraform",
              "Name": "laravel-api-dev-tg",
              "Project": "laravel-api",
              "Type": "target-group"
            },
            "target_failover": [
              {
                "on_deregistration": null,
                "on_unhealthy": null
              }
            ],
            "target_group_health": [
              {
                "dns_failover": [
                  {
                    "minimum_healthy_targets_count": "1",
                    "minimum_healthy_targets_percentage": "off"
                  }
                ],
                "unhealthy_state_routing": [
                  {
                    "minimum_healthy_targets_count": 1,
                    "minimum_healthy_targets_percentage": "off"
                  }
                ]
              }
            ],
            "target_health_state": [
              {
                "enable_unhealthy_connection_termination": null,
                "unhealthy_draining_interval": null
              }
            ],
            "target_type": "ip",
            "vpc_id": "vpc-00213036e65ca748e"
          },
          "sensitive_attributes": [],
          "private": "bnVsbA==",
          "dependencies": [
            "module.vpc.aws_vpc.main"
          ]
        }
      ]
    },
    {
      "module": "module.alb",
      "mode": "managed",
      "type": "aws_security_group",
      "name": "alb",
      "provider": "provider[\"registry.terraform.io/hashicorp/aws\"]",
      "instances": [
        {
          "schema_version": 1,
          "attributes": {
            "arn": "arn:aws:ec2:us-east-1:897722705454:security-group/sg-0beee0afd0037836b",
            "description": "Managed by Terraform",
            "egress": [
              {
                "cidr_blocks": [
                  "0.0.0.0/0"
                ],
                "description": "",
                "from_port": 0,
                "ipv6_cidr_blocks": [],
                "prefix_list_ids": [],
                "protocol": "-1",
                "security_groups": [],
                "self": false,
                "to_port": 0
              }
            ],
            "id": "sg-0beee0afd0037836b",
            "ingress": [
              {
                "cidr_blocks": [
                  "0.0.0.0/0"
                ],
                "description": "HTTP",
                "from_port": 80,
                "ipv6_cidr_blocks": [],
                "prefix_list_ids": [],
                "protocol": "tcp",
                "security_groups": [],
                "self": false,
                "to_port": 80
              },
              {
                "cidr_blocks": [
                  "0.0.0.0/0"
                ],
                "description": "HTTPS",
                "from_port": 443,
                "ipv6_cidr_blocks": [],
                "prefix_list_ids": [],
                "protocol": "tcp",
                "security_groups": [],
                "self": false,
                "to_port": 443
              }
            ],
            "name": "laravel-api-dev-alb-2025090615073234060000000c",
            "name_prefix": "laravel-api-dev-alb-",
            "owner_id": "897722705454",
            "revoke_rules_on_delete": false,
            "tags": {
              "Environment": "dev",
              "Name": "laravel-api-dev-alb-sg",
              "Project": "laravel-api",
              "Type": "alb"
            },
            "tags_all": {
              "CreatedBy": "Cloud Team",
              "Environment": "dev",
              "ManagedBy": "Terraform",
              "Name": "laravel-api-dev-alb-sg",
              "Project": "laravel-api",
              "Type": "alb"
            },
            "timeouts": null,
            "vpc_id": "vpc-00213036e65ca748e"
          },
          "sensitive_attributes": [],
          "private": "eyJlMmJmYjczMC1lY2FhLTExZTYtOGY4OC0zNDM2M2JjN2M0YzAiOnsiY3JlYXRlIjo2MDAwMDAwMDAwMDAsImRlbGV0ZSI6OTAwMDAwMDAwMDAwfSwic2NoZW1hX3ZlcnNpb24iOiIxIn0=",
          "dependencies": [
            "module.vpc.aws_vpc.main"
          ]
        }
      ]
    },
    {
      "module": "module.ecr",
      "mode": "data",
      "type": "aws_caller_identity",
      "name": "current",
      "provider": "provider[\"registry.terraform.io/hashicorp/aws\"]",
      "instances": [
        {
          "schema_version": 0,
          "attributes": {
            "account_id": "897722705454",
            "arn": "arn:aws:iam::897722705454:user/laravel-terraform-user",
            "id": "897722705454",
            "user_id": "AIDA5CBDRMYXGR72G67KE"
          },
          "sensitive_attributes": []
        }
      ]
    },
    {
      "module": "module.ecr",
      "mode": "managed",
      "type": "aws_ecr_lifecycle_policy",
      "name": "main",
      "provider": "provider[\"registry.terraform.io/hashicorp/aws\"]",
      "instances": [
        {
          "schema_version": 0,
          "attributes": {
            "id": "laravel-api",
            "policy": "{\"rules\":[{\"action\":{\"type\":\"expire\"},\"description\":\"Keep last 10 images\",\"rulePriority\":1,\"selection\":{\"countNumber\":10,\"countType\":\"imageCountMoreThan\",\"tagPrefixList\":[\"v\"],\"tagStatus\":\"tagged\"}},{\"action\":{\"type\":\"expire\"},\"description\":\"Delete untagged images older than 1 day\",\"rulePriority\":2,\"selection\":{\"countNumber\":1,\"countType\":\"sinceImagePushed\",\"countUnit\":\"days\",\"tagStatus\":\"untagged\"}}]}",
            "registry_id": "897722705454",
            "repository": "laravel-api"
          },
          "sensitive_attributes": [],
          "private": "bnVsbA==",
          "dependencies": [
            "module.ecr.aws_ecr_repository.main"
          ]
        }
      ]
    },
    {
      "module": "module.ecr",
      "mode": "managed",
      "type": "aws_ecr_repository",
      "name": "main",
      "provider": "provider[\"registry.terraform.io/hashicorp/aws\"]",
      "instances": [
        {
          "schema_version": 0,
          "attributes": {
            "arn": "arn:aws:ecr:us-east-1:897722705454:repository/laravel-api",
            "encryption_configuration": [
              {
                "encryption_type": "AES256",
                "kms_key": ""
              }
            ],
            "force_delete": null,
            "id": "laravel-api",
            "image_scanning_configuration": [
              {
                "scan_on_push": true
              }
            ],
            "image_tag_mutability": "MUTABLE",
            "name": "laravel-api",
            "registry_id": "897722705454",
            "repository_url": "897722705454.dkr.ecr.us-east-1.amazonaws.com/laravel-api",
            "tags": {
              "Environment": "dev",
              "Name": "laravel-api-dev-ecr",
              "Project": "laravel-api",
              "Type": "container-registry"
            },
            "tags_all": {
              "CreatedBy": "Cloud Team",
              "Environment": "dev",
              "ManagedBy": "Terraform",
              "Name": "laravel-api-dev-ecr",
              "Project": "laravel-api",
              "Type": "container-registry"
            },
            "timeouts": null
          },
          "sensitive_attributes": [],
          "private": "eyJlMmJmYjczMC1lY2FhLTExZTYtOGY4OC0zNDM2M2JjN2M0YzAiOnsiZGVsZXRlIjoxMjAwMDAwMDAwMDAwfX0="
        }
      ]
    },
    {
      "module": "module.ecr",
      "mode": "managed",
      "type": "aws_ecr_repository_policy",
      "name": "main",
      "provider": "provider[\"registry.terraform.io/hashicorp/aws\"]",
      "instances": [
        {
          "schema_version": 0,
          "attributes": {
            "id": "laravel-api",
            "policy": "{\"Statement\":[{\"Action\":[\"ecr:GetDownloadUrlForLayer\",\"ecr:BatchGetImage\",\"ecr:BatchCheckLayerAvailability\"],\"Effect\":\"Allow\",\"Principal\":{\"AWS\":\"arn:aws:iam::897722705454:root\"},\"Sid\":\"AllowPull\"}],\"Version\":\"2012-10-17\"}",
            "registry_id": "897722705454",
            "repository": "laravel-api"
          },
          "sensitive_attributes": [],
          "private": "bnVsbA==",
          "dependencies": [
            "module.ecr.aws_ecr_repository.main",
            "module.ecr.data.aws_caller_identity.current"
          ]
        }
      ]
    },
    {
      "module": "module.ecs",
      "mode": "data",
      "type": "aws_region",
      "name": "current",
      "provider": "provider[\"registry.terraform.io/hashicorp/aws\"]",
      "instances": [
        {
          "schema_version": 0,
          "attributes": {
            "description": "US East (N. Virginia)",
            "endpoint": "ec2.us-east-1.amazonaws.com",
            "id": "us-east-1",
            "name": "us-east-1"
          },
          "sensitive_attributes": []
        }
      ]
    },
    {
      "module": "module.ecs",
      "mode": "managed",
      "type": "aws_appautoscaling_policy",
      "name": "ecs_cpu",
      "provider": "provider[\"registry.terraform.io/hashicorp/aws\"]",
      "instances": [
        {
          "schema_version": 0,
          "attributes": {
            "alarm_arns": [
              "arn:aws:cloudwatch:us-east-1:897722705454:alarm:TargetTracking-service/laravel-api-dev-cluster/laravel-api-dev-service-AlarmHigh-5c3f0ac9-37a7-49ba-b8d3-4f1c80d4c48e",
              "arn:aws:cloudwatch:us-east-1:897722705454:alarm:TargetTracking-service/laravel-api-dev-cluster/laravel-api-dev-service-AlarmLow-c51ab516-4ebd-470d-a237-a3c1ce1dddcb"
            ],
            "arn": "arn:aws:autoscaling:us-east-1:897722705454:scalingPolicy:6b68fe44-6f2d-440b-a163-17c130494ecb:resource/ecs/service/laravel-api-dev-cluster/laravel-api-dev-service:policyName/laravel-api-dev-ecs-cpu-scaling",
            "id": "laravel-api-dev-ecs-cpu-scaling",
            "name": "laravel-api-dev-ecs-cpu-scaling",
            "policy_type": "TargetTrackingScaling",
            "resource_id": "service/laravel-api-dev-cluster/laravel-api-dev-service",
            "scalable_dimension": "ecs:service:DesiredCount",
            "service_namespace": "ecs",
            "step_scaling_policy_configuration": [],
            "target_tracking_scaling_policy_configuration": [
              {
                "customized_metric_specification": [],
                "disable_scale_in": false,
                "predefined_metric_specification": [
                  {
                    "predefined_metric_type": "ECSServiceAverageCPUUtilization",
                    "resource_label": ""
                  }
                ],
                "scale_in_cooldown": 300,
                "scale_out_cooldown": 300,
                "target_value": 70
              }
            ]
          },
          "sensitive_attributes": [],
          "private": "bnVsbA==",
          "dependencies": [
            "data.aws_availability_zones.available",
            "module.alb.aws_lb.main",
            "module.alb.aws_lb_target_group.main",
            "module.alb.aws_security_group.alb",
            "module.ecr.aws_ecr_repository.main",
            "module.ecs.aws_appautoscaling_target.ecs_target",
            "module.ecs.aws_cloudwatch_log_group.ecs",
            "module.ecs.aws_ecs_cluster.main",
            "module.ecs.aws_ecs_service.main",
            "module.ecs.aws_ecs_task_definition.main",
            "module.ecs.aws_iam_role.ecs_execution_role",
            "module.ecs.aws_iam_role.ecs_task_role",
            "module.ecs.aws_secretsmanager_secret.app_key",
            "module.ecs.aws_secretsmanager_secret.db_password",
            "module.ecs.data.aws_region.current",
            "module.ecs.random_password.db_password",
            "module.rds.aws_db_instance.main",
            "module.rds.aws_db_parameter_group.main",
            "module.rds.aws_db_subnet_group.main",
            "module.rds.aws_iam_role.rds_enhanced_monitoring",
            "module.rds.random_password.db_password",
            "module.redis.aws_cloudwatch_log_group.redis",
            "module.redis.aws_elasticache_parameter_group.main",
            "module.redis.aws_elasticache_replication_group.main",
            "module.redis.aws_elasticache_subnet_group.main",
            "module.vpc.aws_security_group.alb",
            "module.vpc.aws_security_group.ecs",
            "module.vpc.aws_security_group.rds",
            "module.vpc.aws_security_group.redis",
            "module.vpc.aws_subnet.private",
            "module.vpc.aws_subnet.public",
            "module.vpc.aws_vpc.main"
          ]
        }
      ]
    },
    {
      "module": "module.ecs",
      "mode": "managed",
      "type": "aws_appautoscaling_policy",
      "name": "ecs_memory",
      "provider": "provider[\"registry.terraform.io/hashicorp/aws\"]",
      "instances": [
        {
          "schema_version": 0,
          "attributes": {
            "alarm_arns": [
              "arn:aws:cloudwatch:us-east-1:897722705454:alarm:TargetTracking-service/laravel-api-dev-cluster/laravel-api-dev-service-AlarmHigh-45eca79a-2427-411f-953b-0ac17a6fd36e",
              "arn:aws:cloudwatch:us-east-1:897722705454:alarm:TargetTracking-service/laravel-api-dev-cluster/laravel-api-dev-service-AlarmLow-bd31ad65-be76-4c8f-b0e0-86be45193114"
            ],
            "arn": "arn:aws:autoscaling:us-east-1:897722705454:scalingPolicy:6b68fe44-6f2d-440b-a163-17c130494ecb:resource/ecs/service/laravel-api-dev-cluster/laravel-api-dev-service:policyName/laravel-api-dev-ecs-memory-scaling",
            "id": "laravel-api-dev-ecs-memory-scaling",
            "name": "laravel-api-dev-ecs-memory-scaling",
            "policy_type": "TargetTrackingScaling",
            "resource_id": "service/laravel-api-dev-cluster/laravel-api-dev-service",
            "scalable_dimension": "ecs:service:DesiredCount",
            "service_namespace": "ecs",
            "step_scaling_policy_configuration": [],
            "target_tracking_scaling_policy_configuration": [
              {
                "customized_metric_specification": [],
                "disable_scale_in": false,
                "predefined_metric_specification": [
                  {
                    "predefined_metric_type": "ECSServiceAverageMemoryUtilization",
                    "resource_label": ""
                  }
                ],
                "scale_in_cooldown": 300,
                "scale_out_cooldown": 300,
                "target_value": 80
              }
            ]
          },
          "sensitive_attributes": [],
          "private": "bnVsbA==",
          "dependencies": [
            "data.aws_availability_zones.available",
            "module.alb.aws_lb.main",
            "module.alb.aws_lb_target_group.main",
            "module.alb.aws_security_group.alb",
            "module.ecr.aws_ecr_repository.main",
            "module.ecs.aws_appautoscaling_target.ecs_target",
            "module.ecs.aws_cloudwatch_log_group.ecs",
            "module.ecs.aws_ecs_cluster.main",
            "module.ecs.aws_ecs_service.main",
            "module.ecs.aws_ecs_task_definition.main",
            "module.ecs.aws_iam_role.ecs_execution_role",
            "module.ecs.aws_iam_role.ecs_task_role",
            "module.ecs.aws_secretsmanager_secret.app_key",
            "module.ecs.aws_secretsmanager_secret.db_password",
            "module.ecs.data.aws_region.current",
            "module.ecs.random_password.db_password",
            "module.rds.aws_db_instance.main",
            "module.rds.aws_db_parameter_group.main",
            "module.rds.aws_db_subnet_group.main",
            "module.rds.aws_iam_role.rds_enhanced_monitoring",
            "module.rds.random_password.db_password",
            "module.redis.aws_cloudwatch_log_group.redis",
            "module.redis.aws_elasticache_parameter_group.main",
            "module.redis.aws_elasticache_replication_group.main",
            "module.redis.aws_elasticache_subnet_group.main",
            "module.vpc.aws_security_group.alb",
            "module.vpc.aws_security_group.ecs",
            "module.vpc.aws_security_group.rds",
            "module.vpc.aws_security_group.redis",
            "module.vpc.aws_subnet.private",
            "module.vpc.aws_subnet.public",
            "module.vpc.aws_vpc.main"
          ]
        }
      ]
    },
    {
      "module": "module.ecs",
      "mode": "managed",
      "type": "aws_appautoscaling_target",
      "name": "ecs_target",
      "provider": "provider[\"registry.terraform.io/hashicorp/aws\"]",
      "instances": [
        {
          "schema_version": 0,
          "attributes": {
            "arn": "arn:aws:application-autoscaling:us-east-1:897722705454:scalable-target/0ec56b68fe446f2d440ba16317c130494ecb",
            "id": "service/laravel-api-dev-cluster/laravel-api-dev-service",
            "max_capacity": 10,
            "min_capacity": 1,
            "resource_id": "service/laravel-api-dev-cluster/laravel-api-dev-service",
            "role_arn": "arn:aws:iam::897722705454:role/aws-service-role/ecs.application-autoscaling.amazonaws.com/AWSServiceRoleForApplicationAutoScaling_ECSService",
            "scalable_dimension": "ecs:service:DesiredCount",
            "service_namespace": "ecs",
            "suspended_state": [
              {
                "dynamic_scaling_in_suspended": false,
                "dynamic_scaling_out_suspended": false,
                "scheduled_scaling_suspended": false
              }
            ],
            "tags": {
              "Environment": "dev",
              "Name": "laravel-api-dev-ecs-autoscaling-target",
              "Project": "laravel-api",
              "Type": "autoscaling-target"
            },
            "tags_all": {
              "CreatedBy": "Cloud Team",
              "Environment": "dev",
              "ManagedBy": "Terraform",
              "Name": "laravel-api-dev-ecs-autoscaling-target",
              "Project": "laravel-api",
              "Type": "autoscaling-target"
            }
          },
          "sensitive_attributes": [],
          "private": "bnVsbA==",
          "dependencies": [
            "data.aws_availability_zones.available",
            "module.alb.aws_lb.main",
            "module.alb.aws_lb_target_group.main",
            "module.alb.aws_security_group.alb",
            "module.ecr.aws_ecr_repository.main",
            "module.ecs.aws_cloudwatch_log_group.ecs",
            "module.ecs.aws_ecs_cluster.main",
            "module.ecs.aws_ecs_service.main",
            "module.ecs.aws_ecs_task_definition.main",
            "module.ecs.aws_iam_role.ecs_execution_role",
            "module.ecs.aws_iam_role.ecs_task_role",
            "module.ecs.aws_secretsmanager_secret.app_key",
            "module.ecs.aws_secretsmanager_secret.db_password",
            "module.ecs.data.aws_region.current",
            "module.ecs.random_password.db_password",
            "module.rds.aws_db_instance.main",
            "module.rds.aws_db_parameter_group.main",
            "module.rds.aws_db_subnet_group.main",
            "module.rds.aws_iam_role.rds_enhanced_monitoring",
            "module.rds.random_password.db_password",
            "module.redis.aws_cloudwatch_log_group.redis",
            "module.redis.aws_elasticache_parameter_group.main",
            "module.redis.aws_elasticache_replication_group.main",
            "module.redis.aws_elasticache_subnet_group.main",
            "module.vpc.aws_security_group.alb",
            "module.vpc.aws_security_group.ecs",
            "module.vpc.aws_security_group.rds",
            "module.vpc.aws_security_group.redis",
            "module.vpc.aws_subnet.private",
            "module.vpc.aws_subnet.public",
            "module.vpc.aws_vpc.main"
          ]
        }
      ]
    },
    {
      "module": "module.ecs",
      "mode": "managed",
      "type": "aws_cloudwatch_log_group",
      "name": "ecs",
      "provider": "provider[\"registry.terraform.io/hashicorp/aws\"]",
      "instances": [
        {
          "schema_version": 0,
          "attributes": {
            "arn": "arn:aws:logs:us-east-1:897722705454:log-group:/ecs/laravel-api-dev",
            "id": "/ecs/laravel-api-dev",
            "kms_key_id": "",
            "log_group_class": "STANDARD",
            "name": "/ecs/laravel-api-dev",
            "name_prefix": "",
            "retention_in_days": 7,
            "skip_destroy": false,
            "tags": {
              "Environment": "dev",
              "Name": "laravel-api-dev-ecs-logs",
              "Project": "laravel-api"
            },
            "tags_all": {
              "CreatedBy": "Cloud Team",
              "Environment": "dev",
              "ManagedBy": "Terraform",
              "Name": "laravel-api-dev-ecs-logs",
              "Project": "laravel-api"
            }
          },
          "sensitive_attributes": [],
          "private": "bnVsbA=="
        }
      ]
    },
    {
      "module": "module.ecs",
      "mode": "managed",
      "type": "aws_ecs_cluster",
      "name": "main",
      "provider": "provider[\"registry.terraform.io/hashicorp/aws\"]",
      "instances": [
        {
          "schema_version": 0,
          "attributes": {
            "arn": "arn:aws:ecs:us-east-1:897722705454:cluster/laravel-api-dev-cluster",
            "configuration": [],
            "id": "arn:aws:ecs:us-east-1:897722705454:cluster/laravel-api-dev-cluster",
            "name": "laravel-api-dev-cluster",
            "service_connect_defaults": [],
            "setting": [
              {
                "name": "containerInsights",
                "value": "disabled"
              }
            ],
            "tags": {
              "Environment": "dev",
              "Name": "laravel-api-dev-cluster",
              "Project": "laravel-api",
              "Type": "ecs-cluster"
            },
            "tags_all": {
              "CreatedBy": "Cloud Team",
              "Environment": "dev",
              "ManagedBy": "Terraform",
              "Name": "laravel-api-dev-cluster",
              "Project": "laravel-api",
              "Type": "ecs-cluster"
            }
          },
          "sensitive_attributes": [],
          "private": "bnVsbA=="
        }
      ]
    },
    {
      "module": "module.ecs",
      "mode": "managed",
      "type": "aws_ecs_service",
      "name": "main",
      "provider": "provider[\"registry.terraform.io/hashicorp/aws\"]",
      "instances": [
        {
          "schema_version": 1,
          "attributes": {
            "alarms": [],
            "availability_zone_rebalancing": "DISABLED",
            "capacity_provider_strategy": [],
            "cluster": "arn:aws:ecs:us-east-1:897722705454:cluster/laravel-api-dev-cluster",
            "deployment_circuit_breaker": [
              {
                "enable": false,
                "rollback": false
              }
            ],
            "deployment_controller": [
              {
                "type": "ECS"
              }
            ],
            "deployment_maximum_percent": 200,
            "deployment_minimum_healthy_percent": 100,
            "desired_count": 1,
            "enable_ecs_managed_tags": false,
            "enable_execute_command": false,
            "force_delete": null,
            "force_new_deployment": null,
            "health_check_grace_period_seconds": 0,
            "iam_role": "/aws-service-role/ecs.amazonaws.com/AWSServiceRoleForECS",
            "id": "arn:aws:ecs:us-east-1:897722705454:service/laravel-api-dev-cluster/laravel-api-dev-service",
            "launch_type": "FARGATE",
            "load_balancer": [
              {
                "container_name": "laravel-api-dev-app",
                "container_port": 80,
                "elb_name": "",
                "target_group_arn": "arn:aws:elasticloadbalancing:us-east-1:897722705454:targetgroup/laravel-api-dev-tg/b1e3fe541fccc8f3"
              }
            ],
            "name": "laravel-api-dev-service",
            "network_configuration": [
              {
                "assign_public_ip": false,
                "security_groups": [
                  "sg-0de5c1b0249efea9c"
                ],
                "subnets": [
                  "subnet-002399232efe44691",
                  "subnet-00df362f4d9608507",
                  "subnet-0a23cc545701f2b22",
                  "subnet-0c15fc97549ec1c95",
                  "subnet-0c1710d094b73434b",
                  "subnet-0dc82185e46aa7600"
                ]
              }
            ],
            "ordered_placement_strategy": [],
            "placement_constraints": [],
            "platform_version": "LATEST",
            "propagate_tags": "NONE",
            "scheduling_strategy": "REPLICA",
            "service_connect_configuration": [],
            "service_registries": [],
            "tags": {
              "Environment": "dev",
              "Name": "laravel-api-dev-service",
              "Project": "laravel-api",
              "Type": "ecs-service"
            },
            "tags_all": {
              "CreatedBy": "Cloud Team",
              "Environment": "dev",
              "ManagedBy": "Terraform",
              "Name": "laravel-api-dev-service",
              "Project": "laravel-api",
              "Type": "ecs-service"
            },
            "task_definition": "arn:aws:ecs:us-east-1:897722705454:task-definition/laravel-api-dev:3",
            "timeouts": null,
            "triggers": {},
            "volume_configuration": [],
            "vpc_lattice_configurations": [],
            "wait_for_steady_state": false
          },
          "sensitive_attributes": [],
          "private": "eyJlMmJmYjczMC1lY2FhLTExZTYtOGY4OC0zNDM2M2JjN2M0YzAiOnsiY3JlYXRlIjoxMjAwMDAwMDAwMDAwLCJkZWxldGUiOjEyMDAwMDAwMDAwMDAsInVwZGF0ZSI6MTIwMDAwMDAwMDAwMH0sInNjaGVtYV92ZXJzaW9uIjoiMSJ9",
          "dependencies": [
            "data.aws_availability_zones.available",
            "module.alb.aws_lb.main",
            "module.alb.aws_lb_target_group.main",
            "module.alb.aws_security_group.alb",
            "module.ecr.aws_ecr_repository.main",
            "module.ecs.aws_cloudwatch_log_group.ecs",
            "module.ecs.aws_ecs_cluster.main",
            "module.ecs.aws_ecs_task_definition.main",
            "module.ecs.aws_iam_role.ecs_execution_role",
            "module.ecs.aws_iam_role.ecs_task_role",
            "module.ecs.aws_secretsmanager_secret.app_key",
            "module.ecs.aws_secretsmanager_secret.db_password",
            "module.ecs.aws_security_group.ecs",
            "module.ecs.data.aws_region.current",
            "module.ecs.random_password.db_password",
            "module.rds.aws_db_instance.main",
            "module.rds.aws_db_parameter_group.main",
            "module.rds.aws_db_subnet_group.main",
            "module.rds.aws_iam_role.rds_enhanced_monitoring",
            "module.rds.random_password.db_password",
            "module.redis.aws_cloudwatch_log_group.redis",
            "module.redis.aws_elasticache_parameter_group.main",
            "module.redis.aws_elasticache_replication_group.main",
            "module.redis.aws_elasticache_subnet_group.main",
            "module.vpc.aws_security_group.alb",
            "module.vpc.aws_security_group.ecs",
            "module.vpc.aws_security_group.rds",
            "module.vpc.aws_security_group.redis",
            "module.vpc.aws_subnet.private",
            "module.vpc.aws_subnet.public",
            "module.vpc.aws_vpc.main"
          ]
        }
      ]
    },
    {
      "module": "module.ecs",
      "mode": "managed",
      "type": "aws_ecs_task_definition",
      "name": "main",
      "provider": "provider[\"registry.terraform.io/hashicorp/aws\"]",
      "instances": [
        {
          "schema_version": 1,
          "attributes": {
            "arn": "arn:aws:ecs:us-east-1:897722705454:task-definition/laravel-api-dev:3",
            "arn_without_revision": "arn:aws:ecs:us-east-1:897722705454:task-definition/laravel-api-dev",
            "container_definitions": "[{\"environment\":[{\"name\":\"APP_DEBUG\",\"value\":\"true\"},{\"name\":\"APP_ENV\",\"value\":\"dev\"},{\"name\":\"APP_URL\",\"value\":\"http://laravel-api-dev-alb-89228291.us-east-1.elb.amazonaws.com\"},{\"name\":\"CACHE_DRIVER\",\"value\":\"redis\"},{\"name\":\"DB_CONNECTION\",\"value\":\"mysql\"},{\"name\":\"DB_DATABASE\",\"value\":\"laravel\"},{\"name\":\"DB_HOST\",\"value\":\"laravel-api-dev-db.c8tmkqoo29dt.us-east-1.rds.amazonaws.com:3306\"},{\"name\":\"DB_PORT\",\"value\":\"3306\"},{\"name\":\"DB_USERNAME\",\"value\":\"laravel\"},{\"name\":\"QUEUE_CONNECTION\",\"value\":\"redis\"},{\"name\":\"REDIS_HOST\",\"value\":\"laravel-api-dev-redis.h4x5jb.ng.0001.use1.cache.amazonaws.com\"},{\"name\":\"REDIS_PORT\",\"value\":\"6379\"},{\"name\":\"SESSION_DRIVER\",\"value\":\"redis\"}],\"essential\":true,\"healthCheck\":{\"command\":[\"CMD-SHELL\",\"curl -f http://localhost/api/ping || exit 1\"],\"interval\":30,\"retries\":3,\"startPeriod\":60,\"timeout\":5},\"image\":\"897722705454.dkr.ecr.us-east-1.amazonaws.com/laravel-api:latest\",\"logConfiguration\":{\"logDriver\":\"awslogs\",\"options\":{\"awslogs-stream-prefix\":\"ecs\",\"awslogs-group\":\"/ecs/laravel-api-dev\",\"awslogs-region\":\"us-east-1\"}},\"mountPoints\":[],\"name\":\"laravel-api-dev-app\",\"portMappings\":[{\"containerPort\":80,\"hostPort\":80,\"protocol\":\"tcp\"}],\"secrets\":[{\"name\":\"APP_KEY\",\"valueFrom\":\"arn:aws:secretsmanager:us-east-1:897722705454:secret:laravel-api-dev-app-key-hZjM54\"},{\"name\":\"DB_PASSWORD\",\"valueFrom\":\"arn:aws:secretsmanager:us-east-1:897722705454:secret:laravel-api-dev-db-password-kTDk51\"}],\"systemControls\":[],\"volumesFrom\":[]}]",
            "cpu": "512",
            "enable_fault_injection": false,
            "ephemeral_storage": [],
            "execution_role_arn": "arn:aws:iam::897722705454:role/laravel-api-dev-ecs-execution-role",
            "family": "laravel-api-dev",
            "id": "laravel-api-dev",
            "inference_accelerator": [],
            "ipc_mode": "",
            "memory": "1024",
            "network_mode": "awsvpc",
            "pid_mode": "",
            "placement_constraints": [],
            "proxy_configuration": [],
            "requires_compatibilities": [
              "FARGATE"
            ],
            "revision": 3,
            "runtime_platform": [],
            "skip_destroy": false,
            "tags": {
              "Environment": "dev",
              "Name": "laravel-api-dev-task",
              "Project": "laravel-api",
              "Type": "ecs-task"
            },
            "tags_all": {
              "CreatedBy": "Cloud Team",
              "Environment": "dev",
              "ManagedBy": "Terraform",
              "Name": "laravel-api-dev-task",
              "Project": "laravel-api",
              "Type": "ecs-task"
            },
            "task_role_arn": "arn:aws:iam::897722705454:role/laravel-api-dev-ecs-task-role",
            "track_latest": false,
            "volume": []
          },
          "sensitive_attributes": [],
          "private": "eyJzY2hlbWFfdmVyc2lvbiI6IjEifQ==",
          "dependencies": [
            "data.aws_availability_zones.available",
            "module.alb.aws_lb.main",
            "module.alb.aws_security_group.alb",
            "module.ecr.aws_ecr_repository.main",
            "module.ecs.aws_cloudwatch_log_group.ecs",
            "module.ecs.aws_iam_role.ecs_execution_role",
            "module.ecs.aws_iam_role.ecs_task_role",
            "module.ecs.aws_secretsmanager_secret.app_key",
            "module.ecs.aws_secretsmanager_secret.db_password",
            "module.ecs.data.aws_region.current",
            "module.ecs.random_password.db_password",
            "module.rds.aws_db_instance.main",
            "module.rds.aws_db_parameter_group.main",
            "module.rds.aws_db_subnet_group.main",
            "module.rds.aws_iam_role.rds_enhanced_monitoring",
            "module.rds.random_password.db_password",
            "module.redis.aws_cloudwatch_log_group.redis",
            "module.redis.aws_elasticache_parameter_group.main",
            "module.redis.aws_elasticache_replication_group.main",
            "module.redis.aws_elasticache_subnet_group.main",
            "module.vpc.aws_security_group.alb",
            "module.vpc.aws_security_group.ecs",
            "module.vpc.aws_security_group.rds",
            "module.vpc.aws_security_group.redis",
            "module.vpc.aws_subnet.private",
            "module.vpc.aws_subnet.public",
            "module.vpc.aws_vpc.main"
          ]
        }
      ]
    },
    {
      "module": "module.ecs",
      "mode": "managed",
      "type": "aws_iam_role",
      "name": "ecs_execution_role",
      "provider": "provider[\"registry.terraform.io/hashicorp/aws\"]",
      "instances": [
        {
          "schema_version": 0,
          "attributes": {
            "arn": "arn:aws:iam::897722705454:role/laravel-api-dev-ecs-execution-role",
            "assume_role_policy": "{\"Statement\":[{\"Action\":\"sts:AssumeRole\",\"Effect\":\"Allow\",\"Principal\":{\"Service\":\"ecs-tasks.amazonaws.com\"}}],\"Version\":\"2012-10-17\"}",
            "create_date": "2025-09-06T15:07:14Z",
            "description": "",
            "force_detach_policies": false,
            "id": "laravel-api-dev-ecs-execution-role",
            "inline_policy": [
              {
                "name": "laravel-api-dev-ecs-execution-secrets",
                "policy": "{\"Version\":\"2012-10-17\",\"Statement\":[{\"Action\":[\"secretsmanager:GetSecretValue\"],\"Effect\":\"Allow\",\"Resource\":[\"arn:aws:secretsmanager:us-east-1:897722705454:secret:laravel-api-dev-db-password-kTDk51\",\"arn:aws:secretsmanager:us-east-1:897722705454:secret:laravel-api-dev-app-key-hZjM54\"]}]}"
              }
            ],
            "managed_policy_arns": [
              "arn:aws:iam::aws:policy/service-role/AmazonECSTaskExecutionRolePolicy"
            ],
            "max_session_duration": 3600,
            "name": "laravel-api-dev-ecs-execution-role",
            "name_prefix": "",
            "path": "/",
            "permissions_boundary": "",
            "tags": {
              "Environment": "dev",
              "Name": "laravel-api-dev-ecs-execution-role",
              "Project": "laravel-api"
            },
            "tags_all": {
              "CreatedBy": "Cloud Team",
              "Environment": "dev",
              "ManagedBy": "Terraform",
              "Name": "laravel-api-dev-ecs-execution-role",
              "Project": "laravel-api"
            },
            "unique_id": "AROA5CBDRMYXFOKHMT7LT"
          },
          "sensitive_attributes": [],
          "private": "bnVsbA=="
        }
      ]
    },
    {
      "module": "module.ecs",
      "mode": "managed",
      "type": "aws_iam_role",
      "name": "ecs_task_role",
      "provider": "provider[\"registry.terraform.io/hashicorp/aws\"]",
      "instances": [
        {
          "schema_version": 0,
          "attributes": {
            "arn": "arn:aws:iam::897722705454:role/laravel-api-dev-ecs-task-role",
            "assume_role_policy": "{\"Statement\":[{\"Action\":\"sts:AssumeRole\",\"Effect\":\"Allow\",\"Principal\":{\"Service\":\"ecs-tasks.amazonaws.com\"}}],\"Version\":\"2012-10-17\"}",
            "create_date": "2025-09-06T15:07:14Z",
            "description": "",
            "force_detach_policies": false,
            "id": "laravel-api-dev-ecs-task-role",
            "inline_policy": [
              {
                "name": "laravel-api-dev-ecs-task-secrets",
                "policy": "{\"Version\":\"2012-10-17\",\"Statement\":[{\"Action\":[\"secretsmanager:GetSecretValue\"],\"Effect\":\"Allow\",\"Resource\":[\"arn:aws:secretsmanager:us-east-1:897722705454:secret:laravel-api-dev-db-password-kTDk51\",\"arn:aws:secretsmanager:us-east-1:897722705454:secret:laravel-api-dev-app-key-hZjM54\"]}]}"
              }
            ],
            "managed_policy_arns": [],
            "max_session_duration": 3600,
            "name": "laravel-api-dev-ecs-task-role",
            "name_prefix": "",
            "path": "/",
            "permissions_boundary": "",
            "tags": {
              "Environment": "dev",
              "Name": "laravel-api-dev-ecs-task-role",
              "Project": "laravel-api"
            },
            "tags_all": {
              "CreatedBy": "Cloud Team",
              "Environment": "dev",
              "ManagedBy": "Terraform",
              "Name": "laravel-api-dev-ecs-task-role",
              "Project": "laravel-api"
            },
            "unique_id": "AROA5CBDRMYXICIHHKKQ2"
          },
          "sensitive_attributes": [],
          "private": "bnVsbA=="
        }
      ]
    },
    {
      "module": "module.ecs",
      "mode": "managed",
      "type": "aws_iam_role_policy",
      "name": "ecs_execution_secrets",
      "provider": "provider[\"registry.terraform.io/hashicorp/aws\"]",
      "instances": [
        {
          "schema_version": 0,
          "attributes": {
            "id": "laravel-api-dev-ecs-execution-role:laravel-api-dev-ecs-execution-secrets",
            "name": "laravel-api-dev-ecs-execution-secrets",
            "name_prefix": "",
            "policy": "{\"Version\":\"2012-10-17\",\"Statement\":[{\"Action\":[\"secretsmanager:GetSecretValue\"],\"Effect\":\"Allow\",\"Resource\":[\"arn:aws:secretsmanager:us-east-1:897722705454:secret:laravel-api-dev-db-password-kTDk51\",\"arn:aws:secretsmanager:us-east-1:897722705454:secret:laravel-api-dev-app-key-hZjM54\"]}]}",
            "role": "laravel-api-dev-ecs-execution-role"
          },
          "sensitive_attributes": [],
          "private": "bnVsbA==",
          "dependencies": [
            "module.ecs.aws_iam_role.ecs_execution_role",
            "module.ecs.aws_secretsmanager_secret.app_key",
            "module.ecs.aws_secretsmanager_secret.db_password"
          ]
        }
      ]
    },
    {
      "module": "module.ecs",
      "mode": "managed",
      "type": "aws_iam_role_policy",
      "name": "ecs_task_secrets",
      "provider": "provider[\"registry.terraform.io/hashicorp/aws\"]",
      "instances": [
        {
          "schema_version": 0,
          "attributes": {
            "id": "laravel-api-dev-ecs-task-role:laravel-api-dev-ecs-task-secrets",
            "name": "laravel-api-dev-ecs-task-secrets",
            "name_prefix": "",
            "policy": "{\"Version\":\"2012-10-17\",\"Statement\":[{\"Action\":[\"secretsmanager:GetSecretValue\"],\"Effect\":\"Allow\",\"Resource\":[\"arn:aws:secretsmanager:us-east-1:897722705454:secret:laravel-api-dev-db-password-kTDk51\",\"arn:aws:secretsmanager:us-east-1:897722705454:secret:laravel-api-dev-app-key-hZjM54\"]}]}",
            "role": "laravel-api-dev-ecs-task-role"
          },
          "sensitive_attributes": [],
          "private": "bnVsbA==",
          "dependencies": [
            "module.ecs.aws_iam_role.ecs_task_role",
            "module.ecs.aws_secretsmanager_secret.app_key",
            "module.ecs.aws_secretsmanager_secret.db_password"
          ]
        }
      ]
    },
    {
      "module": "module.ecs",
      "mode": "managed",
      "type": "aws_iam_role_policy_attachment",
      "name": "ecs_execution_role_policy",
      "provider": "provider[\"registry.terraform.io/hashicorp/aws\"]",
      "instances": [
        {
          "schema_version": 0,
          "attributes": {
            "id": "laravel-api-dev-ecs-execution-role-20250906150715177900000003",
            "policy_arn": "arn:aws:iam::aws:policy/service-role/AmazonECSTaskExecutionRolePolicy",
            "role": "laravel-api-dev-ecs-execution-role"
          },
          "sensitive_attributes": [],
          "private": "bnVsbA==",
          "dependencies": [
            "module.ecs.aws_iam_role.ecs_execution_role"
          ]
        }
      ]
    },
    {
      "module": "module.ecs",
      "mode": "managed",
      "type": "aws_secretsmanager_secret",
      "name": "app_key",
      "provider": "provider[\"registry.terraform.io/hashicorp/aws\"]",
      "instances": [
        {
          "schema_version": 0,
          "attributes": {
            "arn": "arn:aws:secretsmanager:us-east-1:897722705454:secret:laravel-api-dev-app-key-hZjM54",
            "description": "",
            "force_overwrite_replica_secret": false,
            "id": "arn:aws:secretsmanager:us-east-1:897722705454:secret:laravel-api-dev-app-key-hZjM54",
            "kms_key_id": "",
            "name": "laravel-api-dev-app-key",
            "name_prefix": "",
            "policy": "",
            "recovery_window_in_days": 30,
            "replica": [],
            "tags": {
              "Environment": "dev",
              "Name": "laravel-api-dev-app-key",
              "Project": "laravel-api"
            },
            "tags_all": {
              "CreatedBy": "Cloud Team",
              "Environment": "dev",
              "ManagedBy": "Terraform",
              "Name": "laravel-api-dev-app-key",
              "Project": "laravel-api"
            }
          },
          "sensitive_attributes": [],
          "private": "bnVsbA=="
        }
      ]
    },
    {
      "module": "module.ecs",
      "mode": "managed",
      "type": "aws_secretsmanager_secret",
      "name": "db_password",
      "provider": "provider[\"registry.terraform.io/hashicorp/aws\"]",
      "instances": [
        {
          "schema_version": 0,
          "attributes": {
            "arn": "arn:aws:secretsmanager:us-east-1:897722705454:secret:laravel-api-dev-db-password-kTDk51",
            "description": "",
            "force_overwrite_replica_secret": false,
            "id": "arn:aws:secretsmanager:us-east-1:897722705454:secret:laravel-api-dev-db-password-kTDk51",
            "kms_key_id": "",
            "name": "laravel-api-dev-db-password",
            "name_prefix": "",
            "policy": "",
            "recovery_window_in_days": 30,
            "replica": [],
            "tags": {
              "Environment": "dev",
              "Name": "laravel-api-dev-db-password",
              "Project": "laravel-api"
            },
            "tags_all": {
              "CreatedBy": "Cloud Team",
              "Environment": "dev",
              "ManagedBy": "Terraform",
              "Name": "laravel-api-dev-db-password",
              "Project": "laravel-api"
            }
          },
          "sensitive_attributes": [],
          "private": "bnVsbA=="
        }
      ]
    },
    {
      "module": "module.ecs",
      "mode": "managed",
      "type": "aws_secretsmanager_secret_version",
      "name": "app_key",
      "provider": "provider[\"registry.terraform.io/hashicorp/aws\"]",
      "instances": [
        {
          "schema_version": 0,
          "attributes": {
            "arn": "arn:aws:secretsmanager:us-east-1:897722705454:secret:laravel-api-dev-app-key-hZjM54",
            "has_secret_string_wo": null,
            "id": "arn:aws:secretsmanager:us-east-1:897722705454:secret:laravel-api-dev-app-key-hZjM54|terraform-20250906151200622900000004",
            "secret_binary": "",
            "secret_id": "arn:aws:secretsmanager:us-east-1:897722705454:secret:laravel-api-dev-app-key-hZjM54",
            "secret_string": "base64:QnRCamJNMk9MYXVwb0tUaFBwMzRKZlYxOEcxUFRDVGI=",
            "secret_string_wo": null,
            "secret_string_wo_version": null,
            "version_id": "terraform-20250906151200622900000004",
            "version_stages": [
              "AWSCURRENT"
            ]
          },
          "sensitive_attributes": [
            [
              {
                "type": "get_attr",
                "value": "secret_string"
              }
            ],
            [
              {
                "type": "get_attr",
                "value": "secret_binary"
              }
            ],
            [
              {
                "type": "get_attr",
                "value": "secret_string_wo"
              }
            ]
          ],
          "private": "bnVsbA==",
          "dependencies": [
            "module.ecs.aws_secretsmanager_secret.app_key",
            "module.ecs.random_password.app_key"
          ]
        }
      ]
    },
    {
      "module": "module.ecs",
      "mode": "managed",
      "type": "aws_secretsmanager_secret_version",
      "name": "db_password",
      "provider": "provider[\"registry.terraform.io/hashicorp/aws\"]",
      "instances": [
        {
          "schema_version": 0,
          "attributes": {
            "arn": "arn:aws:secretsmanager:us-east-1:897722705454:secret:laravel-api-dev-db-password-kTDk51",
            "has_secret_string_wo": null,
            "id": "arn:aws:secretsmanager:us-east-1:897722705454:secret:laravel-api-dev-db-password-kTDk51|terraform-20250906181350879500000001",
            "secret_binary": "",
            "secret_id": "arn:aws:secretsmanager:us-east-1:897722705454:secret:laravel-api-dev-db-password-kTDk51",
            "secret_string": "pWRC9dCF1vecIIQC",
            "secret_string_wo": null,
            "secret_string_wo_version": null,
            "version_id": "terraform-20250906181350879500000001",
            "version_stages": [
              "AWSCURRENT"
            ]
          },
          "sensitive_attributes": [
            [
              {
                "type": "get_attr",
                "value": "secret_string_wo"
              }
            ],
            [
              {
                "type": "get_attr",
                "value": "secret_binary"
              }
            ],
            [
              {
                "type": "get_attr",
                "value": "secret_string"
              }
            ]
          ],
          "private": "bnVsbA==",
          "dependencies": [
            "module.ecs.aws_secretsmanager_secret.db_password",
            "module.ecs.random_password.db_password"
          ]
        }
      ]
    },
    {
      "module": "module.ecs",
      "mode": "managed",
      "type": "aws_security_group",
      "name": "ecs",
      "provider": "provider[\"registry.terraform.io/hashicorp/aws\"]",
      "instances": [
        {
          "schema_version": 1,
          "attributes": {
            "arn": "arn:aws:ec2:us-east-1:897722705454:security-group/sg-0de5c1b0249efea9c",
            "description": "Managed by Terraform",
            "egress": [
              {
                "cidr_blocks": [
                  "0.0.0.0/0"
                ],
                "description": "",
                "from_port": 0,
                "ipv6_cidr_blocks": [],
                "prefix_list_ids": [],
                "protocol": "-1",
                "security_groups": [],
                "self": false,
                "to_port": 0
              },
              {
                "cidr_blocks": [],
                "description": "",
                "from_port": 3306,
                "ipv6_cidr_blocks": [],
                "prefix_list_ids": [],
                "protocol": "tcp",
                "security_groups": [
                  "sg-0760d273a1d698661"
                ],
                "self": false,
                "to_port": 3306
              },
              {
                "cidr_blocks": [],
                "description": "",
                "from_port": 6379,
                "ipv6_cidr_blocks": [],
                "prefix_list_ids": [],
                "protocol": "tcp",
                "security_groups": [
                  "sg-04875908fb88327ab"
                ],
                "self": false,
                "to_port": 6379
              }
            ],
            "id": "sg-0de5c1b0249efea9c",
            "ingress": [
              {
                "cidr_blocks": [],
                "description": "",
                "from_port": 80,
                "ipv6_cidr_blocks": [],
                "prefix_list_ids": [],
                "protocol": "tcp",
                "security_groups": [
                  "sg-0beee0afd0037836b"
                ],
                "self": false,
                "to_port": 80
              }
            ],
            "name": "laravel-api-dev-ecs-20250906150737060800000010",
            "name_prefix": "laravel-api-dev-ecs-",
            "owner_id": "897722705454",
            "revoke_rules_on_delete": false,
            "tags": {
              "Environment": "dev",
              "Name": "laravel-api-dev-ecs-sg",
              "Project": "laravel-api",
              "Type": "ecs"
            },
            "tags_all": {
              "CreatedBy": "Cloud Team",
              "Environment": "dev",
              "ManagedBy": "Terraform",
              "Name": "laravel-api-dev-ecs-sg",
              "Project": "laravel-api",
              "Type": "ecs"
            },
            "timeouts": null,
            "vpc_id": "vpc-00213036e65ca748e"
          },
          "sensitive_attributes": [],
          "private": "eyJlMmJmYjczMC1lY2FhLTExZTYtOGY4OC0zNDM2M2JjN2M0YzAiOnsiY3JlYXRlIjo2MDAwMDAwMDAwMDAsImRlbGV0ZSI6OTAwMDAwMDAwMDAwfSwic2NoZW1hX3ZlcnNpb24iOiIxIn0=",
          "dependencies": [
            "module.alb.aws_security_group.alb",
            "module.vpc.aws_security_group.alb",
            "module.vpc.aws_security_group.ecs",
            "module.vpc.aws_security_group.rds",
            "module.vpc.aws_security_group.redis",
            "module.vpc.aws_vpc.main"
          ]
        }
      ]
    },
    {
      "module": "module.ecs",
      "mode": "managed",
      "type": "random_password",
      "name": "app_key",
      "provider": "provider[\"registry.terraform.io/hashicorp/random\"]",
      "instances": [
        {
          "schema_version": 3,
          "attributes": {
            "bcrypt_hash": "$2a$10$yUdEoEna/N8l40sw3Cka7.w/6wqTDr4FQv2QsSFORwiRtWKfSC6Si",
            "id": "none",
            "keepers": null,
            "length": 32,
            "lower": true,
            "min_lower": 0,
            "min_numeric": 0,
            "min_special": 0,
            "min_upper": 0,
            "number": true,
            "numeric": true,
            "override_special": null,
            "result": "BtBjbM2OLaupoKThPp34JfV18G1PTCTb",
            "special": false,
            "upper": true
          },
          "sensitive_attributes": [
            [
              {
                "type": "get_attr",
                "value": "bcrypt_hash"
              }
            ],
            [
              {
                "type": "get_attr",
                "value": "result"
              }
            ]
          ]
        }
      ]
    },
    {
      "module": "module.ecs",
      "mode": "managed",
      "type": "random_password",
      "name": "db_password",
      "provider": "provider[\"registry.terraform.io/hashicorp/random\"]",
      "instances": [
        {
          "schema_version": 3,
          "attributes": {
            "bcrypt_hash": "$2a$10$4sbJ6SYgHgswfoJO1dkw8ey7zcZSXl0Sr/X81.AjbFsuqDv4R32sC",
            "id": "none",
            "keepers": null,
            "length": 16,
            "lower": true,
            "min_lower": 0,
            "min_numeric": 0,
            "min_special": 0,
            "min_upper": 0,
            "number": true,
            "numeric": true,
            "override_special": null,
            "result": "pWRC9dCF1vecIIQC",
            "special": false,
            "upper": true
          },
          "sensitive_attributes": [
            [
              {
                "type": "get_attr",
                "value": "result"
              }
            ],
            [
              {
                "type": "get_attr",
                "value": "bcrypt_hash"
              }
            ]
          ]
        }
      ]
    },
    {
      "module": "module.rds",
      "mode": "managed",
      "type": "aws_cloudwatch_log_group",
      "name": "rds",
      "provider": "provider[\"registry.terraform.io/hashicorp/aws\"]",
      "instances": [
        {
          "schema_version": 0,
          "attributes": {
            "arn": "arn:aws:logs:us-east-1:897722705454:log-group:/aws/rds/instance/laravel-api-dev-db",
            "id": "/aws/rds/instance/laravel-api-dev-db",
            "kms_key_id": "",
            "log_group_class": "STANDARD",
            "name": "/aws/rds/instance/laravel-api-dev-db",
            "name_prefix": "",
            "retention_in_days": 7,
            "skip_destroy": false,
            "tags": {
              "Environment": "dev",
              "Name": "laravel-api-dev-rds-logs",
              "Project": "laravel-api"
            },
            "tags_all": {
              "CreatedBy": "Cloud Team",
              "Environment": "dev",
              "ManagedBy": "Terraform",
              "Name": "laravel-api-dev-rds-logs",
              "Project": "laravel-api"
            }
          },
          "sensitive_attributes": [],
          "private": "bnVsbA==",
          "dependencies": [
            "data.aws_availability_zones.available",
            "module.ecs.random_password.db_password",
            "module.rds.aws_db_instance.main",
            "module.rds.aws_db_parameter_group.main",
            "module.rds.aws_db_subnet_group.main",
            "module.rds.aws_iam_role.rds_enhanced_monitoring",
            "module.rds.random_password.db_password",
            "module.vpc.aws_security_group.alb",
            "module.vpc.aws_security_group.ecs",
            "module.vpc.aws_security_group.rds",
            "module.vpc.aws_subnet.private",
            "module.vpc.aws_vpc.main"
          ]
        }
      ]
    },
    {
      "module": "module.rds",
      "mode": "managed",
      "type": "aws_db_instance",
      "name": "main",
      "provider": "provider[\"registry.terraform.io/hashicorp/aws\"]",
      "instances": [
        {
          "schema_version": 2,
          "attributes": {
            "address": "laravel-api-dev-db.c8tmkqoo29dt.us-east-1.rds.amazonaws.com",
            "allocated_storage": 20,
            "allow_major_version_upgrade": null,
            "apply_immediately": false,
            "arn": "arn:aws:rds:us-east-1:897722705454:db:laravel-api-dev-db",
            "auto_minor_version_upgrade": true,
            "availability_zone": "us-east-1a",
            "backup_retention_period": 1,
            "backup_target": "region",
            "backup_window": "03:00-04:00",
            "blue_green_update": [],
            "ca_cert_identifier": "rds-ca-rsa2048-g1",
            "character_set_name": "",
            "copy_tags_to_snapshot": false,
            "custom_iam_instance_profile": "",
            "customer_owned_ip_enabled": false,
            "database_insights_mode": "standard",
            "db_name": "laravel",
            "db_subnet_group_name": "laravel-api-dev-db-subnet-group",
            "dedicated_log_volume": false,
            "delete_automated_backups": true,
            "deletion_protection": false,
            "domain": "",
            "domain_auth_secret_arn": "",
            "domain_dns_ips": [],
            "domain_fqdn": "",
            "domain_iam_role_name": "",
            "domain_ou": "",
            "enabled_cloudwatch_logs_exports": [],
            "endpoint": "laravel-api-dev-db.c8tmkqoo29dt.us-east-1.rds.amazonaws.com:3306",
            "engine": "mysql",
            "engine_lifecycle_support": "open-source-rds-extended-support",
            "engine_version": "8.0.40",
            "engine_version_actual": "8.0.40",
            "final_snapshot_identifier": null,
            "hosted_zone_id": "Z2R2ITUGPM61AM",
            "iam_database_authentication_enabled": false,
            "id": "db-EF34CBR225JK225WKWV5PTTZDE",
            "identifier": "laravel-api-dev-db",
            "identifier_prefix": "",
            "instance_class": "db.t3.micro",
            "iops": 0,
            "kms_key_id": "arn:aws:kms:us-east-1:897722705454:key/8f9fef7d-b9a4-4692-b733-983a17fefd3b",
            "latest_restorable_time": "2025-09-07T07:15:00Z",
            "license_model": "general-public-license",
            "listener_endpoint": [],
            "maintenance_window": "sun:04:00-sun:05:00",
            "manage_master_user_password": null,
            "master_user_secret": [],
            "master_user_secret_kms_key_id": null,
            "max_allocated_storage": 40,
            "monitoring_interval": 0,
            "monitoring_role_arn": "",
            "multi_az": false,
            "nchar_character_set_name": "",
            "network_type": "IPV4",
            "option_group_name": "default:mysql-8-0",
            "parameter_group_name": "laravel-api-dev-db-params",
            "password": "pWRC9dCF1vecIIQC",
            "password_wo": null,
            "password_wo_version": null,
            "performance_insights_enabled": false,
            "performance_insights_kms_key_id": "",
            "performance_insights_retention_period": 0,
            "port": 3306,
            "publicly_accessible": false,
            "replica_mode": "",
            "replicas": [],
            "replicate_source_db": "",
            "resource_id": "db-EF34CBR225JK225WKWV5PTTZDE",
            "restore_to_point_in_time": [],
            "s3_import": [],
            "skip_final_snapshot": true,
            "snapshot_identifier": null,
            "status": "available",
            "storage_encrypted": true,
            "storage_throughput": 0,
            "storage_type": "gp2",
            "tags": {
              "Environment": "dev",
              "Name": "laravel-api-dev-db",
              "Project": "laravel-api",
              "Type": "database"
            },
            "tags_all": {
              "CreatedBy": "Cloud Team",
              "Environment": "dev",
              "ManagedBy": "Terraform",
              "Name": "laravel-api-dev-db",
              "Project": "laravel-api",
              "Type": "database"
            },
            "timeouts": null,
            "timezone": "",
            "upgrade_storage_config": null,
            "username": "laravel",
            "vpc_security_group_ids": [
              "sg-0760d273a1d698661"
            ]
          },
          "sensitive_attributes": [
            [
              {
                "type": "get_attr",
                "value": "password_wo"
              }
            ],
            [
              {
                "type": "get_attr",
                "value": "password"
              }
            ]
          ],
          "private": "eyJlMmJmYjczMC1lY2FhLTExZTYtOGY4OC0zNDM2M2JjN2M0YzAiOnsiY3JlYXRlIjozMDAwMDAwMDAwMDAwLCJkZWxldGUiOjM2MDAwMDAwMDAwMDAsInVwZGF0ZSI6NDgwMDAwMDAwMDAwMH0sInNjaGVtYV92ZXJzaW9uIjoiMiJ9",
          "dependencies": [
            "data.aws_availability_zones.available",
            "module.ecs.random_password.db_password",
            "module.rds.aws_db_parameter_group.main",
            "module.rds.aws_db_subnet_group.main",
            "module.rds.aws_iam_role.rds_enhanced_monitoring",
            "module.rds.random_password.db_password",
            "module.vpc.aws_security_group.alb",
            "module.vpc.aws_security_group.ecs",
            "module.vpc.aws_security_group.rds",
            "module.vpc.aws_subnet.private",
            "module.vpc.aws_vpc.main"
          ]
        }
      ]
    },
    {
      "module": "module.rds",
      "mode": "managed",
      "type": "aws_db_parameter_group",
      "name": "main",
      "provider": "provider[\"registry.terraform.io/hashicorp/aws\"]",
      "instances": [
        {
          "schema_version": 0,
          "attributes": {
            "arn": "arn:aws:rds:us-east-1:897722705454:pg:laravel-api-dev-db-params",
            "description": "Managed by Terraform",
            "family": "mysql8.0",
            "id": "laravel-api-dev-db-params",
            "name": "laravel-api-dev-db-params",
            "name_prefix": "",
            "parameter": [
              {
                "apply_method": "immediate",
                "name": "character_set_server",
                "value": "utf8mb4"
              },
              {
                "apply_method": "immediate",
                "name": "collation_server",
                "value": "utf8mb4_unicode_ci"
              },
              {
                "apply_method": "immediate",
                "name": "innodb_buffer_pool_size",
                "value": "{DBInstanceClassMemory*3/4}"
              }
            ],
            "skip_destroy": false,
            "tags": {
              "Environment": "dev",
              "Name": "laravel-api-dev-db-params",
              "Project": "laravel-api"
            },
            "tags_all": {
              "CreatedBy": "Cloud Team",
              "Environment": "dev",
              "ManagedBy": "Terraform",
              "Name": "laravel-api-dev-db-params",
              "Project": "laravel-api"
            }
          },
          "sensitive_attributes": [],
          "private": "bnVsbA=="
        }
      ]
    },
    {
      "module": "module.rds",
      "mode": "managed",
      "type": "aws_db_subnet_group",
      "name": "main",
      "provider": "provider[\"registry.terraform.io/hashicorp/aws\"]",
      "instances": [
        {
          "schema_version": 0,
          "attributes": {
            "arn": "arn:aws:rds:us-east-1:897722705454:subgrp:laravel-api-dev-db-subnet-group",
            "description": "Managed by Terraform",
            "id": "laravel-api-dev-db-subnet-group",
            "name": "laravel-api-dev-db-subnet-group",
            "name_prefix": "",
            "subnet_ids": [
              "subnet-002399232efe44691",
              "subnet-00df362f4d9608507",
              "subnet-0a23cc545701f2b22",
              "subnet-0c15fc97549ec1c95",
              "subnet-0c1710d094b73434b",
              "subnet-0dc82185e46aa7600"
            ],
            "supported_network_types": [
              "IPV4"
            ],
            "tags": {
              "Environment": "dev",
              "Name": "laravel-api-dev-db-subnet-group",
              "Project": "laravel-api"
            },
            "tags_all": {
              "CreatedBy": "Cloud Team",
              "Environment": "dev",
              "ManagedBy": "Terraform",
              "Name": "laravel-api-dev-db-subnet-group",
              "Project": "laravel-api"
            },
            "vpc_id": "vpc-00213036e65ca748e"
          },
          "sensitive_attributes": [],
          "private": "bnVsbA==",
          "dependencies": [
            "data.aws_availability_zones.available",
            "module.vpc.aws_subnet.private",
            "module.vpc.aws_vpc.main"
          ]
        }
      ]
    },
    {
      "module": "module.rds",
      "mode": "managed",
      "type": "aws_iam_role",
      "name": "rds_enhanced_monitoring",
      "provider": "provider[\"registry.terraform.io/hashicorp/aws\"]",
      "instances": []
    },
    {
      "module": "module.rds",
      "mode": "managed",
      "type": "aws_iam_role_policy_attachment",
      "name": "rds_enhanced_monitoring",
      "provider": "provider[\"registry.terraform.io/hashicorp/aws\"]",
      "instances": []
    },
    {
      "module": "module.rds",
      "mode": "managed",
      "type": "random_password",
      "name": "db_password",
      "provider": "provider[\"registry.terraform.io/hashicorp/random\"]",
      "instances": [
        {
          "schema_version": 3,
          "attributes": {
            "bcrypt_hash": "$2a$10$sBV1sNF25252mYHdWFjGNuD/lBOTRl01.hlELhVhLJSomsgJUOVmC",
            "id": "none",
            "keepers": null,
            "length": 16,
            "lower": true,
            "min_lower": 0,
            "min_numeric": 0,
            "min_special": 0,
            "min_upper": 0,
            "number": true,
            "numeric": true,
            "override_special": null,
            "result": "qMUx:1!nF?h$(:IL",
            "special": true,
            "upper": true
          },
          "sensitive_attributes": [
            [
              {
                "type": "get_attr",
                "value": "bcrypt_hash"
              }
            ],
            [
              {
                "type": "get_attr",
                "value": "result"
              }
            ]
          ]
        }
      ]
    },
    {
      "module": "module.redis",
      "mode": "managed",
      "type": "aws_cloudwatch_log_group",
      "name": "redis",
      "provider": "provider[\"registry.terraform.io/hashicorp/aws\"]",
      "instances": [
        {
          "schema_version": 0,
          "attributes": {
            "arn": "arn:aws:logs:us-east-1:897722705454:log-group:/aws/elasticache/redis/laravel-api-dev",
            "id": "/aws/elasticache/redis/laravel-api-dev",
            "kms_key_id": "",
            "log_group_class": "STANDARD",
            "name": "/aws/elasticache/redis/laravel-api-dev",
            "name_prefix": "",
            "retention_in_days": 7,
            "skip_destroy": false,
            "tags": {
              "Environment": "dev",
              "Name": "laravel-api-dev-redis-logs",
              "Project": "laravel-api"
            },
            "tags_all": {
              "CreatedBy": "Cloud Team",
              "Environment": "dev",
              "ManagedBy": "Terraform",
              "Name": "laravel-api-dev-redis-logs",
              "Project": "laravel-api"
            }
          },
          "sensitive_attributes": [],
          "private": "bnVsbA=="
        }
      ]
    },
    {
      "module": "module.redis",
      "mode": "managed",
      "type": "aws_elasticache_parameter_group",
      "name": "main",
      "provider": "provider[\"registry.terraform.io/hashicorp/aws\"]",
      "instances": [
        {
          "schema_version": 0,
          "attributes": {
            "arn": "arn:aws:elasticache:us-east-1:897722705454:parametergroup:laravel-api-dev-redis-params",
            "description": "Managed by Terraform",
            "family": "redis7",
            "id": "laravel-api-dev-redis-params",
            "name": "laravel-api-dev-redis-params",
            "parameter": [
              {
                "name": "maxmemory-policy",
                "value": "allkeys-lru"
              },
              {
                "name": "timeout",
                "value": "300"
              }
            ],
            "tags": {
              "Environment": "dev",
              "Name": "laravel-api-dev-redis-params",
              "Project": "laravel-api"
            },
            "tags_all": {
              "CreatedBy": "Cloud Team",
              "Environment": "dev",
              "ManagedBy": "Terraform",
              "Name": "laravel-api-dev-redis-params",
              "Project": "laravel-api"
            }
          },
          "sensitive_attributes": [],
          "private": "bnVsbA=="
        }
      ]
    },
    {
      "module": "module.redis",
      "mode": "managed",
      "type": "aws_elasticache_replication_group",
      "name": "main",
      "provider": "provider[\"registry.terraform.io/hashicorp/aws\"]",
      "instances": [
        {
          "schema_version": 2,
          "attributes": {
            "apply_immediately": null,
            "arn": "arn:aws:elasticache:us-east-1:897722705454:replicationgroup:laravel-api-dev-redis",
            "at_rest_encryption_enabled": "true",
            "auth_token": "",
            "auth_token_update_strategy": "ROTATE",
            "auto_minor_version_upgrade": "true",
            "automatic_failover_enabled": false,
            "cluster_enabled": false,
            "cluster_mode": "disabled",
            "configuration_endpoint_address": null,
            "data_tiering_enabled": false,
            "description": "Redis cluster for laravel-api dev",
            "engine": "redis",
            "engine_version": "7.0",
            "engine_version_actual": "7.0.7",
            "final_snapshot_identifier": null,
            "global_replication_group_id": null,
            "id": "laravel-api-dev-redis",
            "ip_discovery": "ipv4",
            "kms_key_id": "",
            "log_delivery_configuration": [
              {
                "destination": "/aws/elasticache/redis/laravel-api-dev",
                "destination_type": "cloudwatch-logs",
                "log_format": "text",
                "log_type": "slow-log"
              }
            ],
            "maintenance_window": "sun:05:00-sun:07:00",
            "member_clusters": [
              "laravel-api-dev-redis-001"
            ],
            "multi_az_enabled": false,
            "network_type": "ipv4",
            "node_type": "cache.t3.micro",
            "notification_topic_arn": null,
            "num_cache_clusters": 1,
            "num_node_groups": 1,
            "parameter_group_name": "laravel-api-dev-redis-params",
            "port": 6379,
            "preferred_cache_cluster_azs": null,
            "primary_endpoint_address": "laravel-api-dev-redis.h4x5jb.ng.0001.use1.cache.amazonaws.com",
            "reader_endpoint_address": "laravel-api-dev-redis-ro.h4x5jb.ng.0001.use1.cache.amazonaws.com",
            "replicas_per_node_group": 0,
            "replication_group_id": "laravel-api-dev-redis",
            "security_group_ids": [
              "sg-04875908fb88327ab"
            ],
            "security_group_names": [],
            "snapshot_arns": null,
            "snapshot_name": null,
            "snapshot_retention_limit": 1,
            "snapshot_window": "03:00-05:00",
            "subnet_group_name": "laravel-api-dev-redis-subnet-group",
            "tags": {
              "Environment": "dev",
              "Name": "laravel-api-dev-redis",
              "Project": "laravel-api",
              "Type": "cache"
            },
            "tags_all": {
              "CreatedBy": "Cloud Team",
              "Environment": "dev",
              "ManagedBy": "Terraform",
              "Name": "laravel-api-dev-redis",
              "Project": "laravel-api",
              "Type": "cache"
            },
            "timeouts": null,
            "transit_encryption_enabled": false,
            "transit_encryption_mode": "",
            "user_group_ids": []
          },
          "sensitive_attributes": [
            [
              {
                "type": "get_attr",
                "value": "auth_token"
              }
            ]
          ],
          "private": "eyJlMmJmYjczMC1lY2FhLTExZTYtOGY4OC0zNDM2M2JjN2M0YzAiOnsiY3JlYXRlIjozNjAwMDAwMDAwMDAwLCJkZWxldGUiOjI3MDAwMDAwMDAwMDAsInVwZGF0ZSI6MjQwMDAwMDAwMDAwMH0sInNjaGVtYV92ZXJzaW9uIjoiMiJ9",
          "dependencies": [
            "data.aws_availability_zones.available",
            "module.redis.aws_cloudwatch_log_group.redis",
            "module.redis.aws_elasticache_parameter_group.main",
            "module.redis.aws_elasticache_subnet_group.main",
            "module.vpc.aws_security_group.alb",
            "module.vpc.aws_security_group.ecs",
            "module.vpc.aws_security_group.redis",
            "module.vpc.aws_subnet.private",
            "module.vpc.aws_vpc.main"
          ]
        }
      ]
    },
    {
      "module": "module.redis",
      "mode": "managed",
      "type": "aws_elasticache_subnet_group",
      "name": "main",
      "provider": "provider[\"registry.terraform.io/hashicorp/aws\"]",
      "instances": [
        {
          "schema_version": 0,
          "attributes": {
            "arn": "arn:aws:elasticache:us-east-1:897722705454:subnetgroup:laravel-api-dev-redis-subnet-group",
            "description": "Managed by Terraform",
            "id": "laravel-api-dev-redis-subnet-group",
            "name": "laravel-api-dev-redis-subnet-group",
            "subnet_ids": [
              "subnet-002399232efe44691",
              "subnet-00df362f4d9608507",
              "subnet-0a23cc545701f2b22",
              "subnet-0c15fc97549ec1c95",
              "subnet-0c1710d094b73434b",
              "subnet-0dc82185e46aa7600"
            ],
            "tags": {
              "Environment": "dev",
              "Name": "laravel-api-dev-redis-subnet-group",
              "Project": "laravel-api"
            },
            "tags_all": {
              "CreatedBy": "Cloud Team",
              "Environment": "dev",
              "ManagedBy": "Terraform",
              "Name": "laravel-api-dev-redis-subnet-group",
              "Project": "laravel-api"
            },
            "vpc_id": "vpc-00213036e65ca748e"
          },
          "sensitive_attributes": [],
          "private": "bnVsbA==",
          "dependencies": [
            "data.aws_availability_zones.available",
            "module.vpc.aws_subnet.private",
            "module.vpc.aws_vpc.main"
          ]
        }
      ]
    },
    {
      "module": "module.vpc",
      "mode": "data",
      "type": "aws_region",
      "name": "current",
      "provider": "provider[\"registry.terraform.io/hashicorp/aws\"]",
      "instances": [
        {
          "schema_version": 0,
          "attributes": {
            "description": "US East (N. Virginia)",
            "endpoint": "ec2.us-east-1.amazonaws.com",
            "id": "us-east-1",
            "name": "us-east-1"
          },
          "sensitive_attributes": []
        }
      ]
    },
    {
      "module": "module.vpc",
      "mode": "managed",
      "type": "aws_internet_gateway",
      "name": "main",
      "provider": "provider[\"registry.terraform.io/hashicorp/aws\"]",
      "instances": [
        {
          "schema_version": 0,
          "attributes": {
            "arn": "arn:aws:ec2:us-east-1:897722705454:internet-gateway/igw-0492ad235df57a362",
            "id": "igw-0492ad235df57a362",
            "owner_id": "897722705454",
            "tags": {
              "Environment": "dev",
              "Name": "laravel-api-dev-igw",
              "Project": "laravel-api"
            },
            "tags_all": {
              "CreatedBy": "Cloud Team",
              "Environment": "dev",
              "ManagedBy": "Terraform",
              "Name": "laravel-api-dev-igw",
              "Project": "laravel-api"
            },
            "timeouts": null,
            "vpc_id": "vpc-00213036e65ca748e"
          },
          "sensitive_attributes": [],
          "private": "eyJlMmJmYjczMC1lY2FhLTExZTYtOGY4OC0zNDM2M2JjN2M0YzAiOnsiY3JlYXRlIjoxMjAwMDAwMDAwMDAwLCJkZWxldGUiOjEyMDAwMDAwMDAwMDAsInVwZGF0ZSI6MTIwMDAwMDAwMDAwMH19",
          "dependencies": [
            "module.vpc.aws_vpc.main"
          ]
        }
      ]
    },
    {
      "module": "module.vpc",
      "mode": "managed",
      "type": "aws_route_table",
      "name": "private",
      "provider": "provider[\"registry.terraform.io/hashicorp/aws\"]",
      "instances": [
        {
          "index_key": 0,
          "schema_version": 0,
          "attributes": {
            "arn": "arn:aws:ec2:us-east-1:897722705454:route-table/rtb-004891299508577f7",
            "id": "rtb-004891299508577f7",
            "owner_id": "897722705454",
            "propagating_vgws": [],
            "route": [],
            "tags": {
              "Environment": "dev",
              "Name": "laravel-api-dev-private-rt-1",
              "Project": "laravel-api",
              "Type": "private"
            },
            "tags_all": {
              "CreatedBy": "Cloud Team",
              "Environment": "dev",
              "ManagedBy": "Terraform",
              "Name": "laravel-api-dev-private-rt-1",
              "Project": "laravel-api",
              "Type": "private"
            },
            "timeouts": null,
            "vpc_id": "vpc-00213036e65ca748e"
          },
          "sensitive_attributes": [],
          "private": "eyJlMmJmYjczMC1lY2FhLTExZTYtOGY4OC0zNDM2M2JjN2M0YzAiOnsiY3JlYXRlIjozMDAwMDAwMDAwMDAsImRlbGV0ZSI6MzAwMDAwMDAwMDAwLCJ1cGRhdGUiOjEyMDAwMDAwMDAwMH19",
          "dependencies": [
            "data.aws_availability_zones.available",
            "module.vpc.aws_vpc.main"
          ]
        },
        {
          "index_key": 1,
          "schema_version": 0,
          "attributes": {
            "arn": "arn:aws:ec2:us-east-1:897722705454:route-table/rtb-091644b0f140606ff",
            "id": "rtb-091644b0f140606ff",
            "owner_id": "897722705454",
            "propagating_vgws": [],
            "route": [],
            "tags": {
              "Environment": "dev",
              "Name": "laravel-api-dev-private-rt-2",
              "Project": "laravel-api",
              "Type": "private"
            },
            "tags_all": {
              "CreatedBy": "Cloud Team",
              "Environment": "dev",
              "ManagedBy": "Terraform",
              "Name": "laravel-api-dev-private-rt-2",
              "Project": "laravel-api",
              "Type": "private"
            },
            "timeouts": null,
            "vpc_id": "vpc-00213036e65ca748e"
          },
          "sensitive_attributes": [],
          "private": "eyJlMmJmYjczMC1lY2FhLTExZTYtOGY4OC0zNDM2M2JjN2M0YzAiOnsiY3JlYXRlIjozMDAwMDAwMDAwMDAsImRlbGV0ZSI6MzAwMDAwMDAwMDAwLCJ1cGRhdGUiOjEyMDAwMDAwMDAwMH19",
          "dependencies": [
            "data.aws_availability_zones.available",
            "module.vpc.aws_vpc.main"
          ]
        },
        {
          "index_key": 2,
          "schema_version": 0,
          "attributes": {
            "arn": "arn:aws:ec2:us-east-1:897722705454:route-table/rtb-0322b11df6b6baee8",
            "id": "rtb-0322b11df6b6baee8",
            "owner_id": "897722705454",
            "propagating_vgws": [],
            "route": [],
            "tags": {
              "Environment": "dev",
              "Name": "laravel-api-dev-private-rt-3",
              "Project": "laravel-api",
              "Type": "private"
            },
            "tags_all": {
              "CreatedBy": "Cloud Team",
              "Environment": "dev",
              "ManagedBy": "Terraform",
              "Name": "laravel-api-dev-private-rt-3",
              "Project": "laravel-api",
              "Type": "private"
            },
            "timeouts": null,
            "vpc_id": "vpc-00213036e65ca748e"
          },
          "sensitive_attributes": [],
          "private": "eyJlMmJmYjczMC1lY2FhLTExZTYtOGY4OC0zNDM2M2JjN2M0YzAiOnsiY3JlYXRlIjozMDAwMDAwMDAwMDAsImRlbGV0ZSI6MzAwMDAwMDAwMDAwLCJ1cGRhdGUiOjEyMDAwMDAwMDAwMH19",
          "dependencies": [
            "data.aws_availability_zones.available",
            "module.vpc.aws_vpc.main"
          ]
        },
        {
          "index_key": 3,
          "schema_version": 0,
          "attributes": {
            "arn": "arn:aws:ec2:us-east-1:897722705454:route-table/rtb-0253c2b5a15c19e9f",
            "id": "rtb-0253c2b5a15c19e9f",
            "owner_id": "897722705454",
            "propagating_vgws": [],
            "route": [],
            "tags": {
              "Environment": "dev",
              "Name": "laravel-api-dev-private-rt-4",
              "Project": "laravel-api",
              "Type": "private"
            },
            "tags_all": {
              "CreatedBy": "Cloud Team",
              "Environment": "dev",
              "ManagedBy": "Terraform",
              "Name": "laravel-api-dev-private-rt-4",
              "Project": "laravel-api",
              "Type": "private"
            },
            "timeouts": null,
            "vpc_id": "vpc-00213036e65ca748e"
          },
          "sensitive_attributes": [],
          "private": "eyJlMmJmYjczMC1lY2FhLTExZTYtOGY4OC0zNDM2M2JjN2M0YzAiOnsiY3JlYXRlIjozMDAwMDAwMDAwMDAsImRlbGV0ZSI6MzAwMDAwMDAwMDAwLCJ1cGRhdGUiOjEyMDAwMDAwMDAwMH19",
          "dependencies": [
            "data.aws_availability_zones.available",
            "module.vpc.aws_vpc.main"
          ]
        },
        {
          "index_key": 4,
          "schema_version": 0,
          "attributes": {
            "arn": "arn:aws:ec2:us-east-1:897722705454:route-table/rtb-0871e63579c0eea2a",
            "id": "rtb-0871e63579c0eea2a",
            "owner_id": "897722705454",
            "propagating_vgws": [],
            "route": [],
            "tags": {
              "Environment": "dev",
              "Name": "laravel-api-dev-private-rt-5",
              "Project": "laravel-api",
              "Type": "private"
            },
            "tags_all": {
              "CreatedBy": "Cloud Team",
              "Environment": "dev",
              "ManagedBy": "Terraform",
              "Name": "laravel-api-dev-private-rt-5",
              "Project": "laravel-api",
              "Type": "private"
            },
            "timeouts": null,
            "vpc_id": "vpc-00213036e65ca748e"
          },
          "sensitive_attributes": [],
          "private": "eyJlMmJmYjczMC1lY2FhLTExZTYtOGY4OC0zNDM2M2JjN2M0YzAiOnsiY3JlYXRlIjozMDAwMDAwMDAwMDAsImRlbGV0ZSI6MzAwMDAwMDAwMDAwLCJ1cGRhdGUiOjEyMDAwMDAwMDAwMH19",
          "dependencies": [
            "data.aws_availability_zones.available",
            "module.vpc.aws_vpc.main"
          ]
        },
        {
          "index_key": 5,
          "schema_version": 0,
          "attributes": {
            "arn": "arn:aws:ec2:us-east-1:897722705454:route-table/rtb-0ad3c232365d1e273",
            "id": "rtb-0ad3c232365d1e273",
            "owner_id": "897722705454",
            "propagating_vgws": [],
            "route": [],
            "tags": {
              "Environment": "dev",
              "Name": "laravel-api-dev-private-rt-6",
              "Project": "laravel-api",
              "Type": "private"
            },
            "tags_all": {
              "CreatedBy": "Cloud Team",
              "Environment": "dev",
              "ManagedBy": "Terraform",
              "Name": "laravel-api-dev-private-rt-6",
              "Project": "laravel-api",
              "Type": "private"
            },
            "timeouts": null,
            "vpc_id": "vpc-00213036e65ca748e"
          },
          "sensitive_attributes": [],
          "private": "eyJlMmJmYjczMC1lY2FhLTExZTYtOGY4OC0zNDM2M2JjN2M0YzAiOnsiY3JlYXRlIjozMDAwMDAwMDAwMDAsImRlbGV0ZSI6MzAwMDAwMDAwMDAwLCJ1cGRhdGUiOjEyMDAwMDAwMDAwMH19",
          "dependencies": [
            "data.aws_availability_zones.available",
            "module.vpc.aws_vpc.main"
          ]
        }
      ]
    },
    {
      "module": "module.vpc",
      "mode": "managed",
      "type": "aws_route_table",
      "name": "public",
      "provider": "provider[\"registry.terraform.io/hashicorp/aws\"]",
      "instances": [
        {
          "schema_version": 0,
          "attributes": {
            "arn": "arn:aws:ec2:us-east-1:897722705454:route-table/rtb-04df44661d36d3003",
            "id": "rtb-04df44661d36d3003",
            "owner_id": "897722705454",
            "propagating_vgws": [],
            "route": [
              {
                "carrier_gateway_id": "",
                "cidr_block": "0.0.0.0/0",
                "core_network_arn": "",
                "destination_prefix_list_id": "",
                "egress_only_gateway_id": "",
                "gateway_id": "igw-0492ad235df57a362",
                "ipv6_cidr_block": "",
                "local_gateway_id": "",
                "nat_gateway_id": "",
                "network_interface_id": "",
                "transit_gateway_id": "",
                "vpc_endpoint_id": "",
                "vpc_peering_connection_id": ""
              }
            ],
            "tags": {
              "Environment": "dev",
              "Name": "laravel-api-dev-public-rt",
              "Project": "laravel-api",
              "Type": "public"
            },
            "tags_all": {
              "CreatedBy": "Cloud Team",
              "Environment": "dev",
              "ManagedBy": "Terraform",
              "Name": "laravel-api-dev-public-rt",
              "Project": "laravel-api",
              "Type": "public"
            },
            "timeouts": null,
            "vpc_id": "vpc-00213036e65ca748e"
          },
          "sensitive_attributes": [],
          "private": "eyJlMmJmYjczMC1lY2FhLTExZTYtOGY4OC0zNDM2M2JjN2M0YzAiOnsiY3JlYXRlIjozMDAwMDAwMDAwMDAsImRlbGV0ZSI6MzAwMDAwMDAwMDAwLCJ1cGRhdGUiOjEyMDAwMDAwMDAwMH19",
          "dependencies": [
            "module.vpc.aws_internet_gateway.main",
            "module.vpc.aws_vpc.main"
          ]
        }
      ]
    },
    {
      "module": "module.vpc",
      "mode": "managed",
      "type": "aws_route_table_association",
      "name": "private",
      "provider": "provider[\"registry.terraform.io/hashicorp/aws\"]",
      "instances": [
        {
          "index_key": 0,
          "schema_version": 0,
          "attributes": {
            "gateway_id": "",
            "id": "rtbassoc-0db47bd8e77baa3fe",
            "route_table_id": "rtb-004891299508577f7",
            "subnet_id": "subnet-0c15fc97549ec1c95",
            "timeouts": null
          },
          "sensitive_attributes": [],
          "private": "eyJlMmJmYjczMC1lY2FhLTExZTYtOGY4OC0zNDM2M2JjN2M0YzAiOnsiY3JlYXRlIjozMDAwMDAwMDAwMDAsImRlbGV0ZSI6MzAwMDAwMDAwMDAwLCJ1cGRhdGUiOjEyMDAwMDAwMDAwMH19",
          "dependencies": [
            "data.aws_availability_zones.available",
            "module.vpc.aws_route_table.private",
            "module.vpc.aws_subnet.private",
            "module.vpc.aws_vpc.main"
          ]
        },
        {
          "index_key": 1,
          "schema_version": 0,
          "attributes": {
            "gateway_id": "",
            "id": "rtbassoc-037a09a681f966770",
            "route_table_id": "rtb-091644b0f140606ff",
            "subnet_id": "subnet-00df362f4d9608507",
            "timeouts": null
          },
          "sensitive_attributes": [],
          "private": "eyJlMmJmYjczMC1lY2FhLTExZTYtOGY4OC0zNDM2M2JjN2M0YzAiOnsiY3JlYXRlIjozMDAwMDAwMDAwMDAsImRlbGV0ZSI6MzAwMDAwMDAwMDAwLCJ1cGRhdGUiOjEyMDAwMDAwMDAwMH19",
          "dependencies": [
            "data.aws_availability_zones.available",
            "module.vpc.aws_route_table.private",
            "module.vpc.aws_subnet.private",
            "module.vpc.aws_vpc.main"
          ]
        },
        {
          "index_key": 2,
          "schema_version": 0,
          "attributes": {
            "gateway_id": "",
            "id": "rtbassoc-0863e6fdccdd08aa3",
            "route_table_id": "rtb-0322b11df6b6baee8",
            "subnet_id": "subnet-0c1710d094b73434b",
            "timeouts": null
          },
          "sensitive_attributes": [],
          "private": "eyJlMmJmYjczMC1lY2FhLTExZTYtOGY4OC0zNDM2M2JjN2M0YzAiOnsiY3JlYXRlIjozMDAwMDAwMDAwMDAsImRlbGV0ZSI6MzAwMDAwMDAwMDAwLCJ1cGRhdGUiOjEyMDAwMDAwMDAwMH19",
          "dependencies": [
            "data.aws_availability_zones.available",
            "module.vpc.aws_route_table.private",
            "module.vpc.aws_subnet.private",
            "module.vpc.aws_vpc.main"
          ]
        },
        {
          "index_key": 3,
          "schema_version": 0,
          "attributes": {
            "gateway_id": "",
            "id": "rtbassoc-00dc7470e04e97dec",
            "route_table_id": "rtb-0253c2b5a15c19e9f",
            "subnet_id": "subnet-0dc82185e46aa7600",
            "timeouts": null
          },
          "sensitive_attributes": [],
          "private": "eyJlMmJmYjczMC1lY2FhLTExZTYtOGY4OC0zNDM2M2JjN2M0YzAiOnsiY3JlYXRlIjozMDAwMDAwMDAwMDAsImRlbGV0ZSI6MzAwMDAwMDAwMDAwLCJ1cGRhdGUiOjEyMDAwMDAwMDAwMH19",
          "dependencies": [
            "data.aws_availability_zones.available",
            "module.vpc.aws_route_table.private",
            "module.vpc.aws_subnet.private",
            "module.vpc.aws_vpc.main"
          ]
        },
        {
          "index_key": 4,
          "schema_version": 0,
          "attributes": {
            "gateway_id": "",
            "id": "rtbassoc-0fa66a7a6a59f8e06",
            "route_table_id": "rtb-0871e63579c0eea2a",
            "subnet_id": "subnet-002399232efe44691",
            "timeouts": null
          },
          "sensitive_attributes": [],
          "private": "eyJlMmJmYjczMC1lY2FhLTExZTYtOGY4OC0zNDM2M2JjN2M0YzAiOnsiY3JlYXRlIjozMDAwMDAwMDAwMDAsImRlbGV0ZSI6MzAwMDAwMDAwMDAwLCJ1cGRhdGUiOjEyMDAwMDAwMDAwMH19",
          "dependencies": [
            "data.aws_availability_zones.available",
            "module.vpc.aws_route_table.private",
            "module.vpc.aws_subnet.private",
            "module.vpc.aws_vpc.main"
          ]
        },
        {
          "index_key": 5,
          "schema_version": 0,
          "attributes": {
            "gateway_id": "",
            "id": "rtbassoc-0985ee05ec524aa75",
            "route_table_id": "rtb-0ad3c232365d1e273",
            "subnet_id": "subnet-0a23cc545701f2b22",
            "timeouts": null
          },
          "sensitive_attributes": [],
          "private": "eyJlMmJmYjczMC1lY2FhLTExZTYtOGY4OC0zNDM2M2JjN2M0YzAiOnsiY3JlYXRlIjozMDAwMDAwMDAwMDAsImRlbGV0ZSI6MzAwMDAwMDAwMDAwLCJ1cGRhdGUiOjEyMDAwMDAwMDAwMH19",
          "dependencies": [
            "data.aws_availability_zones.available",
            "module.vpc.aws_route_table.private",
            "module.vpc.aws_subnet.private",
            "module.vpc.aws_vpc.main"
          ]
        }
      ]
    },
    {
      "module": "module.vpc",
      "mode": "managed",
      "type": "aws_route_table_association",
      "name": "public",
      "provider": "provider[\"registry.terraform.io/hashicorp/aws\"]",
      "instances": [
        {
          "index_key": 0,
          "schema_version": 0,
          "attributes": {
            "gateway_id": "",
            "id": "rtbassoc-09ad14ea81e41aed4",
            "route_table_id": "rtb-04df44661d36d3003",
            "subnet_id": "subnet-044473ac3be141f13",
            "timeouts": null
          },
          "sensitive_attributes": [],
          "private": "eyJlMmJmYjczMC1lY2FhLTExZTYtOGY4OC0zNDM2M2JjN2M0YzAiOnsiY3JlYXRlIjozMDAwMDAwMDAwMDAsImRlbGV0ZSI6MzAwMDAwMDAwMDAwLCJ1cGRhdGUiOjEyMDAwMDAwMDAwMH19",
          "dependencies": [
            "data.aws_availability_zones.available",
            "module.vpc.aws_internet_gateway.main",
            "module.vpc.aws_route_table.public",
            "module.vpc.aws_subnet.public",
            "module.vpc.aws_vpc.main"
          ]
        },
        {
          "index_key": 1,
          "schema_version": 0,
          "attributes": {
            "gateway_id": "",
            "id": "rtbassoc-054abac4f5bde0e81",
            "route_table_id": "rtb-04df44661d36d3003",
            "subnet_id": "subnet-0406dae7ad344c727",
            "timeouts": null
          },
          "sensitive_attributes": [],
          "private": "eyJlMmJmYjczMC1lY2FhLTExZTYtOGY4OC0zNDM2M2JjN2M0YzAiOnsiY3JlYXRlIjozMDAwMDAwMDAwMDAsImRlbGV0ZSI6MzAwMDAwMDAwMDAwLCJ1cGRhdGUiOjEyMDAwMDAwMDAwMH19",
          "dependencies": [
            "data.aws_availability_zones.available",
            "module.vpc.aws_internet_gateway.main",
            "module.vpc.aws_route_table.public",
            "module.vpc.aws_subnet.public",
            "module.vpc.aws_vpc.main"
          ]
        },
        {
          "index_key": 2,
          "schema_version": 0,
          "attributes": {
            "gateway_id": "",
            "id": "rtbassoc-0d3aacdf83e33b769",
            "route_table_id": "rtb-04df44661d36d3003",
            "subnet_id": "subnet-022f6afde106d7e52",
            "timeouts": null
          },
          "sensitive_attributes": [],
          "private": "eyJlMmJmYjczMC1lY2FhLTExZTYtOGY4OC0zNDM2M2JjN2M0YzAiOnsiY3JlYXRlIjozMDAwMDAwMDAwMDAsImRlbGV0ZSI6MzAwMDAwMDAwMDAwLCJ1cGRhdGUiOjEyMDAwMDAwMDAwMH19",
          "dependencies": [
            "data.aws_availability_zones.available",
            "module.vpc.aws_internet_gateway.main",
            "module.vpc.aws_route_table.public",
            "module.vpc.aws_subnet.public",
            "module.vpc.aws_vpc.main"
          ]
        },
        {
          "index_key": 3,
          "schema_version": 0,
          "attributes": {
            "gateway_id": "",
            "id": "rtbassoc-08c340b0f36433172",
            "route_table_id": "rtb-04df44661d36d3003",
            "subnet_id": "subnet-0f2306fb290b714f4",
            "timeouts": null
          },
          "sensitive_attributes": [],
          "private": "eyJlMmJmYjczMC1lY2FhLTExZTYtOGY4OC0zNDM2M2JjN2M0YzAiOnsiY3JlYXRlIjozMDAwMDAwMDAwMDAsImRlbGV0ZSI6MzAwMDAwMDAwMDAwLCJ1cGRhdGUiOjEyMDAwMDAwMDAwMH19",
          "dependencies": [
            "data.aws_availability_zones.available",
            "module.vpc.aws_internet_gateway.main",
            "module.vpc.aws_route_table.public",
            "module.vpc.aws_subnet.public",
            "module.vpc.aws_vpc.main"
          ]
        },
        {
          "index_key": 4,
          "schema_version": 0,
          "attributes": {
            "gateway_id": "",
            "id": "rtbassoc-057731d2e7f44d61c",
            "route_table_id": "rtb-04df44661d36d3003",
            "subnet_id": "subnet-0492a11f08ae72977",
            "timeouts": null
          },
          "sensitive_attributes": [],
          "private": "eyJlMmJmYjczMC1lY2FhLTExZTYtOGY4OC0zNDM2M2JjN2M0YzAiOnsiY3JlYXRlIjozMDAwMDAwMDAwMDAsImRlbGV0ZSI6MzAwMDAwMDAwMDAwLCJ1cGRhdGUiOjEyMDAwMDAwMDAwMH19",
          "dependencies": [
            "data.aws_availability_zones.available",
            "module.vpc.aws_internet_gateway.main",
            "module.vpc.aws_route_table.public",
            "module.vpc.aws_subnet.public",
            "module.vpc.aws_vpc.main"
          ]
        },
        {
          "index_key": 5,
          "schema_version": 0,
          "attributes": {
            "gateway_id": "",
            "id": "rtbassoc-098292cf69c661378",
            "route_table_id": "rtb-04df44661d36d3003",
            "subnet_id": "subnet-0019e91bddefc6135",
            "timeouts": null
          },
          "sensitive_attributes": [],
          "private": "eyJlMmJmYjczMC1lY2FhLTExZTYtOGY4OC0zNDM2M2JjN2M0YzAiOnsiY3JlYXRlIjozMDAwMDAwMDAwMDAsImRlbGV0ZSI6MzAwMDAwMDAwMDAwLCJ1cGRhdGUiOjEyMDAwMDAwMDAwMH19",
          "dependencies": [
            "data.aws_availability_zones.available",
            "module.vpc.aws_internet_gateway.main",
            "module.vpc.aws_route_table.public",
            "module.vpc.aws_subnet.public",
            "module.vpc.aws_vpc.main"
          ]
        }
      ]
    },
    {
      "module": "module.vpc",
      "mode": "managed",
      "type": "aws_security_group",
      "name": "alb",
      "provider": "provider[\"registry.terraform.io/hashicorp/aws\"]",
      "instances": [
        {
          "schema_version": 1,
          "attributes": {
            "arn": "arn:aws:ec2:us-east-1:897722705454:security-group/sg-0558f046e8d07f208",
            "description": "Managed by Terraform",
            "egress": [
              {
                "cidr_blocks": [
                  "0.0.0.0/0"
                ],
                "description": "",
                "from_port": 0,
                "ipv6_cidr_blocks": [],
                "prefix_list_ids": [],
                "protocol": "-1",
                "security_groups": [],
                "self": false,
                "to_port": 0
              }
            ],
            "id": "sg-0558f046e8d07f208",
            "ingress": [
              {
                "cidr_blocks": [
                  "0.0.0.0/0"
                ],
                "description": "",
                "from_port": 443,
                "ipv6_cidr_blocks": [],
                "prefix_list_ids": [],
                "protocol": "tcp",
                "security_groups": [],
                "self": false,
                "to_port": 443
              },
              {
                "cidr_blocks": [
                  "0.0.0.0/0"
                ],
                "description": "",
                "from_port": 80,
                "ipv6_cidr_blocks": [],
                "prefix_list_ids": [],
                "protocol": "tcp",
                "security_groups": [],
                "self": false,
                "to_port": 80
              }
            ],
            "name": "laravel-api-dev-alb-2025090615072746970000000a",
            "name_prefix": "laravel-api-dev-alb-",
            "owner_id": "897722705454",
            "revoke_rules_on_delete": false,
            "tags": {
              "Environment": "dev",
              "Name": "laravel-api-dev-alb-sg",
              "Project": "laravel-api",
              "Type": "alb"
            },
            "tags_all": {
              "CreatedBy": "Cloud Team",
              "Environment": "dev",
              "ManagedBy": "Terraform",
              "Name": "laravel-api-dev-alb-sg",
              "Project": "laravel-api",
              "Type": "alb"
            },
            "timeouts": null,
            "vpc_id": "vpc-00213036e65ca748e"
          },
          "sensitive_attributes": [],
          "private": "eyJlMmJmYjczMC1lY2FhLTExZTYtOGY4OC0zNDM2M2JjN2M0YzAiOnsiY3JlYXRlIjo2MDAwMDAwMDAwMDAsImRlbGV0ZSI6OTAwMDAwMDAwMDAwfSwic2NoZW1hX3ZlcnNpb24iOiIxIn0=",
          "dependencies": [
            "module.vpc.aws_vpc.main"
          ]
        }
      ]
    },
    {
      "module": "module.vpc",
      "mode": "managed",
      "type": "aws_security_group",
      "name": "ecs",
      "provider": "provider[\"registry.terraform.io/hashicorp/aws\"]",
      "instances": [
        {
          "schema_version": 1,
          "attributes": {
            "arn": "arn:aws:ec2:us-east-1:897722705454:security-group/sg-08c74901b1cdaafae",
            "description": "Managed by Terraform",
            "egress": [
              {
                "cidr_blocks": [
                  "0.0.0.0/0"
                ],
                "description": "",
                "from_port": 0,
                "ipv6_cidr_blocks": [],
                "prefix_list_ids": [],
                "protocol": "-1",
                "security_groups": [],
                "self": false,
                "to_port": 0
              }
            ],
            "id": "sg-08c74901b1cdaafae",
            "ingress": [
              {
                "cidr_blocks": [],
                "description": "",
                "from_port": 80,
                "ipv6_cidr_blocks": [],
                "prefix_list_ids": [],
                "protocol": "tcp",
                "security_groups": [
                  "sg-0558f046e8d07f208"
                ],
                "self": false,
                "to_port": 80
              }
            ],
            "name": "laravel-api-dev-ecs-2025090615073239940000000d",
            "name_prefix": "laravel-api-dev-ecs-",
            "owner_id": "897722705454",
            "revoke_rules_on_delete": false,
            "tags": {
              "Environment": "dev",
              "Name": "laravel-api-dev-ecs-sg",
              "Project": "laravel-api",
              "Type": "ecs"
            },
            "tags_all": {
              "CreatedBy": "Cloud Team",
              "Environment": "dev",
              "ManagedBy": "Terraform",
              "Name": "laravel-api-dev-ecs-sg",
              "Project": "laravel-api",
              "Type": "ecs"
            },
            "timeouts": null,
            "vpc_id": "vpc-00213036e65ca748e"
          },
          "sensitive_attributes": [],
          "private": "eyJlMmJmYjczMC1lY2FhLTExZTYtOGY4OC0zNDM2M2JjN2M0YzAiOnsiY3JlYXRlIjo2MDAwMDAwMDAwMDAsImRlbGV0ZSI6OTAwMDAwMDAwMDAwfSwic2NoZW1hX3ZlcnNpb24iOiIxIn0=",
          "dependencies": [
            "module.vpc.aws_security_group.alb",
            "module.vpc.aws_vpc.main"
          ]
        }
      ]
    },
    {
      "module": "module.vpc",
      "mode": "managed",
      "type": "aws_security_group",
      "name": "rds",
      "provider": "provider[\"registry.terraform.io/hashicorp/aws\"]",
      "instances": [
        {
          "schema_version": 1,
          "attributes": {
            "arn": "arn:aws:ec2:us-east-1:897722705454:security-group/sg-0760d273a1d698661",
            "description": "Managed by Terraform",
            "egress": [
              {
                "cidr_blocks": [
                  "0.0.0.0/0"
                ],
                "description": "",
                "from_port": 0,
                "ipv6_cidr_blocks": [],
                "prefix_list_ids": [],
                "protocol": "-1",
                "security_groups": [],
                "self": false,
                "to_port": 0
              }
            ],
            "id": "sg-0760d273a1d698661",
            "ingress": [
              {
                "cidr_blocks": [],
                "description": "",
                "from_port": 3306,
                "ipv6_cidr_blocks": [],
                "prefix_list_ids": [],
                "protocol": "tcp",
                "security_groups": [
                  "sg-08c74901b1cdaafae"
                ],
                "self": false,
                "to_port": 3306
              }
            ],
            "name": "laravel-api-dev-rds-2025090615073680740000000f",
            "name_prefix": "laravel-api-dev-rds-",
            "owner_id": "897722705454",
            "revoke_rules_on_delete": false,
            "tags": {
              "Environment": "dev",
              "Name": "laravel-api-dev-rds-sg",
              "Project": "laravel-api",
              "Type": "rds"
            },
            "tags_all": {
              "CreatedBy": "Cloud Team",
              "Environment": "dev",
              "ManagedBy": "Terraform",
              "Name": "laravel-api-dev-rds-sg",
              "Project": "laravel-api",
              "Type": "rds"
            },
            "timeouts": null,
            "vpc_id": "vpc-00213036e65ca748e"
          },
          "sensitive_attributes": [],
          "private": "eyJlMmJmYjczMC1lY2FhLTExZTYtOGY4OC0zNDM2M2JjN2M0YzAiOnsiY3JlYXRlIjo2MDAwMDAwMDAwMDAsImRlbGV0ZSI6OTAwMDAwMDAwMDAwfSwic2NoZW1hX3ZlcnNpb24iOiIxIn0=",
          "dependencies": [
            "module.vpc.aws_security_group.alb",
            "module.vpc.aws_security_group.ecs",
            "module.vpc.aws_vpc.main"
          ]
        }
      ]
    },
    {
      "module": "module.vpc",
      "mode": "managed",
      "type": "aws_security_group",
      "name": "redis",
      "provider": "provider[\"registry.terraform.io/hashicorp/aws\"]",
      "instances": [
        {
          "schema_version": 1,
          "attributes": {
            "arn": "arn:aws:ec2:us-east-1:897722705454:security-group/sg-04875908fb88327ab",
            "description": "Managed by Terraform",
            "egress": [
              {
                "cidr_blocks": [
                  "0.0.0.0/0"
                ],
                "description": "",
                "from_port": 0,
                "ipv6_cidr_blocks": [],
                "prefix_list_ids": [],
                "protocol": "-1",
                "security_groups": [],
                "self": false,
                "to_port": 0
              }
            ],
            "id": "sg-04875908fb88327ab",
            "ingress": [
              {
                "cidr_blocks": [],
                "description": "",
                "from_port": 6379,
                "ipv6_cidr_blocks": [],
                "prefix_list_ids": [],
                "protocol": "tcp",
                "security_groups": [
                  "sg-08c74901b1cdaafae"
                ],
                "self": false,
                "to_port": 6379
              }
            ],
            "name": "laravel-api-dev-redis-2025090615073680490000000e",
            "name_prefix": "laravel-api-dev-redis-",
            "owner_id": "897722705454",
            "revoke_rules_on_delete": false,
            "tags": {
              "Environment": "dev",
              "Name": "laravel-api-dev-redis-sg",
              "Project": "laravel-api",
              "Type": "redis"
            },
            "tags_all": {
              "CreatedBy": "Cloud Team",
              "Environment": "dev",
              "ManagedBy": "Terraform",
              "Name": "laravel-api-dev-redis-sg",
              "Project": "laravel-api",
              "Type": "redis"
            },
            "timeouts": null,
            "vpc_id": "vpc-00213036e65ca748e"
          },
          "sensitive_attributes": [],
          "private": "eyJlMmJmYjczMC1lY2FhLTExZTYtOGY4OC0zNDM2M2JjN2M0YzAiOnsiY3JlYXRlIjo2MDAwMDAwMDAwMDAsImRlbGV0ZSI6OTAwMDAwMDAwMDAwfSwic2NoZW1hX3ZlcnNpb24iOiIxIn0=",
          "dependencies": [
            "module.vpc.aws_security_group.alb",
            "module.vpc.aws_security_group.ecs",
            "module.vpc.aws_vpc.main"
          ]
        }
      ]
    },
    {
      "module": "module.vpc",
      "mode": "managed",
      "type": "aws_security_group",
      "name": "vpc_endpoint",
      "provider": "provider[\"registry.terraform.io/hashicorp/aws\"]",
      "instances": [
        {
          "schema_version": 1,
          "attributes": {
            "arn": "arn:aws:ec2:us-east-1:897722705454:security-group/sg-01885a66c2697258e",
            "description": "Managed by Terraform",
            "egress": [
              {
                "cidr_blocks": [
                  "0.0.0.0/0"
                ],
                "description": "",
                "from_port": 0,
                "ipv6_cidr_blocks": [],
                "prefix_list_ids": [],
                "protocol": "-1",
                "security_groups": [],
                "self": false,
                "to_port": 0
              }
            ],
            "id": "sg-01885a66c2697258e",
            "ingress": [
              {
                "cidr_blocks": [
                  "10.0.0.0/16"
                ],
                "description": "",
                "from_port": 443,
                "ipv6_cidr_blocks": [],
                "prefix_list_ids": [],
                "protocol": "tcp",
                "security_groups": [],
                "self": false,
                "to_port": 443
              }
            ],
            "name": "laravel-api-dev-vpc-endpoint-20250906193140416300000001",
            "name_prefix": "laravel-api-dev-vpc-endpoint-",
            "owner_id": "897722705454",
            "revoke_rules_on_delete": false,
            "tags": {
              "Environment": "dev",
              "Name": "laravel-api-dev-vpc-endpoint-sg",
              "Project": "laravel-api",
              "Type": "vpc-endpoint"
            },
            "tags_all": {
              "CreatedBy": "Cloud Team",
              "Environment": "dev",
              "ManagedBy": "Terraform",
              "Name": "laravel-api-dev-vpc-endpoint-sg",
              "Project": "laravel-api",
              "Type": "vpc-endpoint"
            },
            "timeouts": null,
            "vpc_id": "vpc-00213036e65ca748e"
          },
          "sensitive_attributes": [],
          "private": "eyJlMmJmYjczMC1lY2FhLTExZTYtOGY4OC0zNDM2M2JjN2M0YzAiOnsiY3JlYXRlIjo2MDAwMDAwMDAwMDAsImRlbGV0ZSI6OTAwMDAwMDAwMDAwfSwic2NoZW1hX3ZlcnNpb24iOiIxIn0=",
          "dependencies": [
            "module.vpc.aws_vpc.main"
          ]
        }
      ]
    },
    {
      "module": "module.vpc",
      "mode": "managed",
      "type": "aws_subnet",
      "name": "private",
      "provider": "provider[\"registry.terraform.io/hashicorp/aws\"]",
      "instances": [
        {
          "index_key": 0,
          "schema_version": 1,
          "attributes": {
            "arn": "arn:aws:ec2:us-east-1:897722705454:subnet/subnet-0c15fc97549ec1c95",
            "assign_ipv6_address_on_creation": false,
            "availability_zone": "us-east-1a",
            "availability_zone_id": "use1-az4",
            "cidr_block": "10.0.10.0/24",
            "customer_owned_ipv4_pool": "",
            "enable_dns64": false,
            "enable_lni_at_device_index": 0,
            "enable_resource_name_dns_a_record_on_launch": false,
            "enable_resource_name_dns_aaaa_record_on_launch": false,
            "id": "subnet-0c15fc97549ec1c95",
            "ipv6_cidr_block": "",
            "ipv6_cidr_block_association_id": "",
            "ipv6_native": false,
            "map_customer_owned_ip_on_launch": false,
            "map_public_ip_on_launch": false,
            "outpost_arn": "",
            "owner_id": "897722705454",
            "private_dns_hostname_type_on_launch": "ip-name",
            "tags": {
              "Environment": "dev",
              "Name": "laravel-api-dev-private-subnet-1",
              "Project": "laravel-api",
              "Type": "private"
            },
            "tags_all": {
              "CreatedBy": "Cloud Team",
              "Environment": "dev",
              "ManagedBy": "Terraform",
              "Name": "laravel-api-dev-private-subnet-1",
              "Project": "laravel-api",
              "Type": "private"
            },
            "timeouts": null,
            "vpc_id": "vpc-00213036e65ca748e"
          },
          "sensitive_attributes": [],
          "private": "eyJlMmJmYjczMC1lY2FhLTExZTYtOGY4OC0zNDM2M2JjN2M0YzAiOnsiY3JlYXRlIjo2MDAwMDAwMDAwMDAsImRlbGV0ZSI6MTIwMDAwMDAwMDAwMH0sInNjaGVtYV92ZXJzaW9uIjoiMSJ9",
          "dependencies": [
            "data.aws_availability_zones.available",
            "module.vpc.aws_vpc.main"
          ]
        },
        {
          "index_key": 1,
          "schema_version": 1,
          "attributes": {
            "arn": "arn:aws:ec2:us-east-1:897722705454:subnet/subnet-00df362f4d9608507",
            "assign_ipv6_address_on_creation": false,
            "availability_zone": "us-east-1b",
            "availability_zone_id": "use1-az6",
            "cidr_block": "10.0.11.0/24",
            "customer_owned_ipv4_pool": "",
            "enable_dns64": false,
            "enable_lni_at_device_index": 0,
            "enable_resource_name_dns_a_record_on_launch": false,
            "enable_resource_name_dns_aaaa_record_on_launch": false,
            "id": "subnet-00df362f4d9608507",
            "ipv6_cidr_block": "",
            "ipv6_cidr_block_association_id": "",
            "ipv6_native": false,
            "map_customer_owned_ip_on_launch": false,
            "map_public_ip_on_launch": false,
            "outpost_arn": "",
            "owner_id": "897722705454",
            "private_dns_hostname_type_on_launch": "ip-name",
            "tags": {
              "Environment": "dev",
              "Name": "laravel-api-dev-private-subnet-2",
              "Project": "laravel-api",
              "Type": "private"
            },
            "tags_all": {
              "CreatedBy": "Cloud Team",
              "Environment": "dev",
              "ManagedBy": "Terraform",
              "Name": "laravel-api-dev-private-subnet-2",
              "Project": "laravel-api",
              "Type": "private"
            },
            "timeouts": null,
            "vpc_id": "vpc-00213036e65ca748e"
          },
          "sensitive_attributes": [],
          "private": "eyJlMmJmYjczMC1lY2FhLTExZTYtOGY4OC0zNDM2M2JjN2M0YzAiOnsiY3JlYXRlIjo2MDAwMDAwMDAwMDAsImRlbGV0ZSI6MTIwMDAwMDAwMDAwMH0sInNjaGVtYV92ZXJzaW9uIjoiMSJ9",
          "dependencies": [
            "data.aws_availability_zones.available",
            "module.vpc.aws_vpc.main"
          ]
        },
        {
          "index_key": 2,
          "schema_version": 1,
          "attributes": {
            "arn": "arn:aws:ec2:us-east-1:897722705454:subnet/subnet-0c1710d094b73434b",
            "assign_ipv6_address_on_creation": false,
            "availability_zone": "us-east-1c",
            "availability_zone_id": "use1-az1",
            "cidr_block": "10.0.12.0/24",
            "customer_owned_ipv4_pool": "",
            "enable_dns64": false,
            "enable_lni_at_device_index": 0,
            "enable_resource_name_dns_a_record_on_launch": false,
            "enable_resource_name_dns_aaaa_record_on_launch": false,
            "id": "subnet-0c1710d094b73434b",
            "ipv6_cidr_block": "",
            "ipv6_cidr_block_association_id": "",
            "ipv6_native": false,
            "map_customer_owned_ip_on_launch": false,
            "map_public_ip_on_launch": false,
            "outpost_arn": "",
            "owner_id": "897722705454",
            "private_dns_hostname_type_on_launch": "ip-name",
            "tags": {
              "Environment": "dev",
              "Name": "laravel-api-dev-private-subnet-3",
              "Project": "laravel-api",
              "Type": "private"
            },
            "tags_all": {
              "CreatedBy": "Cloud Team",
              "Environment": "dev",
              "ManagedBy": "Terraform",
              "Name": "laravel-api-dev-private-subnet-3",
              "Project": "laravel-api",
              "Type": "private"
            },
            "timeouts": null,
            "vpc_id": "vpc-00213036e65ca748e"
          },
          "sensitive_attributes": [],
          "private": "eyJlMmJmYjczMC1lY2FhLTExZTYtOGY4OC0zNDM2M2JjN2M0YzAiOnsiY3JlYXRlIjo2MDAwMDAwMDAwMDAsImRlbGV0ZSI6MTIwMDAwMDAwMDAwMH0sInNjaGVtYV92ZXJzaW9uIjoiMSJ9",
          "dependencies": [
            "data.aws_availability_zones.available",
            "module.vpc.aws_vpc.main"
          ]
        },
        {
          "index_key": 3,
          "schema_version": 1,
          "attributes": {
            "arn": "arn:aws:ec2:us-east-1:897722705454:subnet/subnet-0dc82185e46aa7600",
            "assign_ipv6_address_on_creation": false,
            "availability_zone": "us-east-1d",
            "availability_zone_id": "use1-az2",
            "cidr_block": "10.0.13.0/24",
            "customer_owned_ipv4_pool": "",
            "enable_dns64": false,
            "enable_lni_at_device_index": 0,
            "enable_resource_name_dns_a_record_on_launch": false,
            "enable_resource_name_dns_aaaa_record_on_launch": false,
            "id": "subnet-0dc82185e46aa7600",
            "ipv6_cidr_block": "",
            "ipv6_cidr_block_association_id": "",
            "ipv6_native": false,
            "map_customer_owned_ip_on_launch": false,
            "map_public_ip_on_launch": false,
            "outpost_arn": "",
            "owner_id": "897722705454",
            "private_dns_hostname_type_on_launch": "ip-name",
            "tags": {
              "Environment": "dev",
              "Name": "laravel-api-dev-private-subnet-4",
              "Project": "laravel-api",
              "Type": "private"
            },
            "tags_all": {
              "CreatedBy": "Cloud Team",
              "Environment": "dev",
              "ManagedBy": "Terraform",
              "Name": "laravel-api-dev-private-subnet-4",
              "Project": "laravel-api",
              "Type": "private"
            },
            "timeouts": null,
            "vpc_id": "vpc-00213036e65ca748e"
          },
          "sensitive_attributes": [],
          "private": "eyJlMmJmYjczMC1lY2FhLTExZTYtOGY4OC0zNDM2M2JjN2M0YzAiOnsiY3JlYXRlIjo2MDAwMDAwMDAwMDAsImRlbGV0ZSI6MTIwMDAwMDAwMDAwMH0sInNjaGVtYV92ZXJzaW9uIjoiMSJ9",
          "dependencies": [
            "data.aws_availability_zones.available",
            "module.vpc.aws_vpc.main"
          ]
        },
        {
          "index_key": 4,
          "schema_version": 1,
          "attributes": {
            "arn": "arn:aws:ec2:us-east-1:897722705454:subnet/subnet-002399232efe44691",
            "assign_ipv6_address_on_creation": false,
            "availability_zone": "us-east-1e",
            "availability_zone_id": "use1-az3",
            "cidr_block": "10.0.14.0/24",
            "customer_owned_ipv4_pool": "",
            "enable_dns64": false,
            "enable_lni_at_device_index": 0,
            "enable_resource_name_dns_a_record_on_launch": false,
            "enable_resource_name_dns_aaaa_record_on_launch": false,
            "id": "subnet-002399232efe44691",
            "ipv6_cidr_block": "",
            "ipv6_cidr_block_association_id": "",
            "ipv6_native": false,
            "map_customer_owned_ip_on_launch": false,
            "map_public_ip_on_launch": false,
            "outpost_arn": "",
            "owner_id": "897722705454",
            "private_dns_hostname_type_on_launch": "ip-name",
            "tags": {
              "Environment": "dev",
              "Name": "laravel-api-dev-private-subnet-5",
              "Project": "laravel-api",
              "Type": "private"
            },
            "tags_all": {
              "CreatedBy": "Cloud Team",
              "Environment": "dev",
              "ManagedBy": "Terraform",
              "Name": "laravel-api-dev-private-subnet-5",
              "Project": "laravel-api",
              "Type": "private"
            },
            "timeouts": null,
            "vpc_id": "vpc-00213036e65ca748e"
          },
          "sensitive_attributes": [],
          "private": "eyJlMmJmYjczMC1lY2FhLTExZTYtOGY4OC0zNDM2M2JjN2M0YzAiOnsiY3JlYXRlIjo2MDAwMDAwMDAwMDAsImRlbGV0ZSI6MTIwMDAwMDAwMDAwMH0sInNjaGVtYV92ZXJzaW9uIjoiMSJ9",
          "dependencies": [
            "data.aws_availability_zones.available",
            "module.vpc.aws_vpc.main"
          ]
        },
        {
          "index_key": 5,
          "schema_version": 1,
          "attributes": {
            "arn": "arn:aws:ec2:us-east-1:897722705454:subnet/subnet-0a23cc545701f2b22",
            "assign_ipv6_address_on_creation": false,
            "availability_zone": "us-east-1f",
            "availability_zone_id": "use1-az5",
            "cidr_block": "10.0.15.0/24",
            "customer_owned_ipv4_pool": "",
            "enable_dns64": false,
            "enable_lni_at_device_index": 0,
            "enable_resource_name_dns_a_record_on_launch": false,
            "enable_resource_name_dns_aaaa_record_on_launch": false,
            "id": "subnet-0a23cc545701f2b22",
            "ipv6_cidr_block": "",
            "ipv6_cidr_block_association_id": "",
            "ipv6_native": false,
            "map_customer_owned_ip_on_launch": false,
            "map_public_ip_on_launch": false,
            "outpost_arn": "",
            "owner_id": "897722705454",
            "private_dns_hostname_type_on_launch": "ip-name",
            "tags": {
              "Environment": "dev",
              "Name": "laravel-api-dev-private-subnet-6",
              "Project": "laravel-api",
              "Type": "private"
            },
            "tags_all": {
              "CreatedBy": "Cloud Team",
              "Environment": "dev",
              "ManagedBy": "Terraform",
              "Name": "laravel-api-dev-private-subnet-6",
              "Project": "laravel-api",
              "Type": "private"
            },
            "timeouts": null,
            "vpc_id": "vpc-00213036e65ca748e"
          },
          "sensitive_attributes": [],
          "private": "eyJlMmJmYjczMC1lY2FhLTExZTYtOGY4OC0zNDM2M2JjN2M0YzAiOnsiY3JlYXRlIjo2MDAwMDAwMDAwMDAsImRlbGV0ZSI6MTIwMDAwMDAwMDAwMH0sInNjaGVtYV92ZXJzaW9uIjoiMSJ9",
          "dependencies": [
            "data.aws_availability_zones.available",
            "module.vpc.aws_vpc.main"
          ]
        }
      ]
    },
    {
      "module": "module.vpc",
      "mode": "managed",
      "type": "aws_subnet",
      "name": "public",
      "provider": "provider[\"registry.terraform.io/hashicorp/aws\"]",
      "instances": [
        {
          "index_key": 0,
          "schema_version": 1,
          "attributes": {
            "arn": "arn:aws:ec2:us-east-1:897722705454:subnet/subnet-044473ac3be141f13",
            "assign_ipv6_address_on_creation": false,
            "availability_zone": "us-east-1a",
            "availability_zone_id": "use1-az4",
            "cidr_block": "10.0.1.0/24",
            "customer_owned_ipv4_pool": "",
            "enable_dns64": false,
            "enable_lni_at_device_index": 0,
            "enable_resource_name_dns_a_record_on_launch": false,
            "enable_resource_name_dns_aaaa_record_on_launch": false,
            "id": "subnet-044473ac3be141f13",
            "ipv6_cidr_block": "",
            "ipv6_cidr_block_association_id": "",
            "ipv6_native": false,
            "map_customer_owned_ip_on_launch": false,
            "map_public_ip_on_launch": true,
            "outpost_arn": "",
            "owner_id": "897722705454",
            "private_dns_hostname_type_on_launch": "ip-name",
            "tags": {
              "Environment": "dev",
              "Name": "laravel-api-dev-public-subnet-1",
              "Project": "laravel-api",
              "Type": "public"
            },
            "tags_all": {
              "CreatedBy": "Cloud Team",
              "Environment": "dev",
              "ManagedBy": "Terraform",
              "Name": "laravel-api-dev-public-subnet-1",
              "Project": "laravel-api",
              "Type": "public"
            },
            "timeouts": null,
            "vpc_id": "vpc-00213036e65ca748e"
          },
          "sensitive_attributes": [],
          "private": "eyJlMmJmYjczMC1lY2FhLTExZTYtOGY4OC0zNDM2M2JjN2M0YzAiOnsiY3JlYXRlIjo2MDAwMDAwMDAwMDAsImRlbGV0ZSI6MTIwMDAwMDAwMDAwMH0sInNjaGVtYV92ZXJzaW9uIjoiMSJ9",
          "dependencies": [
            "data.aws_availability_zones.available",
            "module.vpc.aws_vpc.main"
          ]
        },
        {
          "index_key": 1,
          "schema_version": 1,
          "attributes": {
            "arn": "arn:aws:ec2:us-east-1:897722705454:subnet/subnet-0406dae7ad344c727",
            "assign_ipv6_address_on_creation": false,
            "availability_zone": "us-east-1b",
            "availability_zone_id": "use1-az6",
            "cidr_block": "10.0.2.0/24",
            "customer_owned_ipv4_pool": "",
            "enable_dns64": false,
            "enable_lni_at_device_index": 0,
            "enable_resource_name_dns_a_record_on_launch": false,
            "enable_resource_name_dns_aaaa_record_on_launch": false,
            "id": "subnet-0406dae7ad344c727",
            "ipv6_cidr_block": "",
            "ipv6_cidr_block_association_id": "",
            "ipv6_native": false,
            "map_customer_owned_ip_on_launch": false,
            "map_public_ip_on_launch": true,
            "outpost_arn": "",
            "owner_id": "897722705454",
            "private_dns_hostname_type_on_launch": "ip-name",
            "tags": {
              "Environment": "dev",
              "Name": "laravel-api-dev-public-subnet-2",
              "Project": "laravel-api",
              "Type": "public"
            },
            "tags_all": {
              "CreatedBy": "Cloud Team",
              "Environment": "dev",
              "ManagedBy": "Terraform",
              "Name": "laravel-api-dev-public-subnet-2",
              "Project": "laravel-api",
              "Type": "public"
            },
            "timeouts": null,
            "vpc_id": "vpc-00213036e65ca748e"
          },
          "sensitive_attributes": [],
          "private": "eyJlMmJmYjczMC1lY2FhLTExZTYtOGY4OC0zNDM2M2JjN2M0YzAiOnsiY3JlYXRlIjo2MDAwMDAwMDAwMDAsImRlbGV0ZSI6MTIwMDAwMDAwMDAwMH0sInNjaGVtYV92ZXJzaW9uIjoiMSJ9",
          "dependencies": [
            "data.aws_availability_zones.available",
            "module.vpc.aws_vpc.main"
          ]
        },
        {
          "index_key": 2,
          "schema_version": 1,
          "attributes": {
            "arn": "arn:aws:ec2:us-east-1:897722705454:subnet/subnet-022f6afde106d7e52",
            "assign_ipv6_address_on_creation": false,
            "availability_zone": "us-east-1c",
            "availability_zone_id": "use1-az1",
            "cidr_block": "10.0.3.0/24",
            "customer_owned_ipv4_pool": "",
            "enable_dns64": false,
            "enable_lni_at_device_index": 0,
            "enable_resource_name_dns_a_record_on_launch": false,
            "enable_resource_name_dns_aaaa_record_on_launch": false,
            "id": "subnet-022f6afde106d7e52",
            "ipv6_cidr_block": "",
            "ipv6_cidr_block_association_id": "",
            "ipv6_native": false,
            "map_customer_owned_ip_on_launch": false,
            "map_public_ip_on_launch": true,
            "outpost_arn": "",
            "owner_id": "897722705454",
            "private_dns_hostname_type_on_launch": "ip-name",
            "tags": {
              "Environment": "dev",
              "Name": "laravel-api-dev-public-subnet-3",
              "Project": "laravel-api",
              "Type": "public"
            },
            "tags_all": {
              "CreatedBy": "Cloud Team",
              "Environment": "dev",
              "ManagedBy": "Terraform",
              "Name": "laravel-api-dev-public-subnet-3",
              "Project": "laravel-api",
              "Type": "public"
            },
            "timeouts": null,
            "vpc_id": "vpc-00213036e65ca748e"
          },
          "sensitive_attributes": [],
          "private": "eyJlMmJmYjczMC1lY2FhLTExZTYtOGY4OC0zNDM2M2JjN2M0YzAiOnsiY3JlYXRlIjo2MDAwMDAwMDAwMDAsImRlbGV0ZSI6MTIwMDAwMDAwMDAwMH0sInNjaGVtYV92ZXJzaW9uIjoiMSJ9",
          "dependencies": [
            "data.aws_availability_zones.available",
            "module.vpc.aws_vpc.main"
          ]
        },
        {
          "index_key": 3,
          "schema_version": 1,
          "attributes": {
            "arn": "arn:aws:ec2:us-east-1:897722705454:subnet/subnet-0f2306fb290b714f4",
            "assign_ipv6_address_on_creation": false,
            "availability_zone": "us-east-1d",
            "availability_zone_id": "use1-az2",
            "cidr_block": "10.0.4.0/24",
            "customer_owned_ipv4_pool": "",
            "enable_dns64": false,
            "enable_lni_at_device_index": 0,
            "enable_resource_name_dns_a_record_on_launch": false,
            "enable_resource_name_dns_aaaa_record_on_launch": false,
            "id": "subnet-0f2306fb290b714f4",
            "ipv6_cidr_block": "",
            "ipv6_cidr_block_association_id": "",
            "ipv6_native": false,
            "map_customer_owned_ip_on_launch": false,
            "map_public_ip_on_launch": true,
            "outpost_arn": "",
            "owner_id": "897722705454",
            "private_dns_hostname_type_on_launch": "ip-name",
            "tags": {
              "Environment": "dev",
              "Name": "laravel-api-dev-public-subnet-4",
              "Project": "laravel-api",
              "Type": "public"
            },
            "tags_all": {
              "CreatedBy": "Cloud Team",
              "Environment": "dev",
              "ManagedBy": "Terraform",
              "Name": "laravel-api-dev-public-subnet-4",
              "Project": "laravel-api",
              "Type": "public"
            },
            "timeouts": null,
            "vpc_id": "vpc-00213036e65ca748e"
          },
          "sensitive_attributes": [],
          "private": "eyJlMmJmYjczMC1lY2FhLTExZTYtOGY4OC0zNDM2M2JjN2M0YzAiOnsiY3JlYXRlIjo2MDAwMDAwMDAwMDAsImRlbGV0ZSI6MTIwMDAwMDAwMDAwMH0sInNjaGVtYV92ZXJzaW9uIjoiMSJ9",
          "dependencies": [
            "data.aws_availability_zones.available",
            "module.vpc.aws_vpc.main"
          ]
        },
        {
          "index_key": 4,
          "schema_version": 1,
          "attributes": {
            "arn": "arn:aws:ec2:us-east-1:897722705454:subnet/subnet-0492a11f08ae72977",
            "assign_ipv6_address_on_creation": false,
            "availability_zone": "us-east-1e",
            "availability_zone_id": "use1-az3",
            "cidr_block": "10.0.5.0/24",
            "customer_owned_ipv4_pool": "",
            "enable_dns64": false,
            "enable_lni_at_device_index": 0,
            "enable_resource_name_dns_a_record_on_launch": false,
            "enable_resource_name_dns_aaaa_record_on_launch": false,
            "id": "subnet-0492a11f08ae72977",
            "ipv6_cidr_block": "",
            "ipv6_cidr_block_association_id": "",
            "ipv6_native": false,
            "map_customer_owned_ip_on_launch": false,
            "map_public_ip_on_launch": true,
            "outpost_arn": "",
            "owner_id": "897722705454",
            "private_dns_hostname_type_on_launch": "ip-name",
            "tags": {
              "Environment": "dev",
              "Name": "laravel-api-dev-public-subnet-5",
              "Project": "laravel-api",
              "Type": "public"
            },
            "tags_all": {
              "CreatedBy": "Cloud Team",
              "Environment": "dev",
              "ManagedBy": "Terraform",
              "Name": "laravel-api-dev-public-subnet-5",
              "Project": "laravel-api",
              "Type": "public"
            },
            "timeouts": null,
            "vpc_id": "vpc-00213036e65ca748e"
          },
          "sensitive_attributes": [],
          "private": "eyJlMmJmYjczMC1lY2FhLTExZTYtOGY4OC0zNDM2M2JjN2M0YzAiOnsiY3JlYXRlIjo2MDAwMDAwMDAwMDAsImRlbGV0ZSI6MTIwMDAwMDAwMDAwMH0sInNjaGVtYV92ZXJzaW9uIjoiMSJ9",
          "dependencies": [
            "data.aws_availability_zones.available",
            "module.vpc.aws_vpc.main"
          ]
        },
        {
          "index_key": 5,
          "schema_version": 1,
          "attributes": {
            "arn": "arn:aws:ec2:us-east-1:897722705454:subnet/subnet-0019e91bddefc6135",
            "assign_ipv6_address_on_creation": false,
            "availability_zone": "us-east-1f",
            "availability_zone_id": "use1-az5",
            "cidr_block": "10.0.6.0/24",
            "customer_owned_ipv4_pool": "",
            "enable_dns64": false,
            "enable_lni_at_device_index": 0,
            "enable_resource_name_dns_a_record_on_launch": false,
            "enable_resource_name_dns_aaaa_record_on_launch": false,
            "id": "subnet-0019e91bddefc6135",
            "ipv6_cidr_block": "",
            "ipv6_cidr_block_association_id": "",
            "ipv6_native": false,
            "map_customer_owned_ip_on_launch": false,
            "map_public_ip_on_launch": true,
            "outpost_arn": "",
            "owner_id": "897722705454",
            "private_dns_hostname_type_on_launch": "ip-name",
            "tags": {
              "Environment": "dev",
              "Name": "laravel-api-dev-public-subnet-6",
              "Project": "laravel-api",
              "Type": "public"
            },
            "tags_all": {
              "CreatedBy": "Cloud Team",
              "Environment": "dev",
              "ManagedBy": "Terraform",
              "Name": "laravel-api-dev-public-subnet-6",
              "Project": "laravel-api",
              "Type": "public"
            },
            "timeouts": null,
            "vpc_id": "vpc-00213036e65ca748e"
          },
          "sensitive_attributes": [],
          "private": "eyJlMmJmYjczMC1lY2FhLTExZTYtOGY4OC0zNDM2M2JjN2M0YzAiOnsiY3JlYXRlIjo2MDAwMDAwMDAwMDAsImRlbGV0ZSI6MTIwMDAwMDAwMDAwMH0sInNjaGVtYV92ZXJzaW9uIjoiMSJ9",
          "dependencies": [
            "data.aws_availability_zones.available",
            "module.vpc.aws_vpc.main"
          ]
        }
      ]
    },
    {
      "module": "module.vpc",
      "mode": "managed",
      "type": "aws_vpc",
      "name": "main",
      "provider": "provider[\"registry.terraform.io/hashicorp/aws\"]",
      "instances": [
        {
          "schema_version": 1,
          "attributes": {
            "arn": "arn:aws:ec2:us-east-1:897722705454:vpc/vpc-00213036e65ca748e",
            "assign_generated_ipv6_cidr_block": false,
            "cidr_block": "10.0.0.0/16",
            "default_network_acl_id": "acl-0873da07a00fda2ac",
            "default_route_table_id": "rtb-0132e06375e69cf16",
            "default_security_group_id": "sg-0d1dd0023ecd49258",
            "dhcp_options_id": "dopt-01ee8dff27f5d751d",
            "enable_dns_hostnames": true,
            "enable_dns_support": true,
            "enable_network_address_usage_metrics": false,
            "id": "vpc-00213036e65ca748e",
            "instance_tenancy": "default",
            "ipv4_ipam_pool_id": null,
            "ipv4_netmask_length": null,
            "ipv6_association_id": "",
            "ipv6_cidr_block": "",
            "ipv6_cidr_block_network_border_group": "",
            "ipv6_ipam_pool_id": "",
            "ipv6_netmask_length": 0,
            "main_route_table_id": "rtb-0132e06375e69cf16",
            "owner_id": "897722705454",
            "tags": {
              "Environment": "dev",
              "Name": "laravel-api-dev-vpc",
              "Project": "laravel-api"
            },
            "tags_all": {
              "CreatedBy": "Cloud Team",
              "Environment": "dev",
              "ManagedBy": "Terraform",
              "Name": "laravel-api-dev-vpc",
              "Project": "laravel-api"
            }
          },
          "sensitive_attributes": [],
          "private": "eyJzY2hlbWFfdmVyc2lvbiI6IjEifQ=="
        }
      ]
    },
    {
      "module": "module.vpc",
      "mode": "managed",
      "type": "aws_vpc_endpoint",
      "name": "ecr_api",
      "provider": "provider[\"registry.terraform.io/hashicorp/aws\"]",
      "instances": [
        {
          "schema_version": 0,
          "attributes": {
            "arn": "arn:aws:ec2:us-east-1:897722705454:vpc-endpoint/vpce-00c725386e5fadd7b",
            "auto_accept": null,
            "cidr_blocks": [],
            "dns_entry": [
              {
                "dns_name": "vpce-00c725386e5fadd7b-6ns73vea.api.ecr.us-east-1.vpce.amazonaws.com",
                "hosted_zone_id": "Z7HUB22UULQXV"
              },
              {
                "dns_name": "vpce-00c725386e5fadd7b-6ns73vea-us-east-1f.api.ecr.us-east-1.vpce.amazonaws.com",
                "hosted_zone_id": "Z7HUB22UULQXV"
              },
              {
                "dns_name": "vpce-00c725386e5fadd7b-6ns73vea-us-east-1a.api.ecr.us-east-1.vpce.amazonaws.com",
                "hosted_zone_id": "Z7HUB22UULQXV"
              },
              {
                "dns_name": "vpce-00c725386e5fadd7b-6ns73vea-us-east-1e.api.ecr.us-east-1.vpce.amazonaws.com",
                "hosted_zone_id": "Z7HUB22UULQXV"
              },
              {
                "dns_name": "vpce-00c725386e5fadd7b-6ns73vea-us-east-1d.api.ecr.us-east-1.vpce.amazonaws.com",
                "hosted_zone_id": "Z7HUB22UULQXV"
              },
              {
                "dns_name": "vpce-00c725386e5fadd7b-6ns73vea-us-east-1c.api.ecr.us-east-1.vpce.amazonaws.com",
                "hosted_zone_id": "Z7HUB22UULQXV"
              },
              {
                "dns_name": "vpce-00c725386e5fadd7b-6ns73vea-us-east-1b.api.ecr.us-east-1.vpce.amazonaws.com",
                "hosted_zone_id": "Z7HUB22UULQXV"
              },
              {
                "dns_name": "api.ecr.us-east-1.amazonaws.com",
                "hosted_zone_id": "Z07504971S6XTRE6QBZ7F"
              },
              {
                "dns_name": "ecr.us-east-1.api.aws",
                "hosted_zone_id": "Z075049620PJLA5SYT6GD"
              }
            ],
            "dns_options": [
              {
                "dns_record_ip_type": "ipv4",
                "private_dns_only_for_inbound_resolver_endpoint": false
              }
            ],
            "id": "vpce-00c725386e5fadd7b",
            "ip_address_type": "ipv4",
            "network_interface_ids": [
              "eni-046431bf26b20eea1",
              "eni-04f8071ac9ee2d35a",
              "eni-0758e9fefed86062b",
              "eni-0b830d12ff3a91083",
              "eni-0e8dcc4344927ed3d",
              "eni-0f788bf34cbd94c0c"
            ],
            "owner_id": "897722705454",
            "policy": "{\"Statement\":[{\"Action\":\"*\",\"Effect\":\"Allow\",\"Principal\":\"*\",\"Resource\":\"*\"}]}",
            "prefix_list_id": null,
            "private_dns_enabled": true,
            "requester_managed": false,
            "resource_configuration_arn": "",
            "route_table_ids": [],
            "security_group_ids": [
              "sg-01885a66c2697258e"
            ],
            "service_name": "com.amazonaws.us-east-1.ecr.api",
            "service_network_arn": "",
            "service_region": "us-east-1",
            "state": "available",
            "subnet_configuration": [
              {
                "ipv4": "10.0.10.86",
                "ipv6": "",
                "subnet_id": "subnet-0c15fc97549ec1c95"
              },
              {
                "ipv4": "10.0.11.164",
                "ipv6": "",
                "subnet_id": "subnet-00df362f4d9608507"
              },
              {
                "ipv4": "10.0.12.55",
                "ipv6": "",
                "subnet_id": "subnet-0c1710d094b73434b"
              },
              {
                "ipv4": "10.0.13.192",
                "ipv6": "",
                "subnet_id": "subnet-0dc82185e46aa7600"
              },
              {
                "ipv4": "10.0.14.226",
                "ipv6": "",
                "subnet_id": "subnet-002399232efe44691"
              },
              {
                "ipv4": "10.0.15.192",
                "ipv6": "",
                "subnet_id": "subnet-0a23cc545701f2b22"
              }
            ],
            "subnet_ids": [
              "subnet-002399232efe44691",
              "subnet-00df362f4d9608507",
              "subnet-0a23cc545701f2b22",
              "subnet-0c15fc97549ec1c95",
              "subnet-0c1710d094b73434b",
              "subnet-0dc82185e46aa7600"
            ],
            "tags": {
              "Environment": "dev",
              "Name": "laravel-api-dev-ecr-api-endpoint",
              "Project": "laravel-api",
              "Type": "vpc-endpoint"
            },
            "tags_all": {
              "CreatedBy": "Cloud Team",
              "Environment": "dev",
              "ManagedBy": "Terraform",
              "Name": "laravel-api-dev-ecr-api-endpoint",
              "Project": "laravel-api",
              "Type": "vpc-endpoint"
            },
            "timeouts": null,
            "vpc_endpoint_type": "Interface",
            "vpc_id": "vpc-00213036e65ca748e"
          },
          "sensitive_attributes": [],
          "private": "eyJlMmJmYjczMC1lY2FhLTExZTYtOGY4OC0zNDM2M2JjN2M0YzAiOnsiY3JlYXRlIjo2MDAwMDAwMDAwMDAsImRlbGV0ZSI6NjAwMDAwMDAwMDAwLCJ1cGRhdGUiOjYwMDAwMDAwMDAwMH19",
          "dependencies": [
            "data.aws_availability_zones.available",
            "module.vpc.aws_security_group.vpc_endpoint",
            "module.vpc.aws_subnet.private",
            "module.vpc.aws_vpc.main",
            "module.vpc.data.aws_region.current"
          ]
        }
      ]
    },
    {
      "module": "module.vpc",
      "mode": "managed",
      "type": "aws_vpc_endpoint",
      "name": "ecr_dkr",
      "provider": "provider[\"registry.terraform.io/hashicorp/aws\"]",
      "instances": [
        {
          "schema_version": 0,
          "attributes": {
            "arn": "arn:aws:ec2:us-east-1:897722705454:vpc-endpoint/vpce-04a56691f0a9a6f40",
            "auto_accept": null,
            "cidr_blocks": [],
            "dns_entry": [
              {
                "dns_name": "vpce-04a56691f0a9a6f40-c8cp1g22.dkr.ecr.us-east-1.vpce.amazonaws.com",
                "hosted_zone_id": "Z7HUB22UULQXV"
              },
              {
                "dns_name": "vpce-04a56691f0a9a6f40-c8cp1g22-us-east-1e.dkr.ecr.us-east-1.vpce.amazonaws.com",
                "hosted_zone_id": "Z7HUB22UULQXV"
              },
              {
                "dns_name": "vpce-04a56691f0a9a6f40-c8cp1g22-us-east-1f.dkr.ecr.us-east-1.vpce.amazonaws.com",
                "hosted_zone_id": "Z7HUB22UULQXV"
              },
              {
                "dns_name": "vpce-04a56691f0a9a6f40-c8cp1g22-us-east-1d.dkr.ecr.us-east-1.vpce.amazonaws.com",
                "hosted_zone_id": "Z7HUB22UULQXV"
              },
              {
                "dns_name": "vpce-04a56691f0a9a6f40-c8cp1g22-us-east-1c.dkr.ecr.us-east-1.vpce.amazonaws.com",
                "hosted_zone_id": "Z7HUB22UULQXV"
              },
              {
                "dns_name": "vpce-04a56691f0a9a6f40-c8cp1g22-us-east-1b.dkr.ecr.us-east-1.vpce.amazonaws.com",
                "hosted_zone_id": "Z7HUB22UULQXV"
              },
              {
                "dns_name": "vpce-04a56691f0a9a6f40-c8cp1g22-us-east-1a.dkr.ecr.us-east-1.vpce.amazonaws.com",
                "hosted_zone_id": "Z7HUB22UULQXV"
              },
              {
                "dns_name": "dkr.ecr.us-east-1.amazonaws.com",
                "hosted_zone_id": "Z02484213IYNL131W14NG"
              },
              {
                "dns_name": "*.dkr.ecr.us-east-1.amazonaws.com",
                "hosted_zone_id": "Z02484213IYNL131W14NG"
              },
              {
                "dns_name": "dkr-ecr.us-east-1.on.aws",
                "hosted_zone_id": "Z02019111JIORSLFWJAPY"
              },
              {
                "dns_name": "*.dkr-ecr.us-east-1.on.aws",
                "hosted_zone_id": "Z02019111JIORSLFWJAPY"
              }
            ],
            "dns_options": [
              {
                "dns_record_ip_type": "ipv4",
                "private_dns_only_for_inbound_resolver_endpoint": false
              }
            ],
            "id": "vpce-04a56691f0a9a6f40",
            "ip_address_type": "ipv4",
            "network_interface_ids": [
              "eni-0156e7659cba90c7d",
              "eni-032b7519c500e646c",
              "eni-053fae8ba04aaaf22",
              "eni-0622d125e2ab697d3",
              "eni-086641b3b2d4b3fec",
              "eni-0ac1a3893f78def73"
            ],
            "owner_id": "897722705454",
            "policy": "{\"Statement\":[{\"Action\":\"*\",\"Effect\":\"Allow\",\"Principal\":\"*\",\"Resource\":\"*\"}]}",
            "prefix_list_id": null,
            "private_dns_enabled": true,
            "requester_managed": false,
            "resource_configuration_arn": "",
            "route_table_ids": [],
            "security_group_ids": [
              "sg-01885a66c2697258e"
            ],
            "service_name": "com.amazonaws.us-east-1.ecr.dkr",
            "service_network_arn": "",
            "service_region": "us-east-1",
            "state": "available",
            "subnet_configuration": [
              {
                "ipv4": "10.0.10.152",
                "ipv6": "",
                "subnet_id": "subnet-0c15fc97549ec1c95"
              },
              {
                "ipv4": "10.0.11.129",
                "ipv6": "",
                "subnet_id": "subnet-00df362f4d9608507"
              },
              {
                "ipv4": "10.0.12.176",
                "ipv6": "",
                "subnet_id": "subnet-0c1710d094b73434b"
              },
              {
                "ipv4": "10.0.13.235",
                "ipv6": "",
                "subnet_id": "subnet-0dc82185e46aa7600"
              },
              {
                "ipv4": "10.0.14.231",
                "ipv6": "",
                "subnet_id": "subnet-002399232efe44691"
              },
              {
                "ipv4": "10.0.15.198",
                "ipv6": "",
                "subnet_id": "subnet-0a23cc545701f2b22"
              }
            ],
            "subnet_ids": [
              "subnet-002399232efe44691",
              "subnet-00df362f4d9608507",
              "subnet-0a23cc545701f2b22",
              "subnet-0c15fc97549ec1c95",
              "subnet-0c1710d094b73434b",
              "subnet-0dc82185e46aa7600"
            ],
            "tags": {
              "Environment": "dev",
              "Name": "laravel-api-dev-ecr-dkr-endpoint",
              "Project": "laravel-api",
              "Type": "vpc-endpoint"
            },
            "tags_all": {
              "CreatedBy": "Cloud Team",
              "Environment": "dev",
              "ManagedBy": "Terraform",
              "Name": "laravel-api-dev-ecr-dkr-endpoint",
              "Project": "laravel-api",
              "Type": "vpc-endpoint"
            },
            "timeouts": null,
            "vpc_endpoint_type": "Interface",
            "vpc_id": "vpc-00213036e65ca748e"
          },
          "sensitive_attributes": [],
          "private": "eyJlMmJmYjczMC1lY2FhLTExZTYtOGY4OC0zNDM2M2JjN2M0YzAiOnsiY3JlYXRlIjo2MDAwMDAwMDAwMDAsImRlbGV0ZSI6NjAwMDAwMDAwMDAwLCJ1cGRhdGUiOjYwMDAwMDAwMDAwMH19",
          "dependencies": [
            "data.aws_availability_zones.available",
            "module.vpc.aws_security_group.vpc_endpoint",
            "module.vpc.aws_subnet.private",
            "module.vpc.aws_vpc.main",
            "module.vpc.data.aws_region.current"
          ]
        }
      ]
    },
    {
      "module": "module.vpc",
      "mode": "managed",
      "type": "aws_vpc_endpoint",
      "name": "logs",
      "provider": "provider[\"registry.terraform.io/hashicorp/aws\"]",
      "instances": [
        {
          "schema_version": 0,
          "attributes": {
            "arn": "arn:aws:ec2:us-east-1:897722705454:vpc-endpoint/vpce-05f8899822ddf1581",
            "auto_accept": null,
            "cidr_blocks": [],
            "dns_entry": [
              {
                "dns_name": "vpce-05f8899822ddf1581-w6e61rgs.logs.us-east-1.vpce.amazonaws.com",
                "hosted_zone_id": "Z7HUB22UULQXV"
              },
              {
                "dns_name": "vpce-05f8899822ddf1581-w6e61rgs-us-east-1f.logs.us-east-1.vpce.amazonaws.com",
                "hosted_zone_id": "Z7HUB22UULQXV"
              },
              {
                "dns_name": "vpce-05f8899822ddf1581-w6e61rgs-us-east-1d.logs.us-east-1.vpce.amazonaws.com",
                "hosted_zone_id": "Z7HUB22UULQXV"
              },
              {
                "dns_name": "vpce-05f8899822ddf1581-w6e61rgs-us-east-1b.logs.us-east-1.vpce.amazonaws.com",
                "hosted_zone_id": "Z7HUB22UULQXV"
              },
              {
                "dns_name": "vpce-05f8899822ddf1581-w6e61rgs-us-east-1e.logs.us-east-1.vpce.amazonaws.com",
                "hosted_zone_id": "Z7HUB22UULQXV"
              },
              {
                "dns_name": "vpce-05f8899822ddf1581-w6e61rgs-us-east-1c.logs.us-east-1.vpce.amazonaws.com",
                "hosted_zone_id": "Z7HUB22UULQXV"
              },
              {
                "dns_name": "vpce-05f8899822ddf1581-w6e61rgs-us-east-1a.logs.us-east-1.vpce.amazonaws.com",
                "hosted_zone_id": "Z7HUB22UULQXV"
              },
              {
                "dns_name": "logs.us-east-1.amazonaws.com",
                "hosted_zone_id": "Z0878622Z8V5O4Z9BBX2"
              },
              {
                "dns_name": "streaming-logs.us-east-1.amazonaws.com",
                "hosted_zone_id": "Z07512993GSJFWVKYYHPE"
              },
              {
                "dns_name": "streaming-logs.us-east-1.api.aws",
                "hosted_zone_id": "Z0202412281O960IL111E"
              },
              {
                "dns_name": "logs.us-east-1.api.aws",
                "hosted_zone_id": "Z08839061ALP7YLNBUZL9"
              }
            ],
            "dns_options": [
              {
                "dns_record_ip_type": "ipv4",
                "private_dns_only_for_inbound_resolver_endpoint": false
              }
            ],
            "id": "vpce-05f8899822ddf1581",
            "ip_address_type": "ipv4",
            "network_interface_ids": [
              "eni-001a28ae6439079a0",
              "eni-027bc4b84b39169c7",
              "eni-0378cdb521737a90f",
              "eni-06c797d3dc9e88779",
              "eni-0726bdf2bdd7d2b7b",
              "eni-0d4aae2212f4bee31"
            ],
            "owner_id": "897722705454",
            "policy": "{\"Statement\":[{\"Action\":\"*\",\"Effect\":\"Allow\",\"Principal\":\"*\",\"Resource\":\"*\"}]}",
            "prefix_list_id": null,
            "private_dns_enabled": true,
            "requester_managed": false,
            "resource_configuration_arn": "",
            "route_table_ids": [],
            "security_group_ids": [
              "sg-01885a66c2697258e"
            ],
            "service_name": "com.amazonaws.us-east-1.logs",
            "service_network_arn": "",
            "service_region": "us-east-1",
            "state": "available",
            "subnet_configuration": [
              {
                "ipv4": "10.0.10.169",
                "ipv6": "",
                "subnet_id": "subnet-0c15fc97549ec1c95"
              },
              {
                "ipv4": "10.0.11.14",
                "ipv6": "",
                "subnet_id": "subnet-00df362f4d9608507"
              },
              {
                "ipv4": "10.0.12.118",
                "ipv6": "",
                "subnet_id": "subnet-0c1710d094b73434b"
              },
              {
                "ipv4": "10.0.13.225",
                "ipv6": "",
                "subnet_id": "subnet-0dc82185e46aa7600"
              },
              {
                "ipv4": "10.0.14.241",
                "ipv6": "",
                "subnet_id": "subnet-002399232efe44691"
              },
              {
                "ipv4": "10.0.15.23",
                "ipv6": "",
                "subnet_id": "subnet-0a23cc545701f2b22"
              }
            ],
            "subnet_ids": [
              "subnet-002399232efe44691",
              "subnet-00df362f4d9608507",
              "subnet-0a23cc545701f2b22",
              "subnet-0c15fc97549ec1c95",
              "subnet-0c1710d094b73434b",
              "subnet-0dc82185e46aa7600"
            ],
            "tags": {
              "Environment": "dev",
              "Name": "laravel-api-dev-logs-endpoint",
              "Project": "laravel-api",
              "Type": "vpc-endpoint"
            },
            "tags_all": {
              "CreatedBy": "Cloud Team",
              "Environment": "dev",
              "ManagedBy": "Terraform",
              "Name": "laravel-api-dev-logs-endpoint",
              "Project": "laravel-api",
              "Type": "vpc-endpoint"
            },
            "timeouts": null,
            "vpc_endpoint_type": "Interface",
            "vpc_id": "vpc-00213036e65ca748e"
          },
          "sensitive_attributes": [],
          "private": "eyJlMmJmYjczMC1lY2FhLTExZTYtOGY4OC0zNDM2M2JjN2M0YzAiOnsiY3JlYXRlIjo2MDAwMDAwMDAwMDAsImRlbGV0ZSI6NjAwMDAwMDAwMDAwLCJ1cGRhdGUiOjYwMDAwMDAwMDAwMH19",
          "dependencies": [
            "data.aws_availability_zones.available",
            "module.vpc.aws_security_group.vpc_endpoint",
            "module.vpc.aws_subnet.private",
            "module.vpc.aws_vpc.main",
            "module.vpc.data.aws_region.current"
          ]
        }
      ]
    },
    {
      "module": "module.vpc",
      "mode": "managed",
      "type": "aws_vpc_endpoint",
      "name": "s3",
      "provider": "provider[\"registry.terraform.io/hashicorp/aws\"]",
      "instances": [
        {
          "schema_version": 0,
          "attributes": {
            "arn": "arn:aws:ec2:us-east-1:897722705454:vpc-endpoint/vpce-07b174a662cb70f48",
            "auto_accept": null,
            "cidr_blocks": [
              "16.15.176.0/20",
              "16.182.0.0/16",
              "18.34.0.0/19",
              "52.216.0.0/15",
              "54.231.0.0/16",
              "3.5.0.0/19",
              "18.34.232.0/21",
              "16.15.192.0/18"
            ],
            "dns_entry": [],
            "dns_options": [],
            "id": "vpce-07b174a662cb70f48",
            "ip_address_type": "",
            "network_interface_ids": [],
            "owner_id": "897722705454",
            "policy": "{\"Statement\":[{\"Action\":\"*\",\"Effect\":\"Allow\",\"Principal\":\"*\",\"Resource\":\"*\"}],\"Version\":\"2008-10-17\"}",
            "prefix_list_id": "pl-63a5400a",
            "private_dns_enabled": false,
            "requester_managed": false,
            "resource_configuration_arn": "",
            "route_table_ids": [
              "rtb-004891299508577f7",
              "rtb-0253c2b5a15c19e9f",
              "rtb-0322b11df6b6baee8",
              "rtb-0871e63579c0eea2a",
              "rtb-091644b0f140606ff",
              "rtb-0ad3c232365d1e273"
            ],
            "security_group_ids": [],
            "service_name": "com.amazonaws.us-east-1.s3",
            "service_network_arn": "",
            "service_region": "us-east-1",
            "state": "available",
            "subnet_configuration": [],
            "subnet_ids": [],
            "tags": {
              "Environment": "dev",
              "Name": "laravel-api-dev-s3-endpoint",
              "Project": "laravel-api",
              "Type": "vpc-endpoint"
            },
            "tags_all": {
              "CreatedBy": "Cloud Team",
              "Environment": "dev",
              "ManagedBy": "Terraform",
              "Name": "laravel-api-dev-s3-endpoint",
              "Project": "laravel-api",
              "Type": "vpc-endpoint"
            },
            "timeouts": null,
            "vpc_endpoint_type": "Gateway",
            "vpc_id": "vpc-00213036e65ca748e"
          },
          "sensitive_attributes": [],
          "private": "eyJlMmJmYjczMC1lY2FhLTExZTYtOGY4OC0zNDM2M2JjN2M0YzAiOnsiY3JlYXRlIjo2MDAwMDAwMDAwMDAsImRlbGV0ZSI6NjAwMDAwMDAwMDAwLCJ1cGRhdGUiOjYwMDAwMDAwMDAwMH19",
          "dependencies": [
            "data.aws_availability_zones.available",
            "module.vpc.aws_route_table.private",
            "module.vpc.aws_vpc.main",
            "module.vpc.data.aws_region.current"
          ]
        }
      ]
    },
    {
      "module": "module.vpc",
      "mode": "managed",
      "type": "aws_vpc_endpoint",
      "name": "secretsmanager",
      "provider": "provider[\"registry.terraform.io/hashicorp/aws\"]",
      "instances": [
        {
          "schema_version": 0,
          "attributes": {
            "arn": "arn:aws:ec2:us-east-1:897722705454:vpc-endpoint/vpce-043681943e5715524",
            "auto_accept": null,
            "cidr_blocks": [],
            "dns_entry": [
              {
                "dns_name": "vpce-043681943e5715524-rzztti62.secretsmanager.us-east-1.vpce.amazonaws.com",
                "hosted_zone_id": "Z7HUB22UULQXV"
              },
              {
                "dns_name": "vpce-043681943e5715524-rzztti62-us-east-1a.secretsmanager.us-east-1.vpce.amazonaws.com",
                "hosted_zone_id": "Z7HUB22UULQXV"
              },
              {
                "dns_name": "vpce-043681943e5715524-rzztti62-us-east-1e.secretsmanager.us-east-1.vpce.amazonaws.com",
                "hosted_zone_id": "Z7HUB22UULQXV"
              },
              {
                "dns_name": "vpce-043681943e5715524-rzztti62-us-east-1d.secretsmanager.us-east-1.vpce.amazonaws.com",
                "hosted_zone_id": "Z7HUB22UULQXV"
              },
              {
                "dns_name": "vpce-043681943e5715524-rzztti62-us-east-1f.secretsmanager.us-east-1.vpce.amazonaws.com",
                "hosted_zone_id": "Z7HUB22UULQXV"
              },
              {
                "dns_name": "vpce-043681943e5715524-rzztti62-us-east-1b.secretsmanager.us-east-1.vpce.amazonaws.com",
                "hosted_zone_id": "Z7HUB22UULQXV"
              },
              {
                "dns_name": "vpce-043681943e5715524-rzztti62-us-east-1c.secretsmanager.us-east-1.vpce.amazonaws.com",
                "hosted_zone_id": "Z7HUB22UULQXV"
              },
              {
                "dns_name": "secretsmanager.us-east-1.amazonaws.com",
                "hosted_zone_id": "Z0197094Q52B1QD8DTY2"
              }
            ],
            "dns_options": [
              {
                "dns_record_ip_type": "ipv4",
                "private_dns_only_for_inbound_resolver_endpoint": false
              }
            ],
            "id": "vpce-043681943e5715524",
            "ip_address_type": "ipv4",
            "network_interface_ids": [
              "eni-00c3f64815f7eec0a",
              "eni-03a2de684483338fb",
              "eni-0411195498b41df8a",
              "eni-0b14d880459f3622a",
              "eni-0c94f2e76bc4ea155",
              "eni-0f4e1d22177b500d5"
            ],
            "owner_id": "897722705454",
            "policy": "{\"Statement\":[{\"Action\":\"*\",\"Effect\":\"Allow\",\"Principal\":\"*\",\"Resource\":\"*\"}]}",
            "prefix_list_id": null,
            "private_dns_enabled": true,
            "requester_managed": false,
            "resource_configuration_arn": "",
            "route_table_ids": [],
            "security_group_ids": [
              "sg-01885a66c2697258e"
            ],
            "service_name": "com.amazonaws.us-east-1.secretsmanager",
            "service_network_arn": "",
            "service_region": "us-east-1",
            "state": "available",
            "subnet_configuration": [
              {
                "ipv4": "10.0.10.60",
                "ipv6": "",
                "subnet_id": "subnet-0c15fc97549ec1c95"
              },
              {
                "ipv4": "10.0.11.197",
                "ipv6": "",
                "subnet_id": "subnet-00df362f4d9608507"
              },
              {
                "ipv4": "10.0.12.59",
                "ipv6": "",
                "subnet_id": "subnet-0c1710d094b73434b"
              },
              {
                "ipv4": "10.0.13.211",
                "ipv6": "",
                "subnet_id": "subnet-0dc82185e46aa7600"
              },
              {
                "ipv4": "10.0.14.176",
                "ipv6": "",
                "subnet_id": "subnet-002399232efe44691"
              },
              {
                "ipv4": "10.0.15.40",
                "ipv6": "",
                "subnet_id": "subnet-0a23cc545701f2b22"
              }
            ],
            "subnet_ids": [
              "subnet-002399232efe44691",
              "subnet-00df362f4d9608507",
              "subnet-0a23cc545701f2b22",
              "subnet-0c15fc97549ec1c95",
              "subnet-0c1710d094b73434b",
              "subnet-0dc82185e46aa7600"
            ],
            "tags": {
              "Environment": "dev",
              "Name": "laravel-api-dev-secretsmanager-endpoint",
              "Project": "laravel-api",
              "Type": "vpc-endpoint"
            },
            "tags_all": {
              "CreatedBy": "Cloud Team",
              "Environment": "dev",
              "ManagedBy": "Terraform",
              "Name": "laravel-api-dev-secretsmanager-endpoint",
              "Project": "laravel-api",
              "Type": "vpc-endpoint"
            },
            "timeouts": null,
            "vpc_endpoint_type": "Interface",
            "vpc_id": "vpc-00213036e65ca748e"
          },
          "sensitive_attributes": [],
          "private": "eyJlMmJmYjczMC1lY2FhLTExZTYtOGY4OC0zNDM2M2JjN2M0YzAiOnsiY3JlYXRlIjo2MDAwMDAwMDAwMDAsImRlbGV0ZSI6NjAwMDAwMDAwMDAwLCJ1cGRhdGUiOjYwMDAwMDAwMDAwMH19",
          "dependencies": [
            "data.aws_availability_zones.available",
            "module.vpc.aws_security_group.vpc_endpoint",
            "module.vpc.aws_subnet.private",
            "module.vpc.aws_vpc.main",
            "module.vpc.data.aws_region.current"
          ]
        }
      ]
    }
  ],
  "check_results": [
    {
      "object_kind": "var",
      "config_addr": "var.environment",
      "status": "pass",
      "objects": [
        {
          "object_addr": "var.environment",
          "status": "pass"
        }
      ]
    }
  ]
}
