{
  "version": 4,
  "terraform_version": "1.10.4",
  "serial": 106,
  "lineage": "330bffd3-a258-8de2-02ff-41cf5ab49138",
  "outputs": {
    "alb_arn": {
      "value": "arn:aws:elasticloadbalancing:us-east-1:897722705454:loadbalancer/app/laravel-api-dev-alb/cbdcfbc964606d59",
      "type": "string"
    },
    "alb_dns_name": {
      "value": "laravel-api-dev-alb-1928985986.us-east-1.elb.amazonaws.com",
      "type": "string"
    },
    "alb_url": {
      "value": "http://laravel-api-dev-alb-1928985986.us-east-1.elb.amazonaws.com",
      "type": "string"
    },
    "alb_zone_id": {
      "value": "Z35SXDOTRQ7X7K",
      "type": "string"
    },
    "api_url": {
      "value": "https://laravel-api-dev.vboom.io/api",
      "type": "string"
    },
    "application_url": {
      "value": "https://laravel-api-dev.vboom.io",
      "type": "string"
    },
    "aws_region": {
      "value": "us-east-1",
      "type": "string"
    },
    "cloudfront_distribution_id": {
      "value": "E3VNQJ9H9YIYRZ",
      "type": "string"
    },
    "cloudfront_domain_name": {
      "value": "d1nsyi2o1ghy3x.cloudfront.net",
      "type": "string"
    },
    "cloudfront_hosted_zone_id": {
      "value": "Z2FDTNDATAQYW2",
      "type": "string"
    },
    "deployment_summary": {
      "value": {
        "alb_url": "http://laravel-api-dev-alb-1928985986.us-east-1.elb.amazonaws.com",
        "api_url": "https://laravel-api-dev.vboom.io/api",
        "application_url": "https://laravel-api-dev.vboom.io",
        "aws_region": "us-east-1",
        "ecr_repository": "897722705454.dkr.ecr.us-east-1.amazonaws.com/laravel-api",
        "environment": "dev",
        "project_name": "laravel-api",
        "rds_endpoint": "laravel-api-dev-db.c8tmkqoo29dt.us-east-1.rds.amazonaws.com:3306",
        "redis_endpoint": "laravel-api-dev-redis.h4x5jb.ng.0001.use1.cache.amazonaws.com",
        "vpc_id": "vpc-08082223053934ea8"
      },
      "type": [
        "object",
        {
          "alb_url": "string",
          "api_url": "string",
          "application_url": "string",
          "aws_region": "string",
          "ecr_repository": "string",
          "environment": "string",
          "project_name": "string",
          "rds_endpoint": "string",
          "redis_endpoint": "string",
          "vpc_id": "string"
        }
      ]
    },
    "ecr_repository_name": {
      "value": "laravel-api",
      "type": "string"
    },
    "ecr_repository_url": {
      "value": "897722705454.dkr.ecr.us-east-1.amazonaws.com/laravel-api",
      "type": "string"
    },
    "ecs_cluster_arn": {
      "value": "arn:aws:ecs:us-east-1:897722705454:cluster/laravel-api-dev-cluster",
      "type": "string"
    },
    "ecs_cluster_name": {
      "value": "laravel-api-dev-cluster",
      "type": "string"
    },
    "ecs_service_name": {
      "value": "laravel-api-dev-service",
      "type": "string"
    },
    "ecs_task_definition_arn": {
      "value": "arn:aws:ecs:us-east-1:897722705454:task-definition/laravel-api-dev:4",
      "type": "string"
    },
    "environment": {
      "value": "dev",
      "type": "string"
    },
    "generated_app_key": {
      "value": "base64:bXlRU1R3cTRwZ3Y0U3o5dlRTMkJsOFhYaWJUa2R5aUk=",
      "type": "string",
      "sensitive": true
    },
    "generated_db_password": {
      "value": "GRKqNrfjsTB9eFpl",
      "type": "string",
      "sensitive": true
    },
    "private_subnet_ids": {
      "value": [
        "subnet-0fd60b7f1b751dc9d",
        "subnet-06139fdf0158cd00c",
        "subnet-09391fb2ea5c8c0ce",
        "subnet-043f4cea6c4c2efdb",
        "subnet-06f8c6a150973ba14",
        "subnet-0b4d71a667906dd69"
      ],
      "type": [
        "tuple",
        [
          "string",
          "string",
          "string",
          "string",
          "string",
          "string"
        ]
      ]
    },
    "project_name": {
      "value": "laravel-api",
      "type": "string"
    },
    "public_subnet_ids": {
      "value": [
        "subnet-0ee87246f6b700cab",
        "subnet-0ca3df3fd9cbe8225",
        "subnet-03118d96767deeb0d",
        "subnet-04a2de7fdf2642ca2",
        "subnet-09d7a92a9e3debef7",
        "subnet-0048be8aebaf388c5"
      ],
      "type": [
        "tuple",
        [
          "string",
          "string",
          "string",
          "string",
          "string",
          "string"
        ]
      ]
    },
    "rds_database_name": {
      "value": "laravel",
      "type": "string"
    },
    "rds_endpoint": {
      "value": "laravel-api-dev-db.c8tmkqoo29dt.us-east-1.rds.amazonaws.com:3306",
      "type": "string",
      "sensitive": true
    },
    "rds_port": {
      "value": 3306,
      "type": "number"
    },
    "redis_endpoint": {
      "value": "laravel-api-dev-redis.h4x5jb.ng.0001.use1.cache.amazonaws.com",
      "type": "string",
      "sensitive": true
    },
    "redis_port": {
      "value": 6379,
      "type": "number"
    },
    "secrets_manager_arns": {
      "value": {
        "app_key": "arn:aws:secretsmanager:us-east-1:897722705454:secret:laravel-api-dev-app-key-v2-J9YcrF",
        "db_password": "arn:aws:secretsmanager:us-east-1:897722705454:secret:laravel-api-dev-db-password-v2-J9YcrF"
      },
      "type": [
        "object",
        {
          "app_key": "string",
          "db_password": "string"
        }
      ]
    },
    "vpc_cidr_block": {
      "value": "10.0.0.0/16",
      "type": "string"
    },
    "vpc_id": {
      "value": "vpc-08082223053934ea8",
      "type": "string"
    }
  },
  "resources": [
    {
      "mode": "data",
      "type": "aws_availability_zones",
      "name": "available",
      "provider": "provider[\"registry.terraform.io/hashicorp/aws\"]",
      "instances": [
        {
          "schema_version": 0,
          "attributes": {
            "all_availability_zones": null,
            "exclude_names": null,
            "exclude_zone_ids": null,
            "filter": null,
            "group_names": [
              "us-east-1-zg-1"
            ],
            "id": "us-east-1",
            "names": [
              "us-east-1a",
              "us-east-1b",
              "us-east-1c",
              "us-east-1d",
              "us-east-1e",
              "us-east-1f"
            ],
            "state": "available",
            "timeouts": null,
            "zone_ids": [
              "use1-az4",
              "use1-az6",
              "use1-az1",
              "use1-az2",
              "use1-az3",
              "use1-az5"
            ]
          },
          "sensitive_attributes": []
        }
      ]
    },
    {
      "mode": "data",
      "type": "aws_caller_identity",
      "name": "current",
      "provider": "provider[\"registry.terraform.io/hashicorp/aws\"]",
      "instances": [
        {
          "schema_version": 0,
          "attributes": {
            "account_id": "897722705454",
            "arn": "arn:aws:iam::897722705454:user/laravel-terraform-user",
            "id": "897722705454",
            "user_id": "AIDA5CBDRMYXGR72G67KE"
          },
          "sensitive_attributes": []
        }
      ]
    },
    {
      "module": "module.alb",
      "mode": "managed",
      "type": "aws_cloudwatch_log_group",
      "name": "alb",
      "provider": "provider[\"registry.terraform.io/hashicorp/aws\"]",
      "instances": [
        {
          "schema_version": 0,
          "attributes": {
            "arn": "arn:aws:logs:us-east-1:897722705454:log-group:/aws/applicationloadbalancer/laravel-api-dev",
            "id": "/aws/applicationloadbalancer/laravel-api-dev",
            "kms_key_id": "",
            "log_group_class": "STANDARD",
            "name": "/aws/applicationloadbalancer/laravel-api-dev",
            "name_prefix": "",
            "retention_in_days": 7,
            "skip_destroy": false,
            "tags": {
              "Environment": "dev",
              "Name": "laravel-api-dev-alb-logs",
              "Project": "laravel-api"
            },
            "tags_all": {
              "CreatedBy": "Cloud Team",
              "Environment": "dev",
              "ManagedBy": "Terraform",
              "Name": "laravel-api-dev-alb-logs",
              "Project": "laravel-api"
            }
          },
          "sensitive_attributes": [],
          "private": "bnVsbA=="
        }
      ]
    },
    {
      "module": "module.alb",
      "mode": "managed",
      "type": "aws_lb",
      "name": "main",
      "provider": "provider[\"registry.terraform.io/hashicorp/aws\"]",
      "instances": [
        {
          "schema_version": 0,
          "attributes": {
            "access_logs": [
              {
                "bucket": "",
                "enabled": false,
                "prefix": ""
              }
            ],
            "arn": "arn:aws:elasticloadbalancing:us-east-1:897722705454:loadbalancer/app/laravel-api-dev-alb/cbdcfbc964606d59",
            "arn_suffix": "app/laravel-api-dev-alb/cbdcfbc964606d59",
            "client_keep_alive": 3600,
            "connection_logs": [
              {
                "bucket": "",
                "enabled": false,
                "prefix": ""
              }
            ],
            "customer_owned_ipv4_pool": "",
            "desync_mitigation_mode": "defensive",
            "dns_name": "laravel-api-dev-alb-1928985986.us-east-1.elb.amazonaws.com",
            "dns_record_client_routing_policy": null,
            "drop_invalid_header_fields": false,
            "enable_cross_zone_load_balancing": true,
            "enable_deletion_protection": false,
            "enable_http2": true,
            "enable_tls_version_and_cipher_suite_headers": false,
            "enable_waf_fail_open": false,
            "enable_xff_client_port": false,
            "enable_zonal_shift": false,
            "enforce_security_group_inbound_rules_on_private_link_traffic": "",
            "id": "arn:aws:elasticloadbalancing:us-east-1:897722705454:loadbalancer/app/laravel-api-dev-alb/cbdcfbc964606d59",
            "idle_timeout": 60,
            "internal": false,
            "ip_address_type": "ipv4",
            "ipam_pools": [],
            "load_balancer_type": "application",
            "minimum_load_balancer_capacity": [],
            "name": "laravel-api-dev-alb",
            "name_prefix": "",
            "preserve_host_header": false,
            "security_groups": [
              "sg-0d0f1b972a1bc35fa"
            ],
            "subnet_mapping": [
              {
                "allocation_id": "",
                "ipv6_address": "",
                "outpost_id": "",
                "private_ipv4_address": "",
                "subnet_id": "subnet-0048be8aebaf388c5"
              },
              {
                "allocation_id": "",
                "ipv6_address": "",
                "outpost_id": "",
                "private_ipv4_address": "",
                "subnet_id": "subnet-03118d96767deeb0d"
              },
              {
                "allocation_id": "",
                "ipv6_address": "",
                "outpost_id": "",
                "private_ipv4_address": "",
                "subnet_id": "subnet-04a2de7fdf2642ca2"
              },
              {
                "allocation_id": "",
                "ipv6_address": "",
                "outpost_id": "",
                "private_ipv4_address": "",
                "subnet_id": "subnet-09d7a92a9e3debef7"
              },
              {
                "allocation_id": "",
                "ipv6_address": "",
                "outpost_id": "",
                "private_ipv4_address": "",
                "subnet_id": "subnet-0ca3df3fd9cbe8225"
              },
              {
                "allocation_id": "",
                "ipv6_address": "",
                "outpost_id": "",
                "private_ipv4_address": "",
                "subnet_id": "subnet-0ee87246f6b700cab"
              }
            ],
            "subnets": [
              "subnet-0048be8aebaf388c5",
              "subnet-03118d96767deeb0d",
              "subnet-04a2de7fdf2642ca2",
              "subnet-09d7a92a9e3debef7",
              "subnet-0ca3df3fd9cbe8225",
              "subnet-0ee87246f6b700cab"
            ],
            "tags": {
              "Environment": "dev",
              "Name": "laravel-api-dev-alb",
              "Project": "laravel-api",
              "Type": "load-balancer"
            },
            "tags_all": {
              "CreatedBy": "Cloud Team",
              "Environment": "dev",
              "ManagedBy": "Terraform",
              "Name": "laravel-api-dev-alb",
              "Project": "laravel-api",
              "Type": "load-balancer"
            },
            "timeouts": null,
            "vpc_id": "vpc-08082223053934ea8",
            "xff_header_processing_mode": "append",
            "zone_id": "Z35SXDOTRQ7X7K"
          },
          "sensitive_attributes": [],
          "private": "eyJlMmJmYjczMC1lY2FhLTExZTYtOGY4OC0zNDM2M2JjN2M0YzAiOnsiY3JlYXRlIjo2MDAwMDAwMDAwMDAsImRlbGV0ZSI6NjAwMDAwMDAwMDAwLCJ1cGRhdGUiOjYwMDAwMDAwMDAwMH19",
          "dependencies": [
            "data.aws_availability_zones.available",
            "module.alb.aws_security_group.alb",
            "module.vpc.aws_subnet.public",
            "module.vpc.aws_vpc.main"
          ]
        }
      ]
    },
    {
      "module": "module.alb",
      "mode": "managed",
      "type": "aws_lb_listener",
      "name": "http",
      "provider": "provider[\"registry.terraform.io/hashicorp/aws\"]",
      "instances": [
        {
          "schema_version": 0,
          "attributes": {
            "alpn_policy": null,
            "arn": "arn:aws:elasticloadbalancing:us-east-1:897722705454:listener/app/laravel-api-dev-alb/cbdcfbc964606d59/410676a83e017f64",
            "certificate_arn": null,
            "default_action": [
              {
                "authenticate_cognito": [],
                "authenticate_oidc": [],
                "fixed_response": [],
                "forward": [],
                "order": 1,
                "redirect": [],
                "target_group_arn": "arn:aws:elasticloadbalancing:us-east-1:897722705454:targetgroup/laravel-api-dev-tg/75c627076f3cb8dc",
                "type": "forward"
              }
            ],
            "id": "arn:aws:elasticloadbalancing:us-east-1:897722705454:listener/app/laravel-api-dev-alb/cbdcfbc964606d59/410676a83e017f64",
            "load_balancer_arn": "arn:aws:elasticloadbalancing:us-east-1:897722705454:loadbalancer/app/laravel-api-dev-alb/cbdcfbc964606d59",
            "mutual_authentication": [],
            "port": 80,
            "protocol": "HTTP",
            "routing_http_request_x_amzn_mtls_clientcert_header_name": null,
            "routing_http_request_x_amzn_mtls_clientcert_issuer_header_name": null,
            "routing_http_request_x_amzn_mtls_clientcert_leaf_header_name": null,
            "routing_http_request_x_amzn_mtls_clientcert_serial_number_header_name": null,
            "routing_http_request_x_amzn_mtls_clientcert_subject_header_name": null,
            "routing_http_request_x_amzn_mtls_clientcert_validity_header_name": null,
            "routing_http_request_x_amzn_tls_cipher_suite_header_name": null,
            "routing_http_request_x_amzn_tls_version_header_name": null,
            "routing_http_response_access_control_allow_credentials_header_value": "",
            "routing_http_response_access_control_allow_headers_header_value": "",
            "routing_http_response_access_control_allow_methods_header_value": "",
            "routing_http_response_access_control_allow_origin_header_value": "",
            "routing_http_response_access_control_expose_headers_header_value": "",
            "routing_http_response_access_control_max_age_header_value": "",
            "routing_http_response_content_security_policy_header_value": "",
            "routing_http_response_server_enabled": true,
            "routing_http_response_strict_transport_security_header_value": "",
            "routing_http_response_x_content_type_options_header_value": "",
            "routing_http_response_x_frame_options_header_value": "",
            "ssl_policy": "",
            "tags": {
              "Environment": "dev",
              "Name": "laravel-api-dev-http-listener",
              "Project": "laravel-api"
            },
            "tags_all": {
              "CreatedBy": "Cloud Team",
              "Environment": "dev",
              "ManagedBy": "Terraform",
              "Name": "laravel-api-dev-http-listener",
              "Project": "laravel-api"
            },
            "tcp_idle_timeout_seconds": null,
            "timeouts": null
          },
          "sensitive_attributes": [],
          "private": "eyJlMmJmYjczMC1lY2FhLTExZTYtOGY4OC0zNDM2M2JjN2M0YzAiOnsiY3JlYXRlIjozMDAwMDAwMDAwMDAsInVwZGF0ZSI6MzAwMDAwMDAwMDAwfX0=",
          "dependencies": [
            "data.aws_availability_zones.available",
            "module.alb.aws_lb.main",
            "module.alb.aws_lb_target_group.main",
            "module.alb.aws_security_group.alb",
            "module.vpc.aws_subnet.public",
            "module.vpc.aws_vpc.main"
          ]
        }
      ]
    },
    {
      "module": "module.alb",
      "mode": "managed",
      "type": "aws_lb_target_group",
      "name": "main",
      "provider": "provider[\"registry.terraform.io/hashicorp/aws\"]",
      "instances": [
        {
          "schema_version": 0,
          "attributes": {
            "arn": "arn:aws:elasticloadbalancing:us-east-1:897722705454:targetgroup/laravel-api-dev-tg/75c627076f3cb8dc",
            "arn_suffix": "targetgroup/laravel-api-dev-tg/75c627076f3cb8dc",
            "connection_termination": null,
            "deregistration_delay": "300",
            "health_check": [
              {
                "enabled": true,
                "healthy_threshold": 2,
                "interval": 30,
                "matcher": "200",
                "path": "/api/ping",
                "port": "traffic-port",
                "protocol": "HTTP",
                "timeout": 15,
                "unhealthy_threshold": 3
              }
            ],
            "id": "arn:aws:elasticloadbalancing:us-east-1:897722705454:targetgroup/laravel-api-dev-tg/75c627076f3cb8dc",
            "ip_address_type": "ipv4",
            "lambda_multi_value_headers_enabled": false,
            "load_balancer_arns": [
              "arn:aws:elasticloadbalancing:us-east-1:897722705454:loadbalancer/app/laravel-api-dev-alb/cbdcfbc964606d59"
            ],
            "load_balancing_algorithm_type": "round_robin",
            "load_balancing_anomaly_mitigation": "off",
            "load_balancing_cross_zone_enabled": "use_load_balancer_configuration",
            "name": "laravel-api-dev-tg",
            "name_prefix": "",
            "port": 80,
            "preserve_client_ip": null,
            "protocol": "HTTP",
            "protocol_version": "HTTP1",
            "proxy_protocol_v2": false,
            "slow_start": 0,
            "stickiness": [
              {
                "cookie_duration": 86400,
                "cookie_name": "",
                "enabled": false,
                "type": "lb_cookie"
              }
            ],
            "tags": {
              "Environment": "dev",
              "Name": "laravel-api-dev-tg",
              "Project": "laravel-api",
              "Type": "target-group"
            },
            "tags_all": {
              "CreatedBy": "Cloud Team",
              "Environment": "dev",
              "ManagedBy": "Terraform",
              "Name": "laravel-api-dev-tg",
              "Project": "laravel-api",
              "Type": "target-group"
            },
            "target_failover": [
              {
                "on_deregistration": null,
                "on_unhealthy": null
              }
            ],
            "target_group_health": [
              {
                "dns_failover": [
                  {
                    "minimum_healthy_targets_count": "1",
                    "minimum_healthy_targets_percentage": "off"
                  }
                ],
                "unhealthy_state_routing": [
                  {
                    "minimum_healthy_targets_count": 1,
                    "minimum_healthy_targets_percentage": "off"
                  }
                ]
              }
            ],
            "target_health_state": [
              {
                "enable_unhealthy_connection_termination": null,
                "unhealthy_draining_interval": null
              }
            ],
            "target_type": "ip",
            "vpc_id": "vpc-08082223053934ea8"
          },
          "sensitive_attributes": [],
          "private": "bnVsbA==",
          "dependencies": [
            "module.vpc.aws_vpc.main"
          ]
        }
      ]
    },
    {
      "module": "module.alb",
      "mode": "managed",
      "type": "aws_security_group",
      "name": "alb",
      "provider": "provider[\"registry.terraform.io/hashicorp/aws\"]",
      "instances": [
        {
          "schema_version": 1,
          "attributes": {
            "arn": "arn:aws:ec2:us-east-1:897722705454:security-group/sg-0d0f1b972a1bc35fa",
            "description": "Managed by Terraform",
            "egress": [
              {
                "cidr_blocks": [
                  "0.0.0.0/0"
                ],
                "description": "",
                "from_port": 0,
                "ipv6_cidr_blocks": [],
                "prefix_list_ids": [],
                "protocol": "-1",
                "security_groups": [],
                "self": false,
                "to_port": 0
              }
            ],
            "id": "sg-0d0f1b972a1bc35fa",
            "ingress": [
              {
                "cidr_blocks": [
                  "0.0.0.0/0"
                ],
                "description": "HTTP",
                "from_port": 80,
                "ipv6_cidr_blocks": [],
                "prefix_list_ids": [],
                "protocol": "tcp",
                "security_groups": [],
                "self": false,
                "to_port": 80
              },
              {
                "cidr_blocks": [
                  "0.0.0.0/0"
                ],
                "description": "HTTPS",
                "from_port": 443,
                "ipv6_cidr_blocks": [],
                "prefix_list_ids": [],
                "protocol": "tcp",
                "security_groups": [],
                "self": false,
                "to_port": 443
              }
            ],
            "name": "laravel-api-dev-alb-2025090710165752220000000d",
            "name_prefix": "laravel-api-dev-alb-",
            "owner_id": "897722705454",
            "revoke_rules_on_delete": false,
            "tags": {
              "Environment": "dev",
              "Name": "laravel-api-dev-alb-sg",
              "Project": "laravel-api",
              "Type": "alb"
            },
            "tags_all": {
              "CreatedBy": "Cloud Team",
              "Environment": "dev",
              "ManagedBy": "Terraform",
              "Name": "laravel-api-dev-alb-sg",
              "Project": "laravel-api",
              "Type": "alb"
            },
            "timeouts": null,
            "vpc_id": "vpc-08082223053934ea8"
          },
          "sensitive_attributes": [],
          "private": "eyJlMmJmYjczMC1lY2FhLTExZTYtOGY4OC0zNDM2M2JjN2M0YzAiOnsiY3JlYXRlIjo2MDAwMDAwMDAwMDAsImRlbGV0ZSI6OTAwMDAwMDAwMDAwfSwic2NoZW1hX3ZlcnNpb24iOiIxIn0=",
          "dependencies": [
            "module.vpc.aws_vpc.main"
          ]
        }
      ]
    },
    {
      "module": "module.cloudfront",
      "mode": "managed",
      "type": "aws_cloudfront_distribution",
      "name": "main",
      "provider": "provider[\"registry.terraform.io/hashicorp/aws\"]",
      "instances": [
        {
          "schema_version": 1,
          "attributes": {
            "aliases": null,
            "arn": "arn:aws:cloudfront::897722705454:distribution/E3VNQJ9H9YIYRZ",
            "caller_reference": "terraform-20250907114104676600000001",
            "comment": "CloudFront distribution for laravel-api-dev",
            "continuous_deployment_policy_id": "",
            "custom_error_response": [],
            "default_cache_behavior": [
              {
                "allowed_methods": [
                  "DELETE",
                  "GET",
                  "HEAD",
                  "OPTIONS",
                  "PATCH",
                  "POST",
                  "PUT"
                ],
                "cache_policy_id": "",
                "cached_methods": [
                  "GET",
                  "HEAD"
                ],
                "compress": false,
                "default_ttl": 0,
                "field_level_encryption_id": "",
                "forwarded_values": [
                  {
                    "cookies": [
                      {
                        "forward": "all",
                        "whitelisted_names": []
                      }
                    ],
                    "headers": [
                      "Accept",
                      "Authorization",
                      "Content-Type"
                    ],
                    "query_string": true,
                    "query_string_cache_keys": []
                  }
                ],
                "function_association": [],
                "grpc_config": [
                  {
                    "enabled": false
                  }
                ],
                "lambda_function_association": [],
                "max_ttl": 0,
                "min_ttl": 0,
                "origin_request_policy_id": "",
                "realtime_log_config_arn": "",
                "response_headers_policy_id": "",
                "smooth_streaming": false,
                "target_origin_id": "ALB-laravel-api-dev",
                "trusted_key_groups": [],
                "trusted_signers": [],
                "viewer_protocol_policy": "redirect-to-https"
              }
            ],
            "default_root_object": "",
            "domain_name": "d1nsyi2o1ghy3x.cloudfront.net",
            "enabled": true,
            "etag": "E3KAAGBIVAE1MR",
            "hosted_zone_id": "Z2FDTNDATAQYW2",
            "http_version": "http2",
            "id": "E3VNQJ9H9YIYRZ",
            "in_progress_validation_batches": 0,
            "is_ipv6_enabled": true,
            "last_modified_time": "2025-09-07 11:41:05.585 +0000 UTC",
            "logging_config": [],
            "ordered_cache_behavior": [
              {
                "allowed_methods": [
                  "DELETE",
                  "GET",
                  "HEAD",
                  "OPTIONS",
                  "PATCH",
                  "POST",
                  "PUT"
                ],
                "cache_policy_id": "",
                "cached_methods": [
                  "GET",
                  "HEAD"
                ],
                "compress": false,
                "default_ttl": 0,
                "field_level_encryption_id": "",
                "forwarded_values": [
                  {
                    "cookies": [
                      {
                        "forward": "all",
                        "whitelisted_names": null
                      }
                    ],
                    "headers": [
                      "Accept",
                      "Authorization",
                      "Content-Type"
                    ],
                    "query_string": true,
                    "query_string_cache_keys": []
                  }
                ],
                "function_association": [],
                "grpc_config": [
                  {
                    "enabled": false
                  }
                ],
                "lambda_function_association": [],
                "max_ttl": 0,
                "min_ttl": 0,
                "origin_request_policy_id": "",
                "path_pattern": "/api/*",
                "realtime_log_config_arn": "",
                "response_headers_policy_id": "",
                "smooth_streaming": false,
                "target_origin_id": "ALB-laravel-api-dev",
                "trusted_key_groups": null,
                "trusted_signers": null,
                "viewer_protocol_policy": "redirect-to-https"
              },
              {
                "allowed_methods": [
                  "GET",
                  "HEAD"
                ],
                "cache_policy_id": "",
                "cached_methods": [
                  "GET",
                  "HEAD"
                ],
                "compress": false,
                "default_ttl": 86400,
                "field_level_encryption_id": "",
                "forwarded_values": [
                  {
                    "cookies": [
                      {
                        "forward": "none",
                        "whitelisted_names": null
                      }
                    ],
                    "headers": [
                      "Origin"
                    ],
                    "query_string": false,
                    "query_string_cache_keys": []
                  }
                ],
                "function_association": [],
                "grpc_config": [
                  {
                    "enabled": false
                  }
                ],
                "lambda_function_association": [],
                "max_ttl": 31536000,
                "min_ttl": 86400,
                "origin_request_policy_id": "",
                "path_pattern": "/assets/*",
                "realtime_log_config_arn": "",
                "response_headers_policy_id": "",
                "smooth_streaming": false,
                "target_origin_id": "ALB-laravel-api-dev",
                "trusted_key_groups": null,
                "trusted_signers": null,
                "viewer_protocol_policy": "redirect-to-https"
              }
            ],
            "origin": [
              {
                "connection_attempts": 3,
                "connection_timeout": 10,
                "custom_header": [],
                "custom_origin_config": [
                  {
                    "http_port": 80,
                    "https_port": 443,
                    "origin_keepalive_timeout": 5,
                    "origin_protocol_policy": "http-only",
                    "origin_read_timeout": 30,
                    "origin_ssl_protocols": [
                      "TLSv1.2"
                    ]
                  }
                ],
                "domain_name": "laravel-api-dev-alb-1928985986.us-east-1.elb.amazonaws.com",
                "origin_access_control_id": "",
                "origin_id": "ALB-laravel-api-dev",
                "origin_path": "",
                "origin_shield": [],
                "s3_origin_config": [],
                "vpc_origin_config": []
              }
            ],
            "origin_group": [],
            "price_class": "PriceClass_All",
            "restrictions": [
              {
                "geo_restriction": [
                  {
                    "locations": [],
                    "restriction_type": "none"
                  }
                ]
              }
            ],
            "retain_on_delete": false,
            "staging": false,
            "status": "Deployed",
            "tags": {
              "Environment": "dev",
              "Name": "laravel-api-dev-cloudfront",
              "Project": "laravel-api",
              "Type": "cloudfront"
            },
            "tags_all": {
              "CreatedBy": "Cloud Team",
              "Environment": "dev",
              "ManagedBy": "Terraform",
              "Name": "laravel-api-dev-cloudfront",
              "Project": "laravel-api",
              "Type": "cloudfront"
            },
            "trusted_key_groups": [
              {
                "enabled": false,
                "items": []
              }
            ],
            "trusted_signers": [
              {
                "enabled": false,
                "items": []
              }
            ],
            "viewer_certificate": [
              {
                "acm_certificate_arn": "",
                "cloudfront_default_certificate": true,
                "iam_certificate_id": "",
                "minimum_protocol_version": "TLSv1",
                "ssl_support_method": ""
              }
            ],
            "wait_for_deployment": true,
            "web_acl_id": ""
          },
          "sensitive_attributes": [],
          "private": "eyJzY2hlbWFfdmVyc2lvbiI6IjEifQ==",
          "dependencies": [
            "data.aws_availability_zones.available",
            "module.alb.aws_lb.main",
            "module.alb.aws_security_group.alb",
            "module.vpc.aws_subnet.public",
            "module.vpc.aws_vpc.main"
          ]
        }
      ]
    },
    {
      "module": "module.ecr",
      "mode": "data",
      "type": "aws_caller_identity",
      "name": "current",
      "provider": "provider[\"registry.terraform.io/hashicorp/aws\"]",
      "instances": [
        {
          "schema_version": 0,
          "attributes": {
            "account_id": "897722705454",
            "arn": "arn:aws:iam::897722705454:user/laravel-terraform-user",
            "id": "897722705454",
            "user_id": "AIDA5CBDRMYXGR72G67KE"
          },
          "sensitive_attributes": []
        }
      ]
    },
    {
      "module": "module.ecr",
      "mode": "managed",
      "type": "aws_ecr_lifecycle_policy",
      "name": "main",
      "provider": "provider[\"registry.terraform.io/hashicorp/aws\"]",
      "instances": [
        {
          "schema_version": 0,
          "attributes": {
            "id": "laravel-api",
            "policy": "{\"rules\":[{\"action\":{\"type\":\"expire\"},\"description\":\"Keep last 10 images\",\"rulePriority\":1,\"selection\":{\"countNumber\":10,\"countType\":\"imageCountMoreThan\",\"tagPrefixList\":[\"v\"],\"tagStatus\":\"tagged\"}},{\"action\":{\"type\":\"expire\"},\"description\":\"Delete untagged images older than 1 day\",\"rulePriority\":2,\"selection\":{\"countNumber\":1,\"countType\":\"sinceImagePushed\",\"countUnit\":\"days\",\"tagStatus\":\"untagged\"}}]}",
            "registry_id": "897722705454",
            "repository": "laravel-api"
          },
          "sensitive_attributes": [],
          "private": "bnVsbA==",
          "dependencies": [
            "module.ecr.aws_ecr_repository.main"
          ]
        }
      ]
    },
    {
      "module": "module.ecr",
      "mode": "managed",
      "type": "aws_ecr_repository",
      "name": "main",
      "provider": "provider[\"registry.terraform.io/hashicorp/aws\"]",
      "instances": [
        {
          "schema_version": 0,
          "attributes": {
            "arn": "arn:aws:ecr:us-east-1:897722705454:repository/laravel-api",
            "encryption_configuration": [
              {
                "encryption_type": "AES256",
                "kms_key": ""
              }
            ],
            "force_delete": null,
            "id": "laravel-api",
            "image_scanning_configuration": [
              {
                "scan_on_push": true
              }
            ],
            "image_tag_mutability": "MUTABLE",
            "name": "laravel-api",
            "registry_id": "897722705454",
            "repository_url": "897722705454.dkr.ecr.us-east-1.amazonaws.com/laravel-api",
            "tags": {
              "Environment": "dev",
              "Name": "laravel-api-dev-ecr",
              "Project": "laravel-api",
              "Type": "container-registry"
            },
            "tags_all": {
              "CreatedBy": "Cloud Team",
              "Environment": "dev",
              "ManagedBy": "Terraform",
              "Name": "laravel-api-dev-ecr",
              "Project": "laravel-api",
              "Type": "container-registry"
            },
            "timeouts": null
          },
          "sensitive_attributes": [],
          "private": "eyJlMmJmYjczMC1lY2FhLTExZTYtOGY4OC0zNDM2M2JjN2M0YzAiOnsiZGVsZXRlIjoxMjAwMDAwMDAwMDAwfX0="
        }
      ]
    },
    {
      "module": "module.ecr",
      "mode": "managed",
      "type": "aws_ecr_repository_policy",
      "name": "main",
      "provider": "provider[\"registry.terraform.io/hashicorp/aws\"]",
      "instances": [
        {
          "schema_version": 0,
          "attributes": {
            "id": "laravel-api",
            "policy": "{\"Statement\":[{\"Action\":[\"ecr:GetDownloadUrlForLayer\",\"ecr:BatchGetImage\",\"ecr:BatchCheckLayerAvailability\"],\"Effect\":\"Allow\",\"Principal\":{\"AWS\":\"arn:aws:iam::897722705454:root\"},\"Sid\":\"AllowPull\"}],\"Version\":\"2012-10-17\"}",
            "registry_id": "897722705454",
            "repository": "laravel-api"
          },
          "sensitive_attributes": [],
          "private": "bnVsbA==",
          "dependencies": [
            "module.ecr.aws_ecr_repository.main",
            "module.ecr.data.aws_caller_identity.current"
          ]
        }
      ]
    },
    {
      "module": "module.ecs",
      "mode": "data",
      "type": "aws_region",
      "name": "current",
      "provider": "provider[\"registry.terraform.io/hashicorp/aws\"]",
      "instances": [
        {
          "schema_version": 0,
          "attributes": {
            "description": "US East (N. Virginia)",
            "endpoint": "ec2.us-east-1.amazonaws.com",
            "id": "us-east-1",
            "name": "us-east-1"
          },
          "sensitive_attributes": []
        }
      ]
    },
    {
      "module": "module.ecs",
      "mode": "managed",
      "type": "aws_appautoscaling_policy",
      "name": "ecs_cpu",
      "provider": "provider[\"registry.terraform.io/hashicorp/aws\"]",
      "instances": [
        {
          "schema_version": 0,
          "attributes": {
            "alarm_arns": [
              "arn:aws:cloudwatch:us-east-1:897722705454:alarm:TargetTracking-service/laravel-api-dev-cluster/laravel-api-dev-service-AlarmHigh-53084b25-e6ae-4c03-a317-ed4a995497f7",
              "arn:aws:cloudwatch:us-east-1:897722705454:alarm:TargetTracking-service/laravel-api-dev-cluster/laravel-api-dev-service-AlarmLow-d6420b2d-56ce-4991-b096-f62f0e289f37"
            ],
            "arn": "arn:aws:autoscaling:us-east-1:897722705454:scalingPolicy:217f6292-9d4b-48b6-8d5e-debb8a4b0a89:resource/ecs/service/laravel-api-dev-cluster/laravel-api-dev-service:policyName/laravel-api-dev-ecs-cpu-scaling",
            "id": "laravel-api-dev-ecs-cpu-scaling",
            "name": "laravel-api-dev-ecs-cpu-scaling",
            "policy_type": "TargetTrackingScaling",
            "resource_id": "service/laravel-api-dev-cluster/laravel-api-dev-service",
            "scalable_dimension": "ecs:service:DesiredCount",
            "service_namespace": "ecs",
            "step_scaling_policy_configuration": [],
            "target_tracking_scaling_policy_configuration": [
              {
                "customized_metric_specification": [],
                "disable_scale_in": false,
                "predefined_metric_specification": [
                  {
                    "predefined_metric_type": "ECSServiceAverageCPUUtilization",
                    "resource_label": ""
                  }
                ],
                "scale_in_cooldown": 300,
                "scale_out_cooldown": 300,
                "target_value": 70
              }
            ]
          },
          "sensitive_attributes": [],
          "private": "bnVsbA==",
          "dependencies": [
            "data.aws_availability_zones.available",
            "module.alb.aws_lb.main",
            "module.alb.aws_lb_target_group.main",
            "module.alb.aws_security_group.alb",
            "module.cloudfront.aws_cloudfront_distribution.main",
            "module.ecr.aws_ecr_repository.main",
            "module.ecs.aws_appautoscaling_target.ecs_target",
            "module.ecs.aws_cloudwatch_log_group.ecs",
            "module.ecs.aws_ecs_cluster.main",
            "module.ecs.aws_ecs_service.main",
            "module.ecs.aws_ecs_task_definition.main",
            "module.ecs.aws_iam_role.ecs_execution_role",
            "module.ecs.aws_iam_role.ecs_task_role",
            "module.ecs.aws_secretsmanager_secret.app_key",
            "module.ecs.aws_secretsmanager_secret.db_password",
            "module.ecs.data.aws_region.current",
            "module.ecs.random_password.db_password",
            "module.rds.aws_db_instance.main",
            "module.rds.aws_db_parameter_group.main",
            "module.rds.aws_db_subnet_group.main",
            "module.rds.aws_iam_role.rds_enhanced_monitoring",
            "module.rds.random_password.db_password",
            "module.redis.aws_cloudwatch_log_group.redis",
            "module.redis.aws_elasticache_parameter_group.main",
            "module.redis.aws_elasticache_replication_group.main",
            "module.redis.aws_elasticache_subnet_group.main",
            "module.vpc.aws_security_group.ecs",
            "module.vpc.aws_security_group.rds",
            "module.vpc.aws_security_group.redis",
            "module.vpc.aws_subnet.private",
            "module.vpc.aws_subnet.public",
            "module.vpc.aws_vpc.main"
          ]
        }
      ]
    },
    {
      "module": "module.ecs",
      "mode": "managed",
      "type": "aws_appautoscaling_policy",
      "name": "ecs_memory",
      "provider": "provider[\"registry.terraform.io/hashicorp/aws\"]",
      "instances": [
        {
          "schema_version": 0,
          "attributes": {
            "alarm_arns": [
              "arn:aws:cloudwatch:us-east-1:897722705454:alarm:TargetTracking-service/laravel-api-dev-cluster/laravel-api-dev-service-AlarmHigh-4b241f4c-a941-43cc-8326-4306c7d8da78",
              "arn:aws:cloudwatch:us-east-1:897722705454:alarm:TargetTracking-service/laravel-api-dev-cluster/laravel-api-dev-service-AlarmLow-82029fae-4f2c-45b4-bd23-2c4247f0db5b"
            ],
            "arn": "arn:aws:autoscaling:us-east-1:897722705454:scalingPolicy:217f6292-9d4b-48b6-8d5e-debb8a4b0a89:resource/ecs/service/laravel-api-dev-cluster/laravel-api-dev-service:policyName/laravel-api-dev-ecs-memory-scaling",
            "id": "laravel-api-dev-ecs-memory-scaling",
            "name": "laravel-api-dev-ecs-memory-scaling",
            "policy_type": "TargetTrackingScaling",
            "resource_id": "service/laravel-api-dev-cluster/laravel-api-dev-service",
            "scalable_dimension": "ecs:service:DesiredCount",
            "service_namespace": "ecs",
            "step_scaling_policy_configuration": [],
            "target_tracking_scaling_policy_configuration": [
              {
                "customized_metric_specification": [],
                "disable_scale_in": false,
                "predefined_metric_specification": [
                  {
                    "predefined_metric_type": "ECSServiceAverageMemoryUtilization",
                    "resource_label": ""
                  }
                ],
                "scale_in_cooldown": 300,
                "scale_out_cooldown": 300,
                "target_value": 80
              }
            ]
          },
          "sensitive_attributes": [],
          "private": "bnVsbA==",
          "dependencies": [
            "data.aws_availability_zones.available",
            "module.alb.aws_lb.main",
            "module.alb.aws_lb_target_group.main",
            "module.alb.aws_security_group.alb",
            "module.cloudfront.aws_cloudfront_distribution.main",
            "module.ecr.aws_ecr_repository.main",
            "module.ecs.aws_appautoscaling_target.ecs_target",
            "module.ecs.aws_cloudwatch_log_group.ecs",
            "module.ecs.aws_ecs_cluster.main",
            "module.ecs.aws_ecs_service.main",
            "module.ecs.aws_ecs_task_definition.main",
            "module.ecs.aws_iam_role.ecs_execution_role",
            "module.ecs.aws_iam_role.ecs_task_role",
            "module.ecs.aws_secretsmanager_secret.app_key",
            "module.ecs.aws_secretsmanager_secret.db_password",
            "module.ecs.data.aws_region.current",
            "module.ecs.random_password.db_password",
            "module.rds.aws_db_instance.main",
            "module.rds.aws_db_parameter_group.main",
            "module.rds.aws_db_subnet_group.main",
            "module.rds.aws_iam_role.rds_enhanced_monitoring",
            "module.rds.random_password.db_password",
            "module.redis.aws_cloudwatch_log_group.redis",
            "module.redis.aws_elasticache_parameter_group.main",
            "module.redis.aws_elasticache_replication_group.main",
            "module.redis.aws_elasticache_subnet_group.main",
            "module.vpc.aws_security_group.ecs",
            "module.vpc.aws_security_group.rds",
            "module.vpc.aws_security_group.redis",
            "module.vpc.aws_subnet.private",
            "module.vpc.aws_subnet.public",
            "module.vpc.aws_vpc.main"
          ]
        }
      ]
    },
    {
      "module": "module.ecs",
      "mode": "managed",
      "type": "aws_appautoscaling_target",
      "name": "ecs_target",
      "provider": "provider[\"registry.terraform.io/hashicorp/aws\"]",
      "instances": [
        {
          "schema_version": 0,
          "attributes": {
            "arn": "arn:aws:application-autoscaling:us-east-1:897722705454:scalable-target/0ec5217f62929d4b48b68d5edebb8a4b0a89",
            "id": "service/laravel-api-dev-cluster/laravel-api-dev-service",
            "max_capacity": 3,
            "min_capacity": 1,
            "resource_id": "service/laravel-api-dev-cluster/laravel-api-dev-service",
            "role_arn": "arn:aws:iam::897722705454:role/aws-service-role/ecs.application-autoscaling.amazonaws.com/AWSServiceRoleForApplicationAutoScaling_ECSService",
            "scalable_dimension": "ecs:service:DesiredCount",
            "service_namespace": "ecs",
            "suspended_state": [
              {
                "dynamic_scaling_in_suspended": false,
                "dynamic_scaling_out_suspended": false,
                "scheduled_scaling_suspended": false
              }
            ],
            "tags": {
              "Environment": "dev",
              "Name": "laravel-api-dev-ecs-autoscaling-target",
              "Project": "laravel-api",
              "Type": "autoscaling-target"
            },
            "tags_all": {
              "CreatedBy": "Cloud Team",
              "Environment": "dev",
              "ManagedBy": "Terraform",
              "Name": "laravel-api-dev-ecs-autoscaling-target",
              "Project": "laravel-api",
              "Type": "autoscaling-target"
            }
          },
          "sensitive_attributes": [],
          "private": "bnVsbA==",
          "dependencies": [
            "data.aws_availability_zones.available",
            "module.alb.aws_lb.main",
            "module.alb.aws_lb_target_group.main",
            "module.alb.aws_security_group.alb",
            "module.cloudfront.aws_cloudfront_distribution.main",
            "module.ecr.aws_ecr_repository.main",
            "module.ecs.aws_cloudwatch_log_group.ecs",
            "module.ecs.aws_ecs_cluster.main",
            "module.ecs.aws_ecs_service.main",
            "module.ecs.aws_ecs_task_definition.main",
            "module.ecs.aws_iam_role.ecs_execution_role",
            "module.ecs.aws_iam_role.ecs_task_role",
            "module.ecs.aws_secretsmanager_secret.app_key",
            "module.ecs.aws_secretsmanager_secret.db_password",
            "module.ecs.data.aws_region.current",
            "module.ecs.random_password.db_password",
            "module.rds.aws_db_instance.main",
            "module.rds.aws_db_parameter_group.main",
            "module.rds.aws_db_subnet_group.main",
            "module.rds.aws_iam_role.rds_enhanced_monitoring",
            "module.rds.random_password.db_password",
            "module.redis.aws_cloudwatch_log_group.redis",
            "module.redis.aws_elasticache_parameter_group.main",
            "module.redis.aws_elasticache_replication_group.main",
            "module.redis.aws_elasticache_subnet_group.main",
            "module.vpc.aws_security_group.ecs",
            "module.vpc.aws_security_group.rds",
            "module.vpc.aws_security_group.redis",
            "module.vpc.aws_subnet.private",
            "module.vpc.aws_subnet.public",
            "module.vpc.aws_vpc.main"
          ]
        }
      ]
    },
    {
      "module": "module.ecs",
      "mode": "managed",
      "type": "aws_cloudwatch_log_group",
      "name": "ecs",
      "provider": "provider[\"registry.terraform.io/hashicorp/aws\"]",
      "instances": [
        {
          "schema_version": 0,
          "attributes": {
            "arn": "arn:aws:logs:us-east-1:897722705454:log-group:/ecs/laravel-api-dev",
            "id": "/ecs/laravel-api-dev",
            "kms_key_id": "",
            "log_group_class": "STANDARD",
            "name": "/ecs/laravel-api-dev",
            "name_prefix": "",
            "retention_in_days": 7,
            "skip_destroy": false,
            "tags": {
              "Environment": "dev",
              "Name": "laravel-api-dev-ecs-logs",
              "Project": "laravel-api"
            },
            "tags_all": {
              "CreatedBy": "Cloud Team",
              "Environment": "dev",
              "ManagedBy": "Terraform",
              "Name": "laravel-api-dev-ecs-logs",
              "Project": "laravel-api"
            }
          },
          "sensitive_attributes": [],
          "private": "bnVsbA=="
        }
      ]
    },
    {
      "module": "module.ecs",
      "mode": "managed",
      "type": "aws_ecs_cluster",
      "name": "main",
      "provider": "provider[\"registry.terraform.io/hashicorp/aws\"]",
      "instances": [
        {
          "schema_version": 0,
          "attributes": {
            "arn": "arn:aws:ecs:us-east-1:897722705454:cluster/laravel-api-dev-cluster",
            "configuration": [],
            "id": "arn:aws:ecs:us-east-1:897722705454:cluster/laravel-api-dev-cluster",
            "name": "laravel-api-dev-cluster",
            "service_connect_defaults": [],
            "setting": [
              {
                "name": "containerInsights",
                "value": "disabled"
              }
            ],
            "tags": {
              "Environment": "dev",
              "Name": "laravel-api-dev-cluster",
              "Project": "laravel-api",
              "Type": "ecs-cluster"
            },
            "tags_all": {
              "CreatedBy": "Cloud Team",
              "Environment": "dev",
              "ManagedBy": "Terraform",
              "Name": "laravel-api-dev-cluster",
              "Project": "laravel-api",
              "Type": "ecs-cluster"
            }
          },
          "sensitive_attributes": [],
          "private": "bnVsbA=="
        }
      ]
    },
    {
      "module": "module.ecs",
      "mode": "managed",
      "type": "aws_ecs_service",
      "name": "main",
      "provider": "provider[\"registry.terraform.io/hashicorp/aws\"]",
      "instances": [
        {
          "schema_version": 1,
          "attributes": {
            "alarms": [],
            "availability_zone_rebalancing": "DISABLED",
            "capacity_provider_strategy": [],
            "cluster": "arn:aws:ecs:us-east-1:897722705454:cluster/laravel-api-dev-cluster",
            "deployment_circuit_breaker": [
              {
                "enable": false,
                "rollback": false
              }
            ],
            "deployment_controller": [
              {
                "type": "ECS"
              }
            ],
            "deployment_maximum_percent": 200,
            "deployment_minimum_healthy_percent": 100,
            "desired_count": 1,
            "enable_ecs_managed_tags": false,
            "enable_execute_command": false,
            "force_delete": null,
            "force_new_deployment": null,
            "health_check_grace_period_seconds": 0,
            "iam_role": "/aws-service-role/ecs.amazonaws.com/AWSServiceRoleForECS",
            "id": "arn:aws:ecs:us-east-1:897722705454:service/laravel-api-dev-cluster/laravel-api-dev-service",
            "launch_type": "FARGATE",
            "load_balancer": [
              {
                "container_name": "laravel-api-dev-app",
                "container_port": 80,
                "elb_name": "",
                "target_group_arn": "arn:aws:elasticloadbalancing:us-east-1:897722705454:targetgroup/laravel-api-dev-tg/75c627076f3cb8dc"
              }
            ],
            "name": "laravel-api-dev-service",
            "network_configuration": [
              {
                "assign_public_ip": false,
                "security_groups": [
                  "sg-0df0163a89a272835"
                ],
                "subnets": [
                  "subnet-043f4cea6c4c2efdb",
                  "subnet-06139fdf0158cd00c",
                  "subnet-06f8c6a150973ba14",
                  "subnet-09391fb2ea5c8c0ce",
                  "subnet-0b4d71a667906dd69",
                  "subnet-0fd60b7f1b751dc9d"
                ]
              }
            ],
            "ordered_placement_strategy": [],
            "placement_constraints": [],
            "platform_version": "LATEST",
            "propagate_tags": "NONE",
            "scheduling_strategy": "REPLICA",
            "service_connect_configuration": [],
            "service_registries": [],
            "tags": {
              "Environment": "dev",
              "Name": "laravel-api-dev-service",
              "Project": "laravel-api",
              "Type": "ecs-service"
            },
            "tags_all": {
              "CreatedBy": "Cloud Team",
              "Environment": "dev",
              "ManagedBy": "Terraform",
              "Name": "laravel-api-dev-service",
              "Project": "laravel-api",
              "Type": "ecs-service"
            },
            "task_definition": "arn:aws:ecs:us-east-1:897722705454:task-definition/laravel-api-dev:4",
            "timeouts": null,
            "triggers": {},
            "volume_configuration": [],
            "vpc_lattice_configurations": [],
            "wait_for_steady_state": false
          },
          "sensitive_attributes": [],
          "private": "eyJlMmJmYjczMC1lY2FhLTExZTYtOGY4OC0zNDM2M2JjN2M0YzAiOnsiY3JlYXRlIjoxMjAwMDAwMDAwMDAwLCJkZWxldGUiOjEyMDAwMDAwMDAwMDAsInVwZGF0ZSI6MTIwMDAwMDAwMDAwMH0sInNjaGVtYV92ZXJzaW9uIjoiMSJ9",
          "dependencies": [
            "data.aws_availability_zones.available",
            "module.alb.aws_lb.main",
            "module.alb.aws_lb_target_group.main",
            "module.alb.aws_security_group.alb",
            "module.cloudfront.aws_cloudfront_distribution.main",
            "module.ecr.aws_ecr_repository.main",
            "module.ecs.aws_cloudwatch_log_group.ecs",
            "module.ecs.aws_ecs_cluster.main",
            "module.ecs.aws_ecs_task_definition.main",
            "module.ecs.aws_iam_role.ecs_execution_role",
            "module.ecs.aws_iam_role.ecs_task_role",
            "module.ecs.aws_secretsmanager_secret.app_key",
            "module.ecs.aws_secretsmanager_secret.db_password",
            "module.ecs.data.aws_region.current",
            "module.ecs.random_password.db_password",
            "module.rds.aws_db_instance.main",
            "module.rds.aws_db_parameter_group.main",
            "module.rds.aws_db_subnet_group.main",
            "module.rds.aws_iam_role.rds_enhanced_monitoring",
            "module.rds.random_password.db_password",
            "module.redis.aws_cloudwatch_log_group.redis",
            "module.redis.aws_elasticache_parameter_group.main",
            "module.redis.aws_elasticache_replication_group.main",
            "module.redis.aws_elasticache_subnet_group.main",
            "module.vpc.aws_security_group.ecs",
            "module.vpc.aws_security_group.rds",
            "module.vpc.aws_security_group.redis",
            "module.vpc.aws_subnet.private",
            "module.vpc.aws_subnet.public",
            "module.vpc.aws_vpc.main"
          ]
        }
      ]
    },
    {
      "module": "module.ecs",
      "mode": "managed",
      "type": "aws_ecs_task_definition",
      "name": "main",
      "provider": "provider[\"registry.terraform.io/hashicorp/aws\"]",
      "instances": [
        {
          "schema_version": 1,
          "attributes": {
            "arn": "arn:aws:ecs:us-east-1:897722705454:task-definition/laravel-api-dev:4",
            "arn_without_revision": "arn:aws:ecs:us-east-1:897722705454:task-definition/laravel-api-dev",
            "container_definitions": "[{\"environment\":[{\"name\":\"APP_DEBUG\",\"value\":\"true\"},{\"name\":\"APP_ENV\",\"value\":\"dev\"},{\"name\":\"APP_URL\",\"value\":\"https://laravel-api-dev.vboom.io\"},{\"name\":\"CACHE_DRIVER\",\"value\":\"redis\"},{\"name\":\"DB_CONNECTION\",\"value\":\"mysql\"},{\"name\":\"DB_DATABASE\",\"value\":\"laravel\"},{\"name\":\"DB_HOST\",\"value\":\"laravel-api-dev-db.c8tmkqoo29dt.us-east-1.rds.amazonaws.com:3306\"},{\"name\":\"DB_PORT\",\"value\":\"3306\"},{\"name\":\"DB_USERNAME\",\"value\":\"laravel\"},{\"name\":\"QUEUE_CONNECTION\",\"value\":\"redis\"},{\"name\":\"REDIS_HOST\",\"value\":\"laravel-api-dev-redis.h4x5jb.ng.0001.use1.cache.amazonaws.com\"},{\"name\":\"REDIS_PORT\",\"value\":\"6379\"},{\"name\":\"SESSION_DRIVER\",\"value\":\"redis\"}],\"essential\":true,\"healthCheck\":{\"command\":[\"CMD-SHELL\",\"curl -f http://localhost/api/ping || exit 1\"],\"interval\":30,\"retries\":3,\"startPeriod\":60,\"timeout\":5},\"image\":\"897722705454.dkr.ecr.us-east-1.amazonaws.com/laravel-api:latest\",\"logConfiguration\":{\"logDriver\":\"awslogs\",\"options\":{\"awslogs-stream-prefix\":\"ecs\",\"awslogs-group\":\"/ecs/laravel-api-dev\",\"awslogs-region\":\"us-east-1\"}},\"mountPoints\":[],\"name\":\"laravel-api-dev-app\",\"portMappings\":[{\"containerPort\":80,\"hostPort\":80,\"protocol\":\"tcp\"}],\"secrets\":[{\"name\":\"APP_KEY\",\"valueFrom\":\"arn:aws:secretsmanager:us-east-1:897722705454:secret:laravel-api-dev-app-key-v2-J9YcrF\"},{\"name\":\"DB_PASSWORD\",\"valueFrom\":\"arn:aws:secretsmanager:us-east-1:897722705454:secret:laravel-api-dev-db-password-v2-J9YcrF\"}],\"systemControls\":[],\"volumesFrom\":[]}]",
            "cpu": "256",
            "enable_fault_injection": false,
            "ephemeral_storage": [],
            "execution_role_arn": "arn:aws:iam::897722705454:role/laravel-api-dev-ecs-execution-role",
            "family": "laravel-api-dev",
            "id": "laravel-api-dev",
            "inference_accelerator": [],
            "ipc_mode": "",
            "memory": "512",
            "network_mode": "awsvpc",
            "pid_mode": "",
            "placement_constraints": [],
            "proxy_configuration": [],
            "requires_compatibilities": [
              "FARGATE"
            ],
            "revision": 4,
            "runtime_platform": [],
            "skip_destroy": false,
            "tags": {
              "Environment": "dev",
              "Name": "laravel-api-dev-task",
              "Project": "laravel-api",
              "Type": "ecs-task"
            },
            "tags_all": {
              "CreatedBy": "Cloud Team",
              "Environment": "dev",
              "ManagedBy": "Terraform",
              "Name": "laravel-api-dev-task",
              "Project": "laravel-api",
              "Type": "ecs-task"
            },
            "task_role_arn": "arn:aws:iam::897722705454:role/laravel-api-dev-ecs-task-role",
            "track_latest": false,
            "volume": []
          },
          "sensitive_attributes": [],
          "private": "eyJzY2hlbWFfdmVyc2lvbiI6IjEifQ==",
          "dependencies": [
            "data.aws_availability_zones.available",
            "module.alb.aws_lb.main",
            "module.alb.aws_security_group.alb",
            "module.cloudfront.aws_cloudfront_distribution.main",
            "module.ecr.aws_ecr_repository.main",
            "module.ecs.aws_cloudwatch_log_group.ecs",
            "module.ecs.aws_iam_role.ecs_execution_role",
            "module.ecs.aws_iam_role.ecs_task_role",
            "module.ecs.aws_secretsmanager_secret.app_key",
            "module.ecs.aws_secretsmanager_secret.db_password",
            "module.ecs.data.aws_region.current",
            "module.ecs.random_password.db_password",
            "module.rds.aws_db_instance.main",
            "module.rds.aws_db_parameter_group.main",
            "module.rds.aws_db_subnet_group.main",
            "module.rds.aws_iam_role.rds_enhanced_monitoring",
            "module.rds.random_password.db_password",
            "module.redis.aws_cloudwatch_log_group.redis",
            "module.redis.aws_elasticache_parameter_group.main",
            "module.redis.aws_elasticache_replication_group.main",
            "module.redis.aws_elasticache_subnet_group.main",
            "module.vpc.aws_security_group.ecs",
            "module.vpc.aws_security_group.rds",
            "module.vpc.aws_security_group.redis",
            "module.vpc.aws_subnet.private",
            "module.vpc.aws_subnet.public",
            "module.vpc.aws_vpc.main"
          ]
        }
      ]
    },
    {
      "module": "module.ecs",
      "mode": "managed",
      "type": "aws_iam_role",
      "name": "ecs_execution_role",
      "provider": "provider[\"registry.terraform.io/hashicorp/aws\"]",
      "instances": [
        {
          "schema_version": 0,
          "attributes": {
            "arn": "arn:aws:iam::897722705454:role/laravel-api-dev-ecs-execution-role",
            "assume_role_policy": "{\"Statement\":[{\"Action\":\"sts:AssumeRole\",\"Effect\":\"Allow\",\"Principal\":{\"Service\":\"ecs-tasks.amazonaws.com\"}}],\"Version\":\"2012-10-17\"}",
            "create_date": "2025-09-07T10:16:31Z",
            "description": "",
            "force_detach_policies": false,
            "id": "laravel-api-dev-ecs-execution-role",
            "inline_policy": [
              {
                "name": "laravel-api-dev-ecs-execution-secrets",
                "policy": "{\"Version\":\"2012-10-17\",\"Statement\":[{\"Action\":[\"secretsmanager:GetSecretValue\"],\"Effect\":\"Allow\",\"Resource\":[\"arn:aws:secretsmanager:us-east-1:897722705454:secret:laravel-api-dev-db-password-v2-J9YcrF\",\"arn:aws:secretsmanager:us-east-1:897722705454:secret:laravel-api-dev-app-key-v2-J9YcrF\"]}]}"
              }
            ],
            "managed_policy_arns": [
              "arn:aws:iam::aws:policy/service-role/AmazonECSTaskExecutionRolePolicy"
            ],
            "max_session_duration": 3600,
            "name": "laravel-api-dev-ecs-execution-role",
            "name_prefix": "",
            "path": "/",
            "permissions_boundary": "",
            "tags": {
              "Environment": "dev",
              "Name": "laravel-api-dev-ecs-execution-role",
              "Project": "laravel-api"
            },
            "tags_all": {
              "CreatedBy": "Cloud Team",
              "Environment": "dev",
              "ManagedBy": "Terraform",
              "Name": "laravel-api-dev-ecs-execution-role",
              "Project": "laravel-api"
            },
            "unique_id": "AROA5CBDRMYXKWFHFIGR7"
          },
          "sensitive_attributes": [],
          "private": "bnVsbA=="
        }
      ]
    },
    {
      "module": "module.ecs",
      "mode": "managed",
      "type": "aws_iam_role",
      "name": "ecs_task_role",
      "provider": "provider[\"registry.terraform.io/hashicorp/aws\"]",
      "instances": [
        {
          "schema_version": 0,
          "attributes": {
            "arn": "arn:aws:iam::897722705454:role/laravel-api-dev-ecs-task-role",
            "assume_role_policy": "{\"Statement\":[{\"Action\":\"sts:AssumeRole\",\"Effect\":\"Allow\",\"Principal\":{\"Service\":\"ecs-tasks.amazonaws.com\"}}],\"Version\":\"2012-10-17\"}",
            "create_date": "2025-09-07T10:16:32Z",
            "description": "",
            "force_detach_policies": false,
            "id": "laravel-api-dev-ecs-task-role",
            "inline_policy": [
              {
                "name": "laravel-api-dev-ecs-task-secrets",
                "policy": "{\"Version\":\"2012-10-17\",\"Statement\":[{\"Action\":[\"secretsmanager:GetSecretValue\"],\"Effect\":\"Allow\",\"Resource\":[\"arn:aws:secretsmanager:us-east-1:897722705454:secret:laravel-api-dev-db-password-v2-J9YcrF\",\"arn:aws:secretsmanager:us-east-1:897722705454:secret:laravel-api-dev-app-key-v2-J9YcrF\"]}]}"
              }
            ],
            "managed_policy_arns": [],
            "max_session_duration": 3600,
            "name": "laravel-api-dev-ecs-task-role",
            "name_prefix": "",
            "path": "/",
            "permissions_boundary": "",
            "tags": {
              "Environment": "dev",
              "Name": "laravel-api-dev-ecs-task-role",
              "Project": "laravel-api"
            },
            "tags_all": {
              "CreatedBy": "Cloud Team",
              "Environment": "dev",
              "ManagedBy": "Terraform",
              "Name": "laravel-api-dev-ecs-task-role",
              "Project": "laravel-api"
            },
            "unique_id": "AROA5CBDRMYXDPHAO53DW"
          },
          "sensitive_attributes": [],
          "private": "bnVsbA=="
        }
      ]
    },
    {
      "module": "module.ecs",
      "mode": "managed",
      "type": "aws_iam_role_policy",
      "name": "ecs_execution_secrets",
      "provider": "provider[\"registry.terraform.io/hashicorp/aws\"]",
      "instances": [
        {
          "schema_version": 0,
          "attributes": {
            "id": "laravel-api-dev-ecs-execution-role:laravel-api-dev-ecs-execution-secrets",
            "name": "laravel-api-dev-ecs-execution-secrets",
            "name_prefix": "",
            "policy": "{\"Version\":\"2012-10-17\",\"Statement\":[{\"Action\":[\"secretsmanager:GetSecretValue\"],\"Effect\":\"Allow\",\"Resource\":[\"arn:aws:secretsmanager:us-east-1:897722705454:secret:laravel-api-dev-db-password-v2-J9YcrF\",\"arn:aws:secretsmanager:us-east-1:897722705454:secret:laravel-api-dev-app-key-v2-J9YcrF\"]}]}",
            "role": "laravel-api-dev-ecs-execution-role"
          },
          "sensitive_attributes": [],
          "private": "bnVsbA==",
          "dependencies": [
            "module.ecs.aws_iam_role.ecs_execution_role",
            "module.ecs.aws_secretsmanager_secret.app_key",
            "module.ecs.aws_secretsmanager_secret.db_password"
          ]
        }
      ]
    },
    {
      "module": "module.ecs",
      "mode": "managed",
      "type": "aws_iam_role_policy",
      "name": "ecs_task_secrets",
      "provider": "provider[\"registry.terraform.io/hashicorp/aws\"]",
      "instances": [
        {
          "schema_version": 0,
          "attributes": {
            "id": "laravel-api-dev-ecs-task-role:laravel-api-dev-ecs-task-secrets",
            "name": "laravel-api-dev-ecs-task-secrets",
            "name_prefix": "",
            "policy": "{\"Version\":\"2012-10-17\",\"Statement\":[{\"Action\":[\"secretsmanager:GetSecretValue\"],\"Effect\":\"Allow\",\"Resource\":[\"arn:aws:secretsmanager:us-east-1:897722705454:secret:laravel-api-dev-db-password-v2-J9YcrF\",\"arn:aws:secretsmanager:us-east-1:897722705454:secret:laravel-api-dev-app-key-v2-J9YcrF\"]}]}",
            "role": "laravel-api-dev-ecs-task-role"
          },
          "sensitive_attributes": [],
          "private": "bnVsbA==",
          "dependencies": [
            "module.ecs.aws_iam_role.ecs_task_role",
            "module.ecs.aws_secretsmanager_secret.app_key",
            "module.ecs.aws_secretsmanager_secret.db_password"
          ]
        }
      ]
    },
    {
      "module": "module.ecs",
      "mode": "managed",
      "type": "aws_iam_role_policy_attachment",
      "name": "ecs_execution_role_policy",
      "provider": "provider[\"registry.terraform.io/hashicorp/aws\"]",
      "instances": [
        {
          "schema_version": 0,
          "attributes": {
            "id": "laravel-api-dev-ecs-execution-role-20250907101632935100000003",
            "policy_arn": "arn:aws:iam::aws:policy/service-role/AmazonECSTaskExecutionRolePolicy",
            "role": "laravel-api-dev-ecs-execution-role"
          },
          "sensitive_attributes": [],
          "private": "bnVsbA==",
          "dependencies": [
            "module.ecs.aws_iam_role.ecs_execution_role"
          ]
        }
      ]
    },
    {
      "module": "module.ecs",
      "mode": "managed",
      "type": "aws_secretsmanager_secret",
      "name": "app_key",
      "provider": "provider[\"registry.terraform.io/hashicorp/aws\"]",
      "instances": [
        {
          "schema_version": 0,
          "attributes": {
            "arn": "arn:aws:secretsmanager:us-east-1:897722705454:secret:laravel-api-dev-app-key-v2-J9YcrF",
            "description": "",
            "force_overwrite_replica_secret": false,
            "id": "arn:aws:secretsmanager:us-east-1:897722705454:secret:laravel-api-dev-app-key-v2-J9YcrF",
            "kms_key_id": "",
            "name": "laravel-api-dev-app-key-v2",
            "name_prefix": "",
            "policy": "",
            "recovery_window_in_days": 30,
            "replica": [],
            "tags": {
              "Environment": "dev",
              "Name": "laravel-api-dev-app-key",
              "Project": "laravel-api"
            },
            "tags_all": {
              "CreatedBy": "Cloud Team",
              "Environment": "dev",
              "ManagedBy": "Terraform",
              "Name": "laravel-api-dev-app-key",
              "Project": "laravel-api"
            }
          },
          "sensitive_attributes": [],
          "private": "bnVsbA=="
        }
      ]
    },
    {
      "module": "module.ecs",
      "mode": "managed",
      "type": "aws_secretsmanager_secret",
      "name": "db_password",
      "provider": "provider[\"registry.terraform.io/hashicorp/aws\"]",
      "instances": [
        {
          "schema_version": 0,
          "attributes": {
            "arn": "arn:aws:secretsmanager:us-east-1:897722705454:secret:laravel-api-dev-db-password-v2-J9YcrF",
            "description": "",
            "force_overwrite_replica_secret": false,
            "id": "arn:aws:secretsmanager:us-east-1:897722705454:secret:laravel-api-dev-db-password-v2-J9YcrF",
            "kms_key_id": "",
            "name": "laravel-api-dev-db-password-v2",
            "name_prefix": "",
            "policy": "",
            "recovery_window_in_days": 30,
            "replica": [],
            "tags": {
              "Environment": "dev",
              "Name": "laravel-api-dev-db-password",
              "Project": "laravel-api"
            },
            "tags_all": {
              "CreatedBy": "Cloud Team",
              "Environment": "dev",
              "ManagedBy": "Terraform",
              "Name": "laravel-api-dev-db-password",
              "Project": "laravel-api"
            }
          },
          "sensitive_attributes": [],
          "private": "bnVsbA=="
        }
      ]
    },
    {
      "module": "module.ecs",
      "mode": "managed",
      "type": "aws_secretsmanager_secret_version",
      "name": "app_key",
      "provider": "provider[\"registry.terraform.io/hashicorp/aws\"]",
      "instances": [
        {
          "schema_version": 0,
          "attributes": {
            "arn": "arn:aws:secretsmanager:us-east-1:897722705454:secret:laravel-api-dev-app-key-v2-J9YcrF",
            "has_secret_string_wo": null,
            "id": "arn:aws:secretsmanager:us-east-1:897722705454:secret:laravel-api-dev-app-key-v2-J9YcrF|terraform-20250907110748351400000004",
            "secret_binary": "",
            "secret_id": "arn:aws:secretsmanager:us-east-1:897722705454:secret:laravel-api-dev-app-key-v2-J9YcrF",
            "secret_string": "base64:bXlRU1R3cTRwZ3Y0U3o5dlRTMkJsOFhYaWJUa2R5aUk=",
            "secret_string_wo": null,
            "secret_string_wo_version": null,
            "version_id": "terraform-20250907110748351400000004",
            "version_stages": [
              "AWSCURRENT"
            ]
          },
          "sensitive_attributes": [
            [
              {
                "type": "get_attr",
                "value": "secret_binary"
              }
            ],
            [
              {
                "type": "get_attr",
                "value": "secret_string"
              }
            ],
            [
              {
                "type": "get_attr",
                "value": "secret_string_wo"
              }
            ]
          ],
          "private": "bnVsbA==",
          "dependencies": [
            "module.ecs.aws_secretsmanager_secret.app_key",
            "module.ecs.random_password.app_key"
          ]
        }
      ]
    },
    {
      "module": "module.ecs",
      "mode": "managed",
      "type": "aws_secretsmanager_secret_version",
      "name": "db_password",
      "provider": "provider[\"registry.terraform.io/hashicorp/aws\"]",
      "instances": [
        {
          "schema_version": 0,
          "attributes": {
            "arn": "arn:aws:secretsmanager:us-east-1:897722705454:secret:laravel-api-dev-db-password-v2-J9YcrF",
            "has_secret_string_wo": null,
            "id": "arn:aws:secretsmanager:us-east-1:897722705454:secret:laravel-api-dev-db-password-v2-J9YcrF|terraform-20250907110747984100000003",
            "secret_binary": "",
            "secret_id": "arn:aws:secretsmanager:us-east-1:897722705454:secret:laravel-api-dev-db-password-v2-J9YcrF",
            "secret_string": "GRKqNrfjsTB9eFpl",
            "secret_string_wo": null,
            "secret_string_wo_version": null,
            "version_id": "terraform-20250907110747984100000003",
            "version_stages": [
              "AWSCURRENT"
            ]
          },
          "sensitive_attributes": [
            [
              {
                "type": "get_attr",
                "value": "secret_string"
              }
            ],
            [
              {
                "type": "get_attr",
                "value": "secret_binary"
              }
            ],
            [
              {
                "type": "get_attr",
                "value": "secret_string_wo"
              }
            ]
          ],
          "private": "bnVsbA==",
          "dependencies": [
            "module.ecs.aws_secretsmanager_secret.db_password",
            "module.ecs.random_password.db_password"
          ]
        }
      ]
    },
    {
      "module": "module.ecs",
      "mode": "managed",
      "type": "random_password",
      "name": "app_key",
      "provider": "provider[\"registry.terraform.io/hashicorp/random\"]",
      "instances": [
        {
          "schema_version": 3,
          "attributes": {
            "bcrypt_hash": "$2a$10$DvC.YNeyyG3rh.gbkcO/1eghmihA6kv9bQLCHsQsqDMH35q8DAS/q",
            "id": "none",
            "keepers": null,
            "length": 32,
            "lower": true,
            "min_lower": 0,
            "min_numeric": 0,
            "min_special": 0,
            "min_upper": 0,
            "number": true,
            "numeric": true,
            "override_special": null,
            "result": "myQSTwq4pgv4Sz9vTS2Bl8XXibTkdyiI",
            "special": false,
            "upper": true
          },
          "sensitive_attributes": [
            [
              {
                "type": "get_attr",
                "value": "bcrypt_hash"
              }
            ],
            [
              {
                "type": "get_attr",
                "value": "result"
              }
            ]
          ]
        }
      ]
    },
    {
      "module": "module.ecs",
      "mode": "managed",
      "type": "random_password",
      "name": "db_password",
      "provider": "provider[\"registry.terraform.io/hashicorp/random\"]",
      "instances": [
        {
          "schema_version": 3,
          "attributes": {
            "bcrypt_hash": "$2a$10$Cg7z3XAWHYZraWbg7Ln77.KSk7SH.WxKqvnwtMSJGrkNGpOMoDbjG",
            "id": "none",
            "keepers": null,
            "length": 16,
            "lower": true,
            "min_lower": 0,
            "min_numeric": 0,
            "min_special": 0,
            "min_upper": 0,
            "number": true,
            "numeric": true,
            "override_special": null,
            "result": "GRKqNrfjsTB9eFpl",
            "special": false,
            "upper": true
          },
          "sensitive_attributes": [
            [
              {
                "type": "get_attr",
                "value": "result"
              }
            ],
            [
              {
                "type": "get_attr",
                "value": "bcrypt_hash"
              }
            ]
          ]
        }
      ]
    },
    {
      "module": "module.rds",
      "mode": "managed",
      "type": "aws_cloudwatch_log_group",
      "name": "rds",
      "provider": "provider[\"registry.terraform.io/hashicorp/aws\"]",
      "instances": [
        {
          "schema_version": 0,
          "attributes": {
            "arn": "arn:aws:logs:us-east-1:897722705454:log-group:/aws/rds/instance/laravel-api-dev-db",
            "id": "/aws/rds/instance/laravel-api-dev-db",
            "kms_key_id": "",
            "log_group_class": "STANDARD",
            "name": "/aws/rds/instance/laravel-api-dev-db",
            "name_prefix": "",
            "retention_in_days": 7,
            "skip_destroy": false,
            "tags": {
              "Environment": "dev",
              "Name": "laravel-api-dev-rds-logs",
              "Project": "laravel-api"
            },
            "tags_all": {
              "CreatedBy": "Cloud Team",
              "Environment": "dev",
              "ManagedBy": "Terraform",
              "Name": "laravel-api-dev-rds-logs",
              "Project": "laravel-api"
            }
          },
          "sensitive_attributes": [],
          "private": "bnVsbA==",
          "dependencies": [
            "data.aws_availability_zones.available",
            "module.ecs.random_password.db_password",
            "module.rds.aws_db_instance.main",
            "module.rds.aws_db_parameter_group.main",
            "module.rds.aws_db_subnet_group.main",
            "module.rds.aws_iam_role.rds_enhanced_monitoring",
            "module.rds.random_password.db_password",
            "module.vpc.aws_security_group.ecs",
            "module.vpc.aws_security_group.rds",
            "module.vpc.aws_subnet.private",
            "module.vpc.aws_vpc.main"
          ]
        }
      ]
    },
    {
      "module": "module.rds",
      "mode": "managed",
      "type": "aws_db_instance",
      "name": "main",
      "provider": "provider[\"registry.terraform.io/hashicorp/aws\"]",
      "instances": [
        {
          "schema_version": 2,
          "attributes": {
            "address": "laravel-api-dev-db.c8tmkqoo29dt.us-east-1.rds.amazonaws.com",
            "allocated_storage": 20,
            "allow_major_version_upgrade": null,
            "apply_immediately": false,
            "arn": "arn:aws:rds:us-east-1:897722705454:db:laravel-api-dev-db",
            "auto_minor_version_upgrade": true,
            "availability_zone": "us-east-1d",
            "backup_retention_period": 1,
            "backup_target": "region",
            "backup_window": "03:00-04:00",
            "blue_green_update": [],
            "ca_cert_identifier": "rds-ca-rsa2048-g1",
            "character_set_name": "",
            "copy_tags_to_snapshot": false,
            "custom_iam_instance_profile": "",
            "customer_owned_ip_enabled": false,
            "database_insights_mode": "standard",
            "db_name": "laravel",
            "db_subnet_group_name": "laravel-api-dev-db-subnet-group",
            "dedicated_log_volume": false,
            "delete_automated_backups": true,
            "deletion_protection": false,
            "domain": "",
            "domain_auth_secret_arn": "",
            "domain_dns_ips": [],
            "domain_fqdn": "",
            "domain_iam_role_name": "",
            "domain_ou": "",
            "enabled_cloudwatch_logs_exports": [],
            "endpoint": "laravel-api-dev-db.c8tmkqoo29dt.us-east-1.rds.amazonaws.com:3306",
            "engine": "mysql",
            "engine_lifecycle_support": "open-source-rds-extended-support",
            "engine_version": "8.0.40",
            "engine_version_actual": "8.0.40",
            "final_snapshot_identifier": null,
            "hosted_zone_id": "Z2R2ITUGPM61AM",
            "iam_database_authentication_enabled": false,
            "id": "db-K6CXVAQXGS3SUXMVT34SJ3AGNE",
            "identifier": "laravel-api-dev-db",
            "identifier_prefix": "",
            "instance_class": "db.t3.micro",
            "iops": 0,
            "kms_key_id": "arn:aws:kms:us-east-1:897722705454:key/8f9fef7d-b9a4-4692-b733-983a17fefd3b",
            "latest_restorable_time": "2025-09-07T11:35:00Z",
            "license_model": "general-public-license",
            "listener_endpoint": [],
            "maintenance_window": "sun:04:00-sun:05:00",
            "manage_master_user_password": null,
            "master_user_secret": [],
            "master_user_secret_kms_key_id": null,
            "max_allocated_storage": 40,
            "monitoring_interval": 0,
            "monitoring_role_arn": "",
            "multi_az": false,
            "nchar_character_set_name": "",
            "network_type": "IPV4",
            "option_group_name": "default:mysql-8-0",
            "parameter_group_name": "laravel-api-dev-db-params",
            "password": "GRKqNrfjsTB9eFpl",
            "password_wo": null,
            "password_wo_version": null,
            "performance_insights_enabled": false,
            "performance_insights_kms_key_id": "",
            "performance_insights_retention_period": 0,
            "port": 3306,
            "publicly_accessible": false,
            "replica_mode": "",
            "replicas": [],
            "replicate_source_db": "",
            "resource_id": "db-K6CXVAQXGS3SUXMVT34SJ3AGNE",
            "restore_to_point_in_time": [],
            "s3_import": [],
            "skip_final_snapshot": true,
            "snapshot_identifier": null,
            "status": "available",
            "storage_encrypted": true,
            "storage_throughput": 0,
            "storage_type": "gp2",
            "tags": {
              "Environment": "dev",
              "Name": "laravel-api-dev-db",
              "Project": "laravel-api",
              "Type": "database"
            },
            "tags_all": {
              "CreatedBy": "Cloud Team",
              "Environment": "dev",
              "ManagedBy": "Terraform",
              "Name": "laravel-api-dev-db",
              "Project": "laravel-api",
              "Type": "database"
            },
            "timeouts": null,
            "timezone": "",
            "upgrade_storage_config": null,
            "username": "laravel",
            "vpc_security_group_ids": [
              "sg-067925327eef72043"
            ]
          },
          "sensitive_attributes": [
            [
              {
                "type": "get_attr",
                "value": "password"
              }
            ],
            [
              {
                "type": "get_attr",
                "value": "password_wo"
              }
            ]
          ],
          "private": "eyJlMmJmYjczMC1lY2FhLTExZTYtOGY4OC0zNDM2M2JjN2M0YzAiOnsiY3JlYXRlIjozMDAwMDAwMDAwMDAwLCJkZWxldGUiOjM2MDAwMDAwMDAwMDAsInVwZGF0ZSI6NDgwMDAwMDAwMDAwMH0sInNjaGVtYV92ZXJzaW9uIjoiMiJ9",
          "dependencies": [
            "data.aws_availability_zones.available",
            "module.ecs.random_password.db_password",
            "module.rds.aws_db_parameter_group.main",
            "module.rds.aws_db_subnet_group.main",
            "module.rds.aws_iam_role.rds_enhanced_monitoring",
            "module.rds.random_password.db_password",
            "module.vpc.aws_security_group.ecs",
            "module.vpc.aws_security_group.rds",
            "module.vpc.aws_subnet.private",
            "module.vpc.aws_vpc.main"
          ]
        }
      ]
    },
    {
      "module": "module.rds",
      "mode": "managed",
      "type": "aws_db_parameter_group",
      "name": "main",
      "provider": "provider[\"registry.terraform.io/hashicorp/aws\"]",
      "instances": [
        {
          "schema_version": 0,
          "attributes": {
            "arn": "arn:aws:rds:us-east-1:897722705454:pg:laravel-api-dev-db-params",
            "description": "Managed by Terraform",
            "family": "mysql8.0",
            "id": "laravel-api-dev-db-params",
            "name": "laravel-api-dev-db-params",
            "name_prefix": "",
            "parameter": [
              {
                "apply_method": "immediate",
                "name": "character_set_server",
                "value": "utf8mb4"
              },
              {
                "apply_method": "immediate",
                "name": "collation_server",
                "value": "utf8mb4_unicode_ci"
              },
              {
                "apply_method": "immediate",
                "name": "innodb_buffer_pool_size",
                "value": "{DBInstanceClassMemory*3/4}"
              }
            ],
            "skip_destroy": false,
            "tags": {
              "Environment": "dev",
              "Name": "laravel-api-dev-db-params",
              "Project": "laravel-api"
            },
            "tags_all": {
              "CreatedBy": "Cloud Team",
              "Environment": "dev",
              "ManagedBy": "Terraform",
              "Name": "laravel-api-dev-db-params",
              "Project": "laravel-api"
            }
          },
          "sensitive_attributes": [],
          "private": "bnVsbA=="
        }
      ]
    },
    {
      "module": "module.rds",
      "mode": "managed",
      "type": "aws_db_subnet_group",
      "name": "main",
      "provider": "provider[\"registry.terraform.io/hashicorp/aws\"]",
      "instances": [
        {
          "schema_version": 0,
          "attributes": {
            "arn": "arn:aws:rds:us-east-1:897722705454:subgrp:laravel-api-dev-db-subnet-group",
            "description": "Managed by Terraform",
            "id": "laravel-api-dev-db-subnet-group",
            "name": "laravel-api-dev-db-subnet-group",
            "name_prefix": "",
            "subnet_ids": [
              "subnet-043f4cea6c4c2efdb",
              "subnet-06139fdf0158cd00c",
              "subnet-06f8c6a150973ba14",
              "subnet-09391fb2ea5c8c0ce",
              "subnet-0b4d71a667906dd69",
              "subnet-0fd60b7f1b751dc9d"
            ],
            "supported_network_types": [
              "IPV4"
            ],
            "tags": {
              "Environment": "dev",
              "Name": "laravel-api-dev-db-subnet-group",
              "Project": "laravel-api"
            },
            "tags_all": {
              "CreatedBy": "Cloud Team",
              "Environment": "dev",
              "ManagedBy": "Terraform",
              "Name": "laravel-api-dev-db-subnet-group",
              "Project": "laravel-api"
            },
            "vpc_id": "vpc-08082223053934ea8"
          },
          "sensitive_attributes": [],
          "private": "bnVsbA==",
          "dependencies": [
            "data.aws_availability_zones.available",
            "module.vpc.aws_subnet.private",
            "module.vpc.aws_vpc.main"
          ]
        }
      ]
    },
    {
      "module": "module.rds",
      "mode": "managed",
      "type": "random_password",
      "name": "db_password",
      "provider": "provider[\"registry.terraform.io/hashicorp/random\"]",
      "instances": [
        {
          "schema_version": 3,
          "attributes": {
            "bcrypt_hash": "$2a$10$0vvZCtaFHQTgTUz7ZsWj5.0Bef0PSkklh94nmVlN4ZLVZAs5eMfvy",
            "id": "none",
            "keepers": null,
            "length": 16,
            "lower": true,
            "min_lower": 0,
            "min_numeric": 0,
            "min_special": 0,
            "min_upper": 0,
            "number": true,
            "numeric": true,
            "override_special": null,
            "result": "BjO]F\u003cBfe5bJPyE1",
            "special": true,
            "upper": true
          },
          "sensitive_attributes": [
            [
              {
                "type": "get_attr",
                "value": "bcrypt_hash"
              }
            ],
            [
              {
                "type": "get_attr",
                "value": "result"
              }
            ]
          ]
        }
      ]
    },
    {
      "module": "module.redis",
      "mode": "managed",
      "type": "aws_cloudwatch_log_group",
      "name": "redis",
      "provider": "provider[\"registry.terraform.io/hashicorp/aws\"]",
      "instances": [
        {
          "schema_version": 0,
          "attributes": {
            "arn": "arn:aws:logs:us-east-1:897722705454:log-group:/aws/elasticache/redis/laravel-api-dev",
            "id": "/aws/elasticache/redis/laravel-api-dev",
            "kms_key_id": "",
            "log_group_class": "STANDARD",
            "name": "/aws/elasticache/redis/laravel-api-dev",
            "name_prefix": "",
            "retention_in_days": 7,
            "skip_destroy": false,
            "tags": {
              "Environment": "dev",
              "Name": "laravel-api-dev-redis-logs",
              "Project": "laravel-api"
            },
            "tags_all": {
              "CreatedBy": "Cloud Team",
              "Environment": "dev",
              "ManagedBy": "Terraform",
              "Name": "laravel-api-dev-redis-logs",
              "Project": "laravel-api"
            }
          },
          "sensitive_attributes": [],
          "private": "bnVsbA=="
        }
      ]
    },
    {
      "module": "module.redis",
      "mode": "managed",
      "type": "aws_elasticache_parameter_group",
      "name": "main",
      "provider": "provider[\"registry.terraform.io/hashicorp/aws\"]",
      "instances": [
        {
          "schema_version": 0,
          "attributes": {
            "arn": "arn:aws:elasticache:us-east-1:897722705454:parametergroup:laravel-api-dev-redis-params",
            "description": "Managed by Terraform",
            "family": "redis7",
            "id": "laravel-api-dev-redis-params",
            "name": "laravel-api-dev-redis-params",
            "parameter": [
              {
                "name": "maxmemory-policy",
                "value": "allkeys-lru"
              },
              {
                "name": "timeout",
                "value": "300"
              }
            ],
            "tags": {
              "Environment": "dev",
              "Name": "laravel-api-dev-redis-params",
              "Project": "laravel-api"
            },
            "tags_all": {
              "CreatedBy": "Cloud Team",
              "Environment": "dev",
              "ManagedBy": "Terraform",
              "Name": "laravel-api-dev-redis-params",
              "Project": "laravel-api"
            }
          },
          "sensitive_attributes": [],
          "private": "bnVsbA=="
        }
      ]
    },
    {
      "module": "module.redis",
      "mode": "managed",
      "type": "aws_elasticache_replication_group",
      "name": "main",
      "provider": "provider[\"registry.terraform.io/hashicorp/aws\"]",
      "instances": [
        {
          "schema_version": 2,
          "attributes": {
            "apply_immediately": null,
            "arn": "arn:aws:elasticache:us-east-1:897722705454:replicationgroup:laravel-api-dev-redis",
            "at_rest_encryption_enabled": "true",
            "auth_token": "",
            "auth_token_update_strategy": "ROTATE",
            "auto_minor_version_upgrade": "true",
            "automatic_failover_enabled": false,
            "cluster_enabled": false,
            "cluster_mode": "disabled",
            "configuration_endpoint_address": null,
            "data_tiering_enabled": false,
            "description": "Redis cluster for laravel-api dev",
            "engine": "redis",
            "engine_version": "7.0",
            "engine_version_actual": "7.0.7",
            "final_snapshot_identifier": null,
            "global_replication_group_id": null,
            "id": "laravel-api-dev-redis",
            "ip_discovery": "ipv4",
            "kms_key_id": "",
            "log_delivery_configuration": [
              {
                "destination": "/aws/elasticache/redis/laravel-api-dev",
                "destination_type": "cloudwatch-logs",
                "log_format": "text",
                "log_type": "slow-log"
              }
            ],
            "maintenance_window": "sun:05:00-sun:07:00",
            "member_clusters": [
              "laravel-api-dev-redis-001"
            ],
            "multi_az_enabled": false,
            "network_type": "ipv4",
            "node_type": "cache.t3.micro",
            "notification_topic_arn": null,
            "num_cache_clusters": 1,
            "num_node_groups": 1,
            "parameter_group_name": "laravel-api-dev-redis-params",
            "port": 6379,
            "preferred_cache_cluster_azs": null,
            "primary_endpoint_address": "laravel-api-dev-redis.h4x5jb.ng.0001.use1.cache.amazonaws.com",
            "reader_endpoint_address": "laravel-api-dev-redis-ro.h4x5jb.ng.0001.use1.cache.amazonaws.com",
            "replicas_per_node_group": 0,
            "replication_group_id": "laravel-api-dev-redis",
            "security_group_ids": [
              "sg-0ffabae49b876b118"
            ],
            "security_group_names": [],
            "snapshot_arns": null,
            "snapshot_name": null,
            "snapshot_retention_limit": 1,
            "snapshot_window": "03:00-05:00",
            "subnet_group_name": "laravel-api-dev-redis-subnet-group",
            "tags": {
              "Environment": "dev",
              "Name": "laravel-api-dev-redis",
              "Project": "laravel-api",
              "Type": "cache"
            },
            "tags_all": {
              "CreatedBy": "Cloud Team",
              "Environment": "dev",
              "ManagedBy": "Terraform",
              "Name": "laravel-api-dev-redis",
              "Project": "laravel-api",
              "Type": "cache"
            },
            "timeouts": null,
            "transit_encryption_enabled": false,
            "transit_encryption_mode": "",
            "user_group_ids": []
          },
          "sensitive_attributes": [
            [
              {
                "type": "get_attr",
                "value": "auth_token"
              }
            ]
          ],
          "private": "eyJlMmJmYjczMC1lY2FhLTExZTYtOGY4OC0zNDM2M2JjN2M0YzAiOnsiY3JlYXRlIjozNjAwMDAwMDAwMDAwLCJkZWxldGUiOjI3MDAwMDAwMDAwMDAsInVwZGF0ZSI6MjQwMDAwMDAwMDAwMH0sInNjaGVtYV92ZXJzaW9uIjoiMiJ9",
          "dependencies": [
            "data.aws_availability_zones.available",
            "module.redis.aws_cloudwatch_log_group.redis",
            "module.redis.aws_elasticache_parameter_group.main",
            "module.redis.aws_elasticache_subnet_group.main",
            "module.vpc.aws_security_group.ecs",
            "module.vpc.aws_security_group.redis",
            "module.vpc.aws_subnet.private",
            "module.vpc.aws_vpc.main"
          ]
        }
      ]
    },
    {
      "module": "module.redis",
      "mode": "managed",
      "type": "aws_elasticache_subnet_group",
      "name": "main",
      "provider": "provider[\"registry.terraform.io/hashicorp/aws\"]",
      "instances": [
        {
          "schema_version": 0,
          "attributes": {
            "arn": "arn:aws:elasticache:us-east-1:897722705454:subnetgroup:laravel-api-dev-redis-subnet-group",
            "description": "Managed by Terraform",
            "id": "laravel-api-dev-redis-subnet-group",
            "name": "laravel-api-dev-redis-subnet-group",
            "subnet_ids": [
              "subnet-043f4cea6c4c2efdb",
              "subnet-06139fdf0158cd00c",
              "subnet-06f8c6a150973ba14",
              "subnet-09391fb2ea5c8c0ce",
              "subnet-0b4d71a667906dd69",
              "subnet-0fd60b7f1b751dc9d"
            ],
            "tags": {
              "Environment": "dev",
              "Name": "laravel-api-dev-redis-subnet-group",
              "Project": "laravel-api"
            },
            "tags_all": {
              "CreatedBy": "Cloud Team",
              "Environment": "dev",
              "ManagedBy": "Terraform",
              "Name": "laravel-api-dev-redis-subnet-group",
              "Project": "laravel-api"
            },
            "vpc_id": "vpc-08082223053934ea8"
          },
          "sensitive_attributes": [],
          "private": "bnVsbA==",
          "dependencies": [
            "data.aws_availability_zones.available",
            "module.vpc.aws_subnet.private",
            "module.vpc.aws_vpc.main"
          ]
        }
      ]
    },
    {
      "module": "module.vpc",
      "mode": "data",
      "type": "aws_region",
      "name": "current",
      "provider": "provider[\"registry.terraform.io/hashicorp/aws\"]",
      "instances": [
        {
          "schema_version": 0,
          "attributes": {
            "description": "US East (N. Virginia)",
            "endpoint": "ec2.us-east-1.amazonaws.com",
            "id": "us-east-1",
            "name": "us-east-1"
          },
          "sensitive_attributes": []
        }
      ]
    },
    {
      "module": "module.vpc",
      "mode": "managed",
      "type": "aws_internet_gateway",
      "name": "main",
      "provider": "provider[\"registry.terraform.io/hashicorp/aws\"]",
      "instances": [
        {
          "schema_version": 0,
          "attributes": {
            "arn": "arn:aws:ec2:us-east-1:897722705454:internet-gateway/igw-0eb3a681334a9c01f",
            "id": "igw-0eb3a681334a9c01f",
            "owner_id": "897722705454",
            "tags": {
              "Environment": "dev",
              "Name": "laravel-api-dev-igw",
              "Project": "laravel-api"
            },
            "tags_all": {
              "CreatedBy": "Cloud Team",
              "Environment": "dev",
              "ManagedBy": "Terraform",
              "Name": "laravel-api-dev-igw",
              "Project": "laravel-api"
            },
            "timeouts": null,
            "vpc_id": "vpc-08082223053934ea8"
          },
          "sensitive_attributes": [],
          "private": "eyJlMmJmYjczMC1lY2FhLTExZTYtOGY4OC0zNDM2M2JjN2M0YzAiOnsiY3JlYXRlIjoxMjAwMDAwMDAwMDAwLCJkZWxldGUiOjEyMDAwMDAwMDAwMDAsInVwZGF0ZSI6MTIwMDAwMDAwMDAwMH19",
          "dependencies": [
            "module.vpc.aws_vpc.main"
          ]
        }
      ]
    },
    {
      "module": "module.vpc",
      "mode": "managed",
      "type": "aws_route_table",
      "name": "private",
      "provider": "provider[\"registry.terraform.io/hashicorp/aws\"]",
      "instances": [
        {
          "index_key": 0,
          "schema_version": 0,
          "attributes": {
            "arn": "arn:aws:ec2:us-east-1:897722705454:route-table/rtb-09f9d64fb87665f22",
            "id": "rtb-09f9d64fb87665f22",
            "owner_id": "897722705454",
            "propagating_vgws": [],
            "route": [],
            "tags": {
              "Environment": "dev",
              "Name": "laravel-api-dev-private-rt-1",
              "Project": "laravel-api",
              "Type": "private"
            },
            "tags_all": {
              "CreatedBy": "Cloud Team",
              "Environment": "dev",
              "ManagedBy": "Terraform",
              "Name": "laravel-api-dev-private-rt-1",
              "Project": "laravel-api",
              "Type": "private"
            },
            "timeouts": null,
            "vpc_id": "vpc-08082223053934ea8"
          },
          "sensitive_attributes": [],
          "private": "eyJlMmJmYjczMC1lY2FhLTExZTYtOGY4OC0zNDM2M2JjN2M0YzAiOnsiY3JlYXRlIjozMDAwMDAwMDAwMDAsImRlbGV0ZSI6MzAwMDAwMDAwMDAwLCJ1cGRhdGUiOjEyMDAwMDAwMDAwMH19",
          "dependencies": [
            "data.aws_availability_zones.available",
            "module.vpc.aws_vpc.main"
          ]
        },
        {
          "index_key": 1,
          "schema_version": 0,
          "attributes": {
            "arn": "arn:aws:ec2:us-east-1:897722705454:route-table/rtb-0260fb9f3fa2d35c1",
            "id": "rtb-0260fb9f3fa2d35c1",
            "owner_id": "897722705454",
            "propagating_vgws": [],
            "route": [],
            "tags": {
              "Environment": "dev",
              "Name": "laravel-api-dev-private-rt-2",
              "Project": "laravel-api",
              "Type": "private"
            },
            "tags_all": {
              "CreatedBy": "Cloud Team",
              "Environment": "dev",
              "ManagedBy": "Terraform",
              "Name": "laravel-api-dev-private-rt-2",
              "Project": "laravel-api",
              "Type": "private"
            },
            "timeouts": null,
            "vpc_id": "vpc-08082223053934ea8"
          },
          "sensitive_attributes": [],
          "private": "eyJlMmJmYjczMC1lY2FhLTExZTYtOGY4OC0zNDM2M2JjN2M0YzAiOnsiY3JlYXRlIjozMDAwMDAwMDAwMDAsImRlbGV0ZSI6MzAwMDAwMDAwMDAwLCJ1cGRhdGUiOjEyMDAwMDAwMDAwMH19",
          "dependencies": [
            "data.aws_availability_zones.available",
            "module.vpc.aws_vpc.main"
          ]
        },
        {
          "index_key": 2,
          "schema_version": 0,
          "attributes": {
            "arn": "arn:aws:ec2:us-east-1:897722705454:route-table/rtb-0c714339a7f1c395f",
            "id": "rtb-0c714339a7f1c395f",
            "owner_id": "897722705454",
            "propagating_vgws": [],
            "route": [],
            "tags": {
              "Environment": "dev",
              "Name": "laravel-api-dev-private-rt-3",
              "Project": "laravel-api",
              "Type": "private"
            },
            "tags_all": {
              "CreatedBy": "Cloud Team",
              "Environment": "dev",
              "ManagedBy": "Terraform",
              "Name": "laravel-api-dev-private-rt-3",
              "Project": "laravel-api",
              "Type": "private"
            },
            "timeouts": null,
            "vpc_id": "vpc-08082223053934ea8"
          },
          "sensitive_attributes": [],
          "private": "eyJlMmJmYjczMC1lY2FhLTExZTYtOGY4OC0zNDM2M2JjN2M0YzAiOnsiY3JlYXRlIjozMDAwMDAwMDAwMDAsImRlbGV0ZSI6MzAwMDAwMDAwMDAwLCJ1cGRhdGUiOjEyMDAwMDAwMDAwMH19",
          "dependencies": [
            "data.aws_availability_zones.available",
            "module.vpc.aws_vpc.main"
          ]
        },
        {
          "index_key": 3,
          "schema_version": 0,
          "attributes": {
            "arn": "arn:aws:ec2:us-east-1:897722705454:route-table/rtb-0b6696eb77ab38c46",
            "id": "rtb-0b6696eb77ab38c46",
            "owner_id": "897722705454",
            "propagating_vgws": [],
            "route": [],
            "tags": {
              "Environment": "dev",
              "Name": "laravel-api-dev-private-rt-4",
              "Project": "laravel-api",
              "Type": "private"
            },
            "tags_all": {
              "CreatedBy": "Cloud Team",
              "Environment": "dev",
              "ManagedBy": "Terraform",
              "Name": "laravel-api-dev-private-rt-4",
              "Project": "laravel-api",
              "Type": "private"
            },
            "timeouts": null,
            "vpc_id": "vpc-08082223053934ea8"
          },
          "sensitive_attributes": [],
          "private": "eyJlMmJmYjczMC1lY2FhLTExZTYtOGY4OC0zNDM2M2JjN2M0YzAiOnsiY3JlYXRlIjozMDAwMDAwMDAwMDAsImRlbGV0ZSI6MzAwMDAwMDAwMDAwLCJ1cGRhdGUiOjEyMDAwMDAwMDAwMH19",
          "dependencies": [
            "data.aws_availability_zones.available",
            "module.vpc.aws_vpc.main"
          ]
        },
        {
          "index_key": 4,
          "schema_version": 0,
          "attributes": {
            "arn": "arn:aws:ec2:us-east-1:897722705454:route-table/rtb-0d2794e0ecfc7806b",
            "id": "rtb-0d2794e0ecfc7806b",
            "owner_id": "897722705454",
            "propagating_vgws": [],
            "route": [],
            "tags": {
              "Environment": "dev",
              "Name": "laravel-api-dev-private-rt-5",
              "Project": "laravel-api",
              "Type": "private"
            },
            "tags_all": {
              "CreatedBy": "Cloud Team",
              "Environment": "dev",
              "ManagedBy": "Terraform",
              "Name": "laravel-api-dev-private-rt-5",
              "Project": "laravel-api",
              "Type": "private"
            },
            "timeouts": null,
            "vpc_id": "vpc-08082223053934ea8"
          },
          "sensitive_attributes": [],
          "private": "eyJlMmJmYjczMC1lY2FhLTExZTYtOGY4OC0zNDM2M2JjN2M0YzAiOnsiY3JlYXRlIjozMDAwMDAwMDAwMDAsImRlbGV0ZSI6MzAwMDAwMDAwMDAwLCJ1cGRhdGUiOjEyMDAwMDAwMDAwMH19",
          "dependencies": [
            "data.aws_availability_zones.available",
            "module.vpc.aws_vpc.main"
          ]
        },
        {
          "index_key": 5,
          "schema_version": 0,
          "attributes": {
            "arn": "arn:aws:ec2:us-east-1:897722705454:route-table/rtb-01f7fb78a2cbaba58",
            "id": "rtb-01f7fb78a2cbaba58",
            "owner_id": "897722705454",
            "propagating_vgws": [],
            "route": [],
            "tags": {
              "Environment": "dev",
              "Name": "laravel-api-dev-private-rt-6",
              "Project": "laravel-api",
              "Type": "private"
            },
            "tags_all": {
              "CreatedBy": "Cloud Team",
              "Environment": "dev",
              "ManagedBy": "Terraform",
              "Name": "laravel-api-dev-private-rt-6",
              "Project": "laravel-api",
              "Type": "private"
            },
            "timeouts": null,
            "vpc_id": "vpc-08082223053934ea8"
          },
          "sensitive_attributes": [],
          "private": "eyJlMmJmYjczMC1lY2FhLTExZTYtOGY4OC0zNDM2M2JjN2M0YzAiOnsiY3JlYXRlIjozMDAwMDAwMDAwMDAsImRlbGV0ZSI6MzAwMDAwMDAwMDAwLCJ1cGRhdGUiOjEyMDAwMDAwMDAwMH19",
          "dependencies": [
            "data.aws_availability_zones.available",
            "module.vpc.aws_vpc.main"
          ]
        }
      ]
    },
    {
      "module": "module.vpc",
      "mode": "managed",
      "type": "aws_route_table",
      "name": "public",
      "provider": "provider[\"registry.terraform.io/hashicorp/aws\"]",
      "instances": [
        {
          "schema_version": 0,
          "attributes": {
            "arn": "arn:aws:ec2:us-east-1:897722705454:route-table/rtb-0027f29ba77358575",
            "id": "rtb-0027f29ba77358575",
            "owner_id": "897722705454",
            "propagating_vgws": [],
            "route": [
              {
                "carrier_gateway_id": "",
                "cidr_block": "0.0.0.0/0",
                "core_network_arn": "",
                "destination_prefix_list_id": "",
                "egress_only_gateway_id": "",
                "gateway_id": "igw-0eb3a681334a9c01f",
                "ipv6_cidr_block": "",
                "local_gateway_id": "",
                "nat_gateway_id": "",
                "network_interface_id": "",
                "transit_gateway_id": "",
                "vpc_endpoint_id": "",
                "vpc_peering_connection_id": ""
              }
            ],
            "tags": {
              "Environment": "dev",
              "Name": "laravel-api-dev-public-rt",
              "Project": "laravel-api",
              "Type": "public"
            },
            "tags_all": {
              "CreatedBy": "Cloud Team",
              "Environment": "dev",
              "ManagedBy": "Terraform",
              "Name": "laravel-api-dev-public-rt",
              "Project": "laravel-api",
              "Type": "public"
            },
            "timeouts": null,
            "vpc_id": "vpc-08082223053934ea8"
          },
          "sensitive_attributes": [],
          "private": "eyJlMmJmYjczMC1lY2FhLTExZTYtOGY4OC0zNDM2M2JjN2M0YzAiOnsiY3JlYXRlIjozMDAwMDAwMDAwMDAsImRlbGV0ZSI6MzAwMDAwMDAwMDAwLCJ1cGRhdGUiOjEyMDAwMDAwMDAwMH19",
          "dependencies": [
            "module.vpc.aws_internet_gateway.main",
            "module.vpc.aws_vpc.main"
          ]
        }
      ]
    },
    {
      "module": "module.vpc",
      "mode": "managed",
      "type": "aws_route_table_association",
      "name": "private",
      "provider": "provider[\"registry.terraform.io/hashicorp/aws\"]",
      "instances": [
        {
          "index_key": 0,
          "schema_version": 0,
          "attributes": {
            "gateway_id": "",
            "id": "rtbassoc-03530fcd5d23dc66c",
            "route_table_id": "rtb-09f9d64fb87665f22",
            "subnet_id": "subnet-0fd60b7f1b751dc9d",
            "timeouts": null
          },
          "sensitive_attributes": [],
          "private": "eyJlMmJmYjczMC1lY2FhLTExZTYtOGY4OC0zNDM2M2JjN2M0YzAiOnsiY3JlYXRlIjozMDAwMDAwMDAwMDAsImRlbGV0ZSI6MzAwMDAwMDAwMDAwLCJ1cGRhdGUiOjEyMDAwMDAwMDAwMH19",
          "dependencies": [
            "data.aws_availability_zones.available",
            "module.vpc.aws_route_table.private",
            "module.vpc.aws_subnet.private",
            "module.vpc.aws_vpc.main"
          ]
        },
        {
          "index_key": 1,
          "schema_version": 0,
          "attributes": {
            "gateway_id": "",
            "id": "rtbassoc-03a915e0d797aa495",
            "route_table_id": "rtb-0260fb9f3fa2d35c1",
            "subnet_id": "subnet-06139fdf0158cd00c",
            "timeouts": null
          },
          "sensitive_attributes": [],
          "private": "eyJlMmJmYjczMC1lY2FhLTExZTYtOGY4OC0zNDM2M2JjN2M0YzAiOnsiY3JlYXRlIjozMDAwMDAwMDAwMDAsImRlbGV0ZSI6MzAwMDAwMDAwMDAwLCJ1cGRhdGUiOjEyMDAwMDAwMDAwMH19",
          "dependencies": [
            "data.aws_availability_zones.available",
            "module.vpc.aws_route_table.private",
            "module.vpc.aws_subnet.private",
            "module.vpc.aws_vpc.main"
          ]
        },
        {
          "index_key": 2,
          "schema_version": 0,
          "attributes": {
            "gateway_id": "",
            "id": "rtbassoc-0e119ee707450c398",
            "route_table_id": "rtb-0c714339a7f1c395f",
            "subnet_id": "subnet-09391fb2ea5c8c0ce",
            "timeouts": null
          },
          "sensitive_attributes": [],
          "private": "eyJlMmJmYjczMC1lY2FhLTExZTYtOGY4OC0zNDM2M2JjN2M0YzAiOnsiY3JlYXRlIjozMDAwMDAwMDAwMDAsImRlbGV0ZSI6MzAwMDAwMDAwMDAwLCJ1cGRhdGUiOjEyMDAwMDAwMDAwMH19",
          "dependencies": [
            "data.aws_availability_zones.available",
            "module.vpc.aws_route_table.private",
            "module.vpc.aws_subnet.private",
            "module.vpc.aws_vpc.main"
          ]
        },
        {
          "index_key": 3,
          "schema_version": 0,
          "attributes": {
            "gateway_id": "",
            "id": "rtbassoc-06476e99d35560296",
            "route_table_id": "rtb-0b6696eb77ab38c46",
            "subnet_id": "subnet-043f4cea6c4c2efdb",
            "timeouts": null
          },
          "sensitive_attributes": [],
          "private": "eyJlMmJmYjczMC1lY2FhLTExZTYtOGY4OC0zNDM2M2JjN2M0YzAiOnsiY3JlYXRlIjozMDAwMDAwMDAwMDAsImRlbGV0ZSI6MzAwMDAwMDAwMDAwLCJ1cGRhdGUiOjEyMDAwMDAwMDAwMH19",
          "dependencies": [
            "data.aws_availability_zones.available",
            "module.vpc.aws_route_table.private",
            "module.vpc.aws_subnet.private",
            "module.vpc.aws_vpc.main"
          ]
        },
        {
          "index_key": 4,
          "schema_version": 0,
          "attributes": {
            "gateway_id": "",
            "id": "rtbassoc-0f5349d360157d649",
            "route_table_id": "rtb-0d2794e0ecfc7806b",
            "subnet_id": "subnet-06f8c6a150973ba14",
            "timeouts": null
          },
          "sensitive_attributes": [],
          "private": "eyJlMmJmYjczMC1lY2FhLTExZTYtOGY4OC0zNDM2M2JjN2M0YzAiOnsiY3JlYXRlIjozMDAwMDAwMDAwMDAsImRlbGV0ZSI6MzAwMDAwMDAwMDAwLCJ1cGRhdGUiOjEyMDAwMDAwMDAwMH19",
          "dependencies": [
            "data.aws_availability_zones.available",
            "module.vpc.aws_route_table.private",
            "module.vpc.aws_subnet.private",
            "module.vpc.aws_vpc.main"
          ]
        },
        {
          "index_key": 5,
          "schema_version": 0,
          "attributes": {
            "gateway_id": "",
            "id": "rtbassoc-0d94b22e427961b72",
            "route_table_id": "rtb-01f7fb78a2cbaba58",
            "subnet_id": "subnet-0b4d71a667906dd69",
            "timeouts": null
          },
          "sensitive_attributes": [],
          "private": "eyJlMmJmYjczMC1lY2FhLTExZTYtOGY4OC0zNDM2M2JjN2M0YzAiOnsiY3JlYXRlIjozMDAwMDAwMDAwMDAsImRlbGV0ZSI6MzAwMDAwMDAwMDAwLCJ1cGRhdGUiOjEyMDAwMDAwMDAwMH19",
          "dependencies": [
            "data.aws_availability_zones.available",
            "module.vpc.aws_route_table.private",
            "module.vpc.aws_subnet.private",
            "module.vpc.aws_vpc.main"
          ]
        }
      ]
    },
    {
      "module": "module.vpc",
      "mode": "managed",
      "type": "aws_route_table_association",
      "name": "public",
      "provider": "provider[\"registry.terraform.io/hashicorp/aws\"]",
      "instances": [
        {
          "index_key": 0,
          "schema_version": 0,
          "attributes": {
            "gateway_id": "",
            "id": "rtbassoc-046fd970cf1ae50a3",
            "route_table_id": "rtb-0027f29ba77358575",
            "subnet_id": "subnet-0ee87246f6b700cab",
            "timeouts": null
          },
          "sensitive_attributes": [],
          "private": "eyJlMmJmYjczMC1lY2FhLTExZTYtOGY4OC0zNDM2M2JjN2M0YzAiOnsiY3JlYXRlIjozMDAwMDAwMDAwMDAsImRlbGV0ZSI6MzAwMDAwMDAwMDAwLCJ1cGRhdGUiOjEyMDAwMDAwMDAwMH19",
          "dependencies": [
            "data.aws_availability_zones.available",
            "module.vpc.aws_internet_gateway.main",
            "module.vpc.aws_route_table.public",
            "module.vpc.aws_subnet.public",
            "module.vpc.aws_vpc.main"
          ]
        },
        {
          "index_key": 1,
          "schema_version": 0,
          "attributes": {
            "gateway_id": "",
            "id": "rtbassoc-082a466a9c9f6581f",
            "route_table_id": "rtb-0027f29ba77358575",
            "subnet_id": "subnet-0ca3df3fd9cbe8225",
            "timeouts": null
          },
          "sensitive_attributes": [],
          "private": "eyJlMmJmYjczMC1lY2FhLTExZTYtOGY4OC0zNDM2M2JjN2M0YzAiOnsiY3JlYXRlIjozMDAwMDAwMDAwMDAsImRlbGV0ZSI6MzAwMDAwMDAwMDAwLCJ1cGRhdGUiOjEyMDAwMDAwMDAwMH19",
          "dependencies": [
            "data.aws_availability_zones.available",
            "module.vpc.aws_internet_gateway.main",
            "module.vpc.aws_route_table.public",
            "module.vpc.aws_subnet.public",
            "module.vpc.aws_vpc.main"
          ]
        },
        {
          "index_key": 2,
          "schema_version": 0,
          "attributes": {
            "gateway_id": "",
            "id": "rtbassoc-0367841ae39f2c97a",
            "route_table_id": "rtb-0027f29ba77358575",
            "subnet_id": "subnet-03118d96767deeb0d",
            "timeouts": null
          },
          "sensitive_attributes": [],
          "private": "eyJlMmJmYjczMC1lY2FhLTExZTYtOGY4OC0zNDM2M2JjN2M0YzAiOnsiY3JlYXRlIjozMDAwMDAwMDAwMDAsImRlbGV0ZSI6MzAwMDAwMDAwMDAwLCJ1cGRhdGUiOjEyMDAwMDAwMDAwMH19",
          "dependencies": [
            "data.aws_availability_zones.available",
            "module.vpc.aws_internet_gateway.main",
            "module.vpc.aws_route_table.public",
            "module.vpc.aws_subnet.public",
            "module.vpc.aws_vpc.main"
          ]
        },
        {
          "index_key": 3,
          "schema_version": 0,
          "attributes": {
            "gateway_id": "",
            "id": "rtbassoc-0a84fac4bd9fdd983",
            "route_table_id": "rtb-0027f29ba77358575",
            "subnet_id": "subnet-04a2de7fdf2642ca2",
            "timeouts": null
          },
          "sensitive_attributes": [],
          "private": "eyJlMmJmYjczMC1lY2FhLTExZTYtOGY4OC0zNDM2M2JjN2M0YzAiOnsiY3JlYXRlIjozMDAwMDAwMDAwMDAsImRlbGV0ZSI6MzAwMDAwMDAwMDAwLCJ1cGRhdGUiOjEyMDAwMDAwMDAwMH19",
          "dependencies": [
            "data.aws_availability_zones.available",
            "module.vpc.aws_internet_gateway.main",
            "module.vpc.aws_route_table.public",
            "module.vpc.aws_subnet.public",
            "module.vpc.aws_vpc.main"
          ]
        },
        {
          "index_key": 4,
          "schema_version": 0,
          "attributes": {
            "gateway_id": "",
            "id": "rtbassoc-0e725cd64310afb24",
            "route_table_id": "rtb-0027f29ba77358575",
            "subnet_id": "subnet-09d7a92a9e3debef7",
            "timeouts": null
          },
          "sensitive_attributes": [],
          "private": "eyJlMmJmYjczMC1lY2FhLTExZTYtOGY4OC0zNDM2M2JjN2M0YzAiOnsiY3JlYXRlIjozMDAwMDAwMDAwMDAsImRlbGV0ZSI6MzAwMDAwMDAwMDAwLCJ1cGRhdGUiOjEyMDAwMDAwMDAwMH19",
          "dependencies": [
            "data.aws_availability_zones.available",
            "module.vpc.aws_internet_gateway.main",
            "module.vpc.aws_route_table.public",
            "module.vpc.aws_subnet.public",
            "module.vpc.aws_vpc.main"
          ]
        },
        {
          "index_key": 5,
          "schema_version": 0,
          "attributes": {
            "gateway_id": "",
            "id": "rtbassoc-08e81836e024fe8ee",
            "route_table_id": "rtb-0027f29ba77358575",
            "subnet_id": "subnet-0048be8aebaf388c5",
            "timeouts": null
          },
          "sensitive_attributes": [],
          "private": "eyJlMmJmYjczMC1lY2FhLTExZTYtOGY4OC0zNDM2M2JjN2M0YzAiOnsiY3JlYXRlIjozMDAwMDAwMDAwMDAsImRlbGV0ZSI6MzAwMDAwMDAwMDAwLCJ1cGRhdGUiOjEyMDAwMDAwMDAwMH19",
          "dependencies": [
            "data.aws_availability_zones.available",
            "module.vpc.aws_internet_gateway.main",
            "module.vpc.aws_route_table.public",
            "module.vpc.aws_subnet.public",
            "module.vpc.aws_vpc.main"
          ]
        }
      ]
    },
    {
      "module": "module.vpc",
      "mode": "managed",
      "type": "aws_security_group",
      "name": "alb",
      "provider": "provider[\"registry.terraform.io/hashicorp/aws\"]",
      "instances": [
        {
          "schema_version": 1,
          "attributes": {
            "arn": "arn:aws:ec2:us-east-1:897722705454:security-group/sg-0a5601f6808c5d126",
            "description": "Managed by Terraform",
            "egress": [
              {
                "cidr_blocks": [
                  "0.0.0.0/0"
                ],
                "description": "",
                "from_port": 0,
                "ipv6_cidr_blocks": [],
                "prefix_list_ids": [],
                "protocol": "-1",
                "security_groups": [],
                "self": false,
                "to_port": 0
              }
            ],
            "id": "sg-0a5601f6808c5d126",
            "ingress": [
              {
                "cidr_blocks": [
                  "0.0.0.0/0"
                ],
                "description": "",
                "from_port": 443,
                "ipv6_cidr_blocks": [],
                "prefix_list_ids": [],
                "protocol": "tcp",
                "security_groups": [],
                "self": false,
                "to_port": 443
              },
              {
                "cidr_blocks": [
                  "0.0.0.0/0"
                ],
                "description": "",
                "from_port": 80,
                "ipv6_cidr_blocks": [],
                "prefix_list_ids": [],
                "protocol": "tcp",
                "security_groups": [],
                "self": false,
                "to_port": 80
              }
            ],
            "name": "laravel-api-dev-alb-20250907101653608800000009",
            "name_prefix": "laravel-api-dev-alb-",
            "owner_id": "897722705454",
            "revoke_rules_on_delete": false,
            "tags": {
              "Environment": "dev",
              "Name": "laravel-api-dev-alb-sg",
              "Project": "laravel-api",
              "Type": "alb"
            },
            "tags_all": {
              "CreatedBy": "Cloud Team",
              "Environment": "dev",
              "ManagedBy": "Terraform",
              "Name": "laravel-api-dev-alb-sg",
              "Project": "laravel-api",
              "Type": "alb"
            },
            "timeouts": null,
            "vpc_id": "vpc-08082223053934ea8"
          },
          "sensitive_attributes": [],
          "private": "eyJlMmJmYjczMC1lY2FhLTExZTYtOGY4OC0zNDM2M2JjN2M0YzAiOnsiY3JlYXRlIjo2MDAwMDAwMDAwMDAsImRlbGV0ZSI6OTAwMDAwMDAwMDAwfSwic2NoZW1hX3ZlcnNpb24iOiIxIn0=",
          "dependencies": [
            "module.vpc.aws_vpc.main"
          ]
        }
      ]
    },
    {
      "module": "module.vpc",
      "mode": "managed",
      "type": "aws_security_group",
      "name": "ecs",
      "provider": "provider[\"registry.terraform.io/hashicorp/aws\"]",
      "instances": [
        {
          "schema_version": 1,
          "attributes": {
            "arn": "arn:aws:ec2:us-east-1:897722705454:security-group/sg-0df0163a89a272835",
            "description": "Managed by Terraform",
            "egress": [
              {
                "cidr_blocks": [
                  "0.0.0.0/0"
                ],
                "description": "",
                "from_port": 0,
                "ipv6_cidr_blocks": [],
                "prefix_list_ids": [],
                "protocol": "-1",
                "security_groups": [],
                "self": false,
                "to_port": 0
              },
              {
                "cidr_blocks": [
                  "10.0.0.0/16"
                ],
                "description": "",
                "from_port": 3306,
                "ipv6_cidr_blocks": [],
                "prefix_list_ids": [],
                "protocol": "tcp",
                "security_groups": [],
                "self": false,
                "to_port": 3306
              },
              {
                "cidr_blocks": [
                  "10.0.0.0/16"
                ],
                "description": "",
                "from_port": 6379,
                "ipv6_cidr_blocks": [],
                "prefix_list_ids": [],
                "protocol": "tcp",
                "security_groups": [],
                "self": false,
                "to_port": 6379
              }
            ],
            "id": "sg-0df0163a89a272835",
            "ingress": [
              {
                "cidr_blocks": [
                  "10.0.0.0/16"
                ],
                "description": "",
                "from_port": 80,
                "ipv6_cidr_blocks": [],
                "prefix_list_ids": [],
                "protocol": "tcp",
                "security_groups": [],
                "self": false,
                "to_port": 80
              }
            ],
            "name": "laravel-api-dev-ecs-20250907101652377100000007",
            "name_prefix": "laravel-api-dev-ecs-",
            "owner_id": "897722705454",
            "revoke_rules_on_delete": false,
            "tags": {
              "Environment": "dev",
              "Name": "laravel-api-dev-ecs-sg",
              "Project": "laravel-api",
              "Type": "ecs"
            },
            "tags_all": {
              "CreatedBy": "Cloud Team",
              "Environment": "dev",
              "ManagedBy": "Terraform",
              "Name": "laravel-api-dev-ecs-sg",
              "Project": "laravel-api",
              "Type": "ecs"
            },
            "timeouts": null,
            "vpc_id": "vpc-08082223053934ea8"
          },
          "sensitive_attributes": [],
          "private": "eyJlMmJmYjczMC1lY2FhLTExZTYtOGY4OC0zNDM2M2JjN2M0YzAiOnsiY3JlYXRlIjo2MDAwMDAwMDAwMDAsImRlbGV0ZSI6OTAwMDAwMDAwMDAwfSwic2NoZW1hX3ZlcnNpb24iOiIxIn0=",
          "dependencies": [
            "module.vpc.aws_vpc.main"
          ]
        }
      ]
    },
    {
      "module": "module.vpc",
      "mode": "managed",
      "type": "aws_security_group",
      "name": "rds",
      "provider": "provider[\"registry.terraform.io/hashicorp/aws\"]",
      "instances": [
        {
          "schema_version": 1,
          "attributes": {
            "arn": "arn:aws:ec2:us-east-1:897722705454:security-group/sg-067925327eef72043",
            "description": "Managed by Terraform",
            "egress": [
              {
                "cidr_blocks": [
                  "0.0.0.0/0"
                ],
                "description": "",
                "from_port": 0,
                "ipv6_cidr_blocks": [],
                "prefix_list_ids": [],
                "protocol": "-1",
                "security_groups": [],
                "self": false,
                "to_port": 0
              }
            ],
            "id": "sg-067925327eef72043",
            "ingress": [
              {
                "cidr_blocks": [],
                "description": "",
                "from_port": 3306,
                "ipv6_cidr_blocks": [],
                "prefix_list_ids": [],
                "protocol": "tcp",
                "security_groups": [
                  "sg-0df0163a89a272835"
                ],
                "self": false,
                "to_port": 3306
              }
            ],
            "name": "laravel-api-dev-rds-20250907101700239400000013",
            "name_prefix": "laravel-api-dev-rds-",
            "owner_id": "897722705454",
            "revoke_rules_on_delete": false,
            "tags": {
              "Environment": "dev",
              "Name": "laravel-api-dev-rds-sg",
              "Project": "laravel-api",
              "Type": "rds"
            },
            "tags_all": {
              "CreatedBy": "Cloud Team",
              "Environment": "dev",
              "ManagedBy": "Terraform",
              "Name": "laravel-api-dev-rds-sg",
              "Project": "laravel-api",
              "Type": "rds"
            },
            "timeouts": null,
            "vpc_id": "vpc-08082223053934ea8"
          },
          "sensitive_attributes": [],
          "private": "eyJlMmJmYjczMC1lY2FhLTExZTYtOGY4OC0zNDM2M2JjN2M0YzAiOnsiY3JlYXRlIjo2MDAwMDAwMDAwMDAsImRlbGV0ZSI6OTAwMDAwMDAwMDAwfSwic2NoZW1hX3ZlcnNpb24iOiIxIn0=",
          "dependencies": [
            "module.vpc.aws_security_group.ecs",
            "module.vpc.aws_vpc.main"
          ]
        }
      ]
    },
    {
      "module": "module.vpc",
      "mode": "managed",
      "type": "aws_security_group",
      "name": "redis",
      "provider": "provider[\"registry.terraform.io/hashicorp/aws\"]",
      "instances": [
        {
          "schema_version": 1,
          "attributes": {
            "arn": "arn:aws:ec2:us-east-1:897722705454:security-group/sg-0ffabae49b876b118",
            "description": "Managed by Terraform",
            "egress": [
              {
                "cidr_blocks": [
                  "0.0.0.0/0"
                ],
                "description": "",
                "from_port": 0,
                "ipv6_cidr_blocks": [],
                "prefix_list_ids": [],
                "protocol": "-1",
                "security_groups": [],
                "self": false,
                "to_port": 0
              }
            ],
            "id": "sg-0ffabae49b876b118",
            "ingress": [
              {
                "cidr_blocks": [],
                "description": "",
                "from_port": 6379,
                "ipv6_cidr_blocks": [],
                "prefix_list_ids": [],
                "protocol": "tcp",
                "security_groups": [
                  "sg-0df0163a89a272835"
                ],
                "self": false,
                "to_port": 6379
              }
            ],
            "name": "laravel-api-dev-redis-20250907101700443700000014",
            "name_prefix": "laravel-api-dev-redis-",
            "owner_id": "897722705454",
            "revoke_rules_on_delete": false,
            "tags": {
              "Environment": "dev",
              "Name": "laravel-api-dev-redis-sg",
              "Project": "laravel-api",
              "Type": "redis"
            },
            "tags_all": {
              "CreatedBy": "Cloud Team",
              "Environment": "dev",
              "ManagedBy": "Terraform",
              "Name": "laravel-api-dev-redis-sg",
              "Project": "laravel-api",
              "Type": "redis"
            },
            "timeouts": null,
            "vpc_id": "vpc-08082223053934ea8"
          },
          "sensitive_attributes": [],
          "private": "eyJlMmJmYjczMC1lY2FhLTExZTYtOGY4OC0zNDM2M2JjN2M0YzAiOnsiY3JlYXRlIjo2MDAwMDAwMDAwMDAsImRlbGV0ZSI6OTAwMDAwMDAwMDAwfSwic2NoZW1hX3ZlcnNpb24iOiIxIn0=",
          "dependencies": [
            "module.vpc.aws_security_group.ecs",
            "module.vpc.aws_vpc.main"
          ]
        }
      ]
    },
    {
      "module": "module.vpc",
      "mode": "managed",
      "type": "aws_security_group",
      "name": "vpc_endpoint",
      "provider": "provider[\"registry.terraform.io/hashicorp/aws\"]",
      "instances": [
        {
          "schema_version": 1,
          "attributes": {
            "arn": "arn:aws:ec2:us-east-1:897722705454:security-group/sg-0c4b5c03f921597bb",
            "description": "Managed by Terraform",
            "egress": [
              {
                "cidr_blocks": [
                  "0.0.0.0/0"
                ],
                "description": "",
                "from_port": 0,
                "ipv6_cidr_blocks": [],
                "prefix_list_ids": [],
                "protocol": "-1",
                "security_groups": [],
                "self": false,
                "to_port": 0
              }
            ],
            "id": "sg-0c4b5c03f921597bb",
            "ingress": [
              {
                "cidr_blocks": [
                  "10.0.0.0/16"
                ],
                "description": "",
                "from_port": 443,
                "ipv6_cidr_blocks": [],
                "prefix_list_ids": [],
                "protocol": "tcp",
                "security_groups": [],
                "self": false,
                "to_port": 443
              }
            ],
            "name": "laravel-api-dev-vpc-endpoint-20250907101644944500000005",
            "name_prefix": "laravel-api-dev-vpc-endpoint-",
            "owner_id": "897722705454",
            "revoke_rules_on_delete": false,
            "tags": {
              "Environment": "dev",
              "Name": "laravel-api-dev-vpc-endpoint-sg",
              "Project": "laravel-api",
              "Type": "vpc-endpoint"
            },
            "tags_all": {
              "CreatedBy": "Cloud Team",
              "Environment": "dev",
              "ManagedBy": "Terraform",
              "Name": "laravel-api-dev-vpc-endpoint-sg",
              "Project": "laravel-api",
              "Type": "vpc-endpoint"
            },
            "timeouts": null,
            "vpc_id": "vpc-08082223053934ea8"
          },
          "sensitive_attributes": [],
          "private": "eyJlMmJmYjczMC1lY2FhLTExZTYtOGY4OC0zNDM2M2JjN2M0YzAiOnsiY3JlYXRlIjo2MDAwMDAwMDAwMDAsImRlbGV0ZSI6OTAwMDAwMDAwMDAwfSwic2NoZW1hX3ZlcnNpb24iOiIxIn0=",
          "dependencies": [
            "module.vpc.aws_vpc.main"
          ]
        }
      ]
    },
    {
      "module": "module.vpc",
      "mode": "managed",
      "type": "aws_subnet",
      "name": "private",
      "provider": "provider[\"registry.terraform.io/hashicorp/aws\"]",
      "instances": [
        {
          "index_key": 0,
          "schema_version": 1,
          "attributes": {
            "arn": "arn:aws:ec2:us-east-1:897722705454:subnet/subnet-0fd60b7f1b751dc9d",
            "assign_ipv6_address_on_creation": false,
            "availability_zone": "us-east-1a",
            "availability_zone_id": "use1-az4",
            "cidr_block": "10.0.10.0/24",
            "customer_owned_ipv4_pool": "",
            "enable_dns64": false,
            "enable_lni_at_device_index": 0,
            "enable_resource_name_dns_a_record_on_launch": false,
            "enable_resource_name_dns_aaaa_record_on_launch": false,
            "id": "subnet-0fd60b7f1b751dc9d",
            "ipv6_cidr_block": "",
            "ipv6_cidr_block_association_id": "",
            "ipv6_native": false,
            "map_customer_owned_ip_on_launch": false,
            "map_public_ip_on_launch": false,
            "outpost_arn": "",
            "owner_id": "897722705454",
            "private_dns_hostname_type_on_launch": "ip-name",
            "tags": {
              "Environment": "dev",
              "Name": "laravel-api-dev-private-subnet-1",
              "Project": "laravel-api",
              "Type": "private"
            },
            "tags_all": {
              "CreatedBy": "Cloud Team",
              "Environment": "dev",
              "ManagedBy": "Terraform",
              "Name": "laravel-api-dev-private-subnet-1",
              "Project": "laravel-api",
              "Type": "private"
            },
            "timeouts": null,
            "vpc_id": "vpc-08082223053934ea8"
          },
          "sensitive_attributes": [],
          "private": "eyJlMmJmYjczMC1lY2FhLTExZTYtOGY4OC0zNDM2M2JjN2M0YzAiOnsiY3JlYXRlIjo2MDAwMDAwMDAwMDAsImRlbGV0ZSI6MTIwMDAwMDAwMDAwMH0sInNjaGVtYV92ZXJzaW9uIjoiMSJ9",
          "dependencies": [
            "data.aws_availability_zones.available",
            "module.vpc.aws_vpc.main"
          ]
        },
        {
          "index_key": 1,
          "schema_version": 1,
          "attributes": {
            "arn": "arn:aws:ec2:us-east-1:897722705454:subnet/subnet-06139fdf0158cd00c",
            "assign_ipv6_address_on_creation": false,
            "availability_zone": "us-east-1b",
            "availability_zone_id": "use1-az6",
            "cidr_block": "10.0.11.0/24",
            "customer_owned_ipv4_pool": "",
            "enable_dns64": false,
            "enable_lni_at_device_index": 0,
            "enable_resource_name_dns_a_record_on_launch": false,
            "enable_resource_name_dns_aaaa_record_on_launch": false,
            "id": "subnet-06139fdf0158cd00c",
            "ipv6_cidr_block": "",
            "ipv6_cidr_block_association_id": "",
            "ipv6_native": false,
            "map_customer_owned_ip_on_launch": false,
            "map_public_ip_on_launch": false,
            "outpost_arn": "",
            "owner_id": "897722705454",
            "private_dns_hostname_type_on_launch": "ip-name",
            "tags": {
              "Environment": "dev",
              "Name": "laravel-api-dev-private-subnet-2",
              "Project": "laravel-api",
              "Type": "private"
            },
            "tags_all": {
              "CreatedBy": "Cloud Team",
              "Environment": "dev",
              "ManagedBy": "Terraform",
              "Name": "laravel-api-dev-private-subnet-2",
              "Project": "laravel-api",
              "Type": "private"
            },
            "timeouts": null,
            "vpc_id": "vpc-08082223053934ea8"
          },
          "sensitive_attributes": [],
          "private": "eyJlMmJmYjczMC1lY2FhLTExZTYtOGY4OC0zNDM2M2JjN2M0YzAiOnsiY3JlYXRlIjo2MDAwMDAwMDAwMDAsImRlbGV0ZSI6MTIwMDAwMDAwMDAwMH0sInNjaGVtYV92ZXJzaW9uIjoiMSJ9",
          "dependencies": [
            "data.aws_availability_zones.available",
            "module.vpc.aws_vpc.main"
          ]
        },
        {
          "index_key": 2,
          "schema_version": 1,
          "attributes": {
            "arn": "arn:aws:ec2:us-east-1:897722705454:subnet/subnet-09391fb2ea5c8c0ce",
            "assign_ipv6_address_on_creation": false,
            "availability_zone": "us-east-1c",
            "availability_zone_id": "use1-az1",
            "cidr_block": "10.0.12.0/24",
            "customer_owned_ipv4_pool": "",
            "enable_dns64": false,
            "enable_lni_at_device_index": 0,
            "enable_resource_name_dns_a_record_on_launch": false,
            "enable_resource_name_dns_aaaa_record_on_launch": false,
            "id": "subnet-09391fb2ea5c8c0ce",
            "ipv6_cidr_block": "",
            "ipv6_cidr_block_association_id": "",
            "ipv6_native": false,
            "map_customer_owned_ip_on_launch": false,
            "map_public_ip_on_launch": false,
            "outpost_arn": "",
            "owner_id": "897722705454",
            "private_dns_hostname_type_on_launch": "ip-name",
            "tags": {
              "Environment": "dev",
              "Name": "laravel-api-dev-private-subnet-3",
              "Project": "laravel-api",
              "Type": "private"
            },
            "tags_all": {
              "CreatedBy": "Cloud Team",
              "Environment": "dev",
              "ManagedBy": "Terraform",
              "Name": "laravel-api-dev-private-subnet-3",
              "Project": "laravel-api",
              "Type": "private"
            },
            "timeouts": null,
            "vpc_id": "vpc-08082223053934ea8"
          },
          "sensitive_attributes": [],
          "private": "eyJlMmJmYjczMC1lY2FhLTExZTYtOGY4OC0zNDM2M2JjN2M0YzAiOnsiY3JlYXRlIjo2MDAwMDAwMDAwMDAsImRlbGV0ZSI6MTIwMDAwMDAwMDAwMH0sInNjaGVtYV92ZXJzaW9uIjoiMSJ9",
          "dependencies": [
            "data.aws_availability_zones.available",
            "module.vpc.aws_vpc.main"
          ]
        },
        {
          "index_key": 3,
          "schema_version": 1,
          "attributes": {
            "arn": "arn:aws:ec2:us-east-1:897722705454:subnet/subnet-043f4cea6c4c2efdb",
            "assign_ipv6_address_on_creation": false,
            "availability_zone": "us-east-1d",
            "availability_zone_id": "use1-az2",
            "cidr_block": "10.0.13.0/24",
            "customer_owned_ipv4_pool": "",
            "enable_dns64": false,
            "enable_lni_at_device_index": 0,
            "enable_resource_name_dns_a_record_on_launch": false,
            "enable_resource_name_dns_aaaa_record_on_launch": false,
            "id": "subnet-043f4cea6c4c2efdb",
            "ipv6_cidr_block": "",
            "ipv6_cidr_block_association_id": "",
            "ipv6_native": false,
            "map_customer_owned_ip_on_launch": false,
            "map_public_ip_on_launch": false,
            "outpost_arn": "",
            "owner_id": "897722705454",
            "private_dns_hostname_type_on_launch": "ip-name",
            "tags": {
              "Environment": "dev",
              "Name": "laravel-api-dev-private-subnet-4",
              "Project": "laravel-api",
              "Type": "private"
            },
            "tags_all": {
              "CreatedBy": "Cloud Team",
              "Environment": "dev",
              "ManagedBy": "Terraform",
              "Name": "laravel-api-dev-private-subnet-4",
              "Project": "laravel-api",
              "Type": "private"
            },
            "timeouts": null,
            "vpc_id": "vpc-08082223053934ea8"
          },
          "sensitive_attributes": [],
          "private": "eyJlMmJmYjczMC1lY2FhLTExZTYtOGY4OC0zNDM2M2JjN2M0YzAiOnsiY3JlYXRlIjo2MDAwMDAwMDAwMDAsImRlbGV0ZSI6MTIwMDAwMDAwMDAwMH0sInNjaGVtYV92ZXJzaW9uIjoiMSJ9",
          "dependencies": [
            "data.aws_availability_zones.available",
            "module.vpc.aws_vpc.main"
          ]
        },
        {
          "index_key": 4,
          "schema_version": 1,
          "attributes": {
            "arn": "arn:aws:ec2:us-east-1:897722705454:subnet/subnet-06f8c6a150973ba14",
            "assign_ipv6_address_on_creation": false,
            "availability_zone": "us-east-1e",
            "availability_zone_id": "use1-az3",
            "cidr_block": "10.0.14.0/24",
            "customer_owned_ipv4_pool": "",
            "enable_dns64": false,
            "enable_lni_at_device_index": 0,
            "enable_resource_name_dns_a_record_on_launch": false,
            "enable_resource_name_dns_aaaa_record_on_launch": false,
            "id": "subnet-06f8c6a150973ba14",
            "ipv6_cidr_block": "",
            "ipv6_cidr_block_association_id": "",
            "ipv6_native": false,
            "map_customer_owned_ip_on_launch": false,
            "map_public_ip_on_launch": false,
            "outpost_arn": "",
            "owner_id": "897722705454",
            "private_dns_hostname_type_on_launch": "ip-name",
            "tags": {
              "Environment": "dev",
              "Name": "laravel-api-dev-private-subnet-5",
              "Project": "laravel-api",
              "Type": "private"
            },
            "tags_all": {
              "CreatedBy": "Cloud Team",
              "Environment": "dev",
              "ManagedBy": "Terraform",
              "Name": "laravel-api-dev-private-subnet-5",
              "Project": "laravel-api",
              "Type": "private"
            },
            "timeouts": null,
            "vpc_id": "vpc-08082223053934ea8"
          },
          "sensitive_attributes": [],
          "private": "eyJlMmJmYjczMC1lY2FhLTExZTYtOGY4OC0zNDM2M2JjN2M0YzAiOnsiY3JlYXRlIjo2MDAwMDAwMDAwMDAsImRlbGV0ZSI6MTIwMDAwMDAwMDAwMH0sInNjaGVtYV92ZXJzaW9uIjoiMSJ9",
          "dependencies": [
            "data.aws_availability_zones.available",
            "module.vpc.aws_vpc.main"
          ]
        },
        {
          "index_key": 5,
          "schema_version": 1,
          "attributes": {
            "arn": "arn:aws:ec2:us-east-1:897722705454:subnet/subnet-0b4d71a667906dd69",
            "assign_ipv6_address_on_creation": false,
            "availability_zone": "us-east-1f",
            "availability_zone_id": "use1-az5",
            "cidr_block": "10.0.15.0/24",
            "customer_owned_ipv4_pool": "",
            "enable_dns64": false,
            "enable_lni_at_device_index": 0,
            "enable_resource_name_dns_a_record_on_launch": false,
            "enable_resource_name_dns_aaaa_record_on_launch": false,
            "id": "subnet-0b4d71a667906dd69",
            "ipv6_cidr_block": "",
            "ipv6_cidr_block_association_id": "",
            "ipv6_native": false,
            "map_customer_owned_ip_on_launch": false,
            "map_public_ip_on_launch": false,
            "outpost_arn": "",
            "owner_id": "897722705454",
            "private_dns_hostname_type_on_launch": "ip-name",
            "tags": {
              "Environment": "dev",
              "Name": "laravel-api-dev-private-subnet-6",
              "Project": "laravel-api",
              "Type": "private"
            },
            "tags_all": {
              "CreatedBy": "Cloud Team",
              "Environment": "dev",
              "ManagedBy": "Terraform",
              "Name": "laravel-api-dev-private-subnet-6",
              "Project": "laravel-api",
              "Type": "private"
            },
            "timeouts": null,
            "vpc_id": "vpc-08082223053934ea8"
          },
          "sensitive_attributes": [],
          "private": "eyJlMmJmYjczMC1lY2FhLTExZTYtOGY4OC0zNDM2M2JjN2M0YzAiOnsiY3JlYXRlIjo2MDAwMDAwMDAwMDAsImRlbGV0ZSI6MTIwMDAwMDAwMDAwMH0sInNjaGVtYV92ZXJzaW9uIjoiMSJ9",
          "dependencies": [
            "data.aws_availability_zones.available",
            "module.vpc.aws_vpc.main"
          ]
        }
      ]
    },
    {
      "module": "module.vpc",
      "mode": "managed",
      "type": "aws_subnet",
      "name": "public",
      "provider": "provider[\"registry.terraform.io/hashicorp/aws\"]",
      "instances": [
        {
          "index_key": 0,
          "schema_version": 1,
          "attributes": {
            "arn": "arn:aws:ec2:us-east-1:897722705454:subnet/subnet-0ee87246f6b700cab",
            "assign_ipv6_address_on_creation": false,
            "availability_zone": "us-east-1a",
            "availability_zone_id": "use1-az4",
            "cidr_block": "10.0.1.0/24",
            "customer_owned_ipv4_pool": "",
            "enable_dns64": false,
            "enable_lni_at_device_index": 0,
            "enable_resource_name_dns_a_record_on_launch": false,
            "enable_resource_name_dns_aaaa_record_on_launch": false,
            "id": "subnet-0ee87246f6b700cab",
            "ipv6_cidr_block": "",
            "ipv6_cidr_block_association_id": "",
            "ipv6_native": false,
            "map_customer_owned_ip_on_launch": false,
            "map_public_ip_on_launch": true,
            "outpost_arn": "",
            "owner_id": "897722705454",
            "private_dns_hostname_type_on_launch": "ip-name",
            "tags": {
              "Environment": "dev",
              "Name": "laravel-api-dev-public-subnet-1",
              "Project": "laravel-api",
              "Type": "public"
            },
            "tags_all": {
              "CreatedBy": "Cloud Team",
              "Environment": "dev",
              "ManagedBy": "Terraform",
              "Name": "laravel-api-dev-public-subnet-1",
              "Project": "laravel-api",
              "Type": "public"
            },
            "timeouts": null,
            "vpc_id": "vpc-08082223053934ea8"
          },
          "sensitive_attributes": [],
          "private": "eyJlMmJmYjczMC1lY2FhLTExZTYtOGY4OC0zNDM2M2JjN2M0YzAiOnsiY3JlYXRlIjo2MDAwMDAwMDAwMDAsImRlbGV0ZSI6MTIwMDAwMDAwMDAwMH0sInNjaGVtYV92ZXJzaW9uIjoiMSJ9",
          "dependencies": [
            "data.aws_availability_zones.available",
            "module.vpc.aws_vpc.main"
          ]
        },
        {
          "index_key": 1,
          "schema_version": 1,
          "attributes": {
            "arn": "arn:aws:ec2:us-east-1:897722705454:subnet/subnet-0ca3df3fd9cbe8225",
            "assign_ipv6_address_on_creation": false,
            "availability_zone": "us-east-1b",
            "availability_zone_id": "use1-az6",
            "cidr_block": "10.0.2.0/24",
            "customer_owned_ipv4_pool": "",
            "enable_dns64": false,
            "enable_lni_at_device_index": 0,
            "enable_resource_name_dns_a_record_on_launch": false,
            "enable_resource_name_dns_aaaa_record_on_launch": false,
            "id": "subnet-0ca3df3fd9cbe8225",
            "ipv6_cidr_block": "",
            "ipv6_cidr_block_association_id": "",
            "ipv6_native": false,
            "map_customer_owned_ip_on_launch": false,
            "map_public_ip_on_launch": true,
            "outpost_arn": "",
            "owner_id": "897722705454",
            "private_dns_hostname_type_on_launch": "ip-name",
            "tags": {
              "Environment": "dev",
              "Name": "laravel-api-dev-public-subnet-2",
              "Project": "laravel-api",
              "Type": "public"
            },
            "tags_all": {
              "CreatedBy": "Cloud Team",
              "Environment": "dev",
              "ManagedBy": "Terraform",
              "Name": "laravel-api-dev-public-subnet-2",
              "Project": "laravel-api",
              "Type": "public"
            },
            "timeouts": null,
            "vpc_id": "vpc-08082223053934ea8"
          },
          "sensitive_attributes": [],
          "private": "eyJlMmJmYjczMC1lY2FhLTExZTYtOGY4OC0zNDM2M2JjN2M0YzAiOnsiY3JlYXRlIjo2MDAwMDAwMDAwMDAsImRlbGV0ZSI6MTIwMDAwMDAwMDAwMH0sInNjaGVtYV92ZXJzaW9uIjoiMSJ9",
          "dependencies": [
            "data.aws_availability_zones.available",
            "module.vpc.aws_vpc.main"
          ]
        },
        {
          "index_key": 2,
          "schema_version": 1,
          "attributes": {
            "arn": "arn:aws:ec2:us-east-1:897722705454:subnet/subnet-03118d96767deeb0d",
            "assign_ipv6_address_on_creation": false,
            "availability_zone": "us-east-1c",
            "availability_zone_id": "use1-az1",
            "cidr_block": "10.0.3.0/24",
            "customer_owned_ipv4_pool": "",
            "enable_dns64": false,
            "enable_lni_at_device_index": 0,
            "enable_resource_name_dns_a_record_on_launch": false,
            "enable_resource_name_dns_aaaa_record_on_launch": false,
            "id": "subnet-03118d96767deeb0d",
            "ipv6_cidr_block": "",
            "ipv6_cidr_block_association_id": "",
            "ipv6_native": false,
            "map_customer_owned_ip_on_launch": false,
            "map_public_ip_on_launch": true,
            "outpost_arn": "",
            "owner_id": "897722705454",
            "private_dns_hostname_type_on_launch": "ip-name",
            "tags": {
              "Environment": "dev",
              "Name": "laravel-api-dev-public-subnet-3",
              "Project": "laravel-api",
              "Type": "public"
            },
            "tags_all": {
              "CreatedBy": "Cloud Team",
              "Environment": "dev",
              "ManagedBy": "Terraform",
              "Name": "laravel-api-dev-public-subnet-3",
              "Project": "laravel-api",
              "Type": "public"
            },
            "timeouts": null,
            "vpc_id": "vpc-08082223053934ea8"
          },
          "sensitive_attributes": [],
          "private": "eyJlMmJmYjczMC1lY2FhLTExZTYtOGY4OC0zNDM2M2JjN2M0YzAiOnsiY3JlYXRlIjo2MDAwMDAwMDAwMDAsImRlbGV0ZSI6MTIwMDAwMDAwMDAwMH0sInNjaGVtYV92ZXJzaW9uIjoiMSJ9",
          "dependencies": [
            "data.aws_availability_zones.available",
            "module.vpc.aws_vpc.main"
          ]
        },
        {
          "index_key": 3,
          "schema_version": 1,
          "attributes": {
            "arn": "arn:aws:ec2:us-east-1:897722705454:subnet/subnet-04a2de7fdf2642ca2",
            "assign_ipv6_address_on_creation": false,
            "availability_zone": "us-east-1d",
            "availability_zone_id": "use1-az2",
            "cidr_block": "10.0.4.0/24",
            "customer_owned_ipv4_pool": "",
            "enable_dns64": false,
            "enable_lni_at_device_index": 0,
            "enable_resource_name_dns_a_record_on_launch": false,
            "enable_resource_name_dns_aaaa_record_on_launch": false,
            "id": "subnet-04a2de7fdf2642ca2",
            "ipv6_cidr_block": "",
            "ipv6_cidr_block_association_id": "",
            "ipv6_native": false,
            "map_customer_owned_ip_on_launch": false,
            "map_public_ip_on_launch": true,
            "outpost_arn": "",
            "owner_id": "897722705454",
            "private_dns_hostname_type_on_launch": "ip-name",
            "tags": {
              "Environment": "dev",
              "Name": "laravel-api-dev-public-subnet-4",
              "Project": "laravel-api",
              "Type": "public"
            },
            "tags_all": {
              "CreatedBy": "Cloud Team",
              "Environment": "dev",
              "ManagedBy": "Terraform",
              "Name": "laravel-api-dev-public-subnet-4",
              "Project": "laravel-api",
              "Type": "public"
            },
            "timeouts": null,
            "vpc_id": "vpc-08082223053934ea8"
          },
          "sensitive_attributes": [],
          "private": "eyJlMmJmYjczMC1lY2FhLTExZTYtOGY4OC0zNDM2M2JjN2M0YzAiOnsiY3JlYXRlIjo2MDAwMDAwMDAwMDAsImRlbGV0ZSI6MTIwMDAwMDAwMDAwMH0sInNjaGVtYV92ZXJzaW9uIjoiMSJ9",
          "dependencies": [
            "data.aws_availability_zones.available",
            "module.vpc.aws_vpc.main"
          ]
        },
        {
          "index_key": 4,
          "schema_version": 1,
          "attributes": {
            "arn": "arn:aws:ec2:us-east-1:897722705454:subnet/subnet-09d7a92a9e3debef7",
            "assign_ipv6_address_on_creation": false,
            "availability_zone": "us-east-1e",
            "availability_zone_id": "use1-az3",
            "cidr_block": "10.0.5.0/24",
            "customer_owned_ipv4_pool": "",
            "enable_dns64": false,
            "enable_lni_at_device_index": 0,
            "enable_resource_name_dns_a_record_on_launch": false,
            "enable_resource_name_dns_aaaa_record_on_launch": false,
            "id": "subnet-09d7a92a9e3debef7",
            "ipv6_cidr_block": "",
            "ipv6_cidr_block_association_id": "",
            "ipv6_native": false,
            "map_customer_owned_ip_on_launch": false,
            "map_public_ip_on_launch": true,
            "outpost_arn": "",
            "owner_id": "897722705454",
            "private_dns_hostname_type_on_launch": "ip-name",
            "tags": {
              "Environment": "dev",
              "Name": "laravel-api-dev-public-subnet-5",
              "Project": "laravel-api",
              "Type": "public"
            },
            "tags_all": {
              "CreatedBy": "Cloud Team",
              "Environment": "dev",
              "ManagedBy": "Terraform",
              "Name": "laravel-api-dev-public-subnet-5",
              "Project": "laravel-api",
              "Type": "public"
            },
            "timeouts": null,
            "vpc_id": "vpc-08082223053934ea8"
          },
          "sensitive_attributes": [],
          "private": "eyJlMmJmYjczMC1lY2FhLTExZTYtOGY4OC0zNDM2M2JjN2M0YzAiOnsiY3JlYXRlIjo2MDAwMDAwMDAwMDAsImRlbGV0ZSI6MTIwMDAwMDAwMDAwMH0sInNjaGVtYV92ZXJzaW9uIjoiMSJ9",
          "dependencies": [
            "data.aws_availability_zones.available",
            "module.vpc.aws_vpc.main"
          ]
        },
        {
          "index_key": 5,
          "schema_version": 1,
          "attributes": {
            "arn": "arn:aws:ec2:us-east-1:897722705454:subnet/subnet-0048be8aebaf388c5",
            "assign_ipv6_address_on_creation": false,
            "availability_zone": "us-east-1f",
            "availability_zone_id": "use1-az5",
            "cidr_block": "10.0.6.0/24",
            "customer_owned_ipv4_pool": "",
            "enable_dns64": false,
            "enable_lni_at_device_index": 0,
            "enable_resource_name_dns_a_record_on_launch": false,
            "enable_resource_name_dns_aaaa_record_on_launch": false,
            "id": "subnet-0048be8aebaf388c5",
            "ipv6_cidr_block": "",
            "ipv6_cidr_block_association_id": "",
            "ipv6_native": false,
            "map_customer_owned_ip_on_launch": false,
            "map_public_ip_on_launch": true,
            "outpost_arn": "",
            "owner_id": "897722705454",
            "private_dns_hostname_type_on_launch": "ip-name",
            "tags": {
              "Environment": "dev",
              "Name": "laravel-api-dev-public-subnet-6",
              "Project": "laravel-api",
              "Type": "public"
            },
            "tags_all": {
              "CreatedBy": "Cloud Team",
              "Environment": "dev",
              "ManagedBy": "Terraform",
              "Name": "laravel-api-dev-public-subnet-6",
              "Project": "laravel-api",
              "Type": "public"
            },
            "timeouts": null,
            "vpc_id": "vpc-08082223053934ea8"
          },
          "sensitive_attributes": [],
          "private": "eyJlMmJmYjczMC1lY2FhLTExZTYtOGY4OC0zNDM2M2JjN2M0YzAiOnsiY3JlYXRlIjo2MDAwMDAwMDAwMDAsImRlbGV0ZSI6MTIwMDAwMDAwMDAwMH0sInNjaGVtYV92ZXJzaW9uIjoiMSJ9",
          "dependencies": [
            "data.aws_availability_zones.available",
            "module.vpc.aws_vpc.main"
          ]
        }
      ]
    },
    {
      "module": "module.vpc",
      "mode": "managed",
      "type": "aws_vpc",
      "name": "main",
      "provider": "provider[\"registry.terraform.io/hashicorp/aws\"]",
      "instances": [
        {
          "schema_version": 1,
          "attributes": {
            "arn": "arn:aws:ec2:us-east-1:897722705454:vpc/vpc-08082223053934ea8",
            "assign_generated_ipv6_cidr_block": false,
            "cidr_block": "10.0.0.0/16",
            "default_network_acl_id": "acl-0b4179abd1f2f401d",
            "default_route_table_id": "rtb-05c7c357b6cc633f0",
            "default_security_group_id": "sg-04bae6589704fee6a",
            "dhcp_options_id": "dopt-01ee8dff27f5d751d",
            "enable_dns_hostnames": true,
            "enable_dns_support": true,
            "enable_network_address_usage_metrics": false,
            "id": "vpc-08082223053934ea8",
            "instance_tenancy": "default",
            "ipv4_ipam_pool_id": null,
            "ipv4_netmask_length": null,
            "ipv6_association_id": "",
            "ipv6_cidr_block": "",
            "ipv6_cidr_block_network_border_group": "",
            "ipv6_ipam_pool_id": "",
            "ipv6_netmask_length": 0,
            "main_route_table_id": "rtb-05c7c357b6cc633f0",
            "owner_id": "897722705454",
            "tags": {
              "Environment": "dev",
              "Name": "laravel-api-dev-vpc",
              "Project": "laravel-api"
            },
            "tags_all": {
              "CreatedBy": "Cloud Team",
              "Environment": "dev",
              "ManagedBy": "Terraform",
              "Name": "laravel-api-dev-vpc",
              "Project": "laravel-api"
            }
          },
          "sensitive_attributes": [],
          "private": "eyJzY2hlbWFfdmVyc2lvbiI6IjEifQ=="
        }
      ]
    },
    {
      "module": "module.vpc",
      "mode": "managed",
      "type": "aws_vpc_endpoint",
      "name": "ecr_api",
      "provider": "provider[\"registry.terraform.io/hashicorp/aws\"]",
      "instances": [
        {
          "schema_version": 0,
          "attributes": {
            "arn": "arn:aws:ec2:us-east-1:897722705454:vpc-endpoint/vpce-0cf57c93f7ef0def7",
            "auto_accept": null,
            "cidr_blocks": [],
            "dns_entry": [
              {
                "dns_name": "vpce-0cf57c93f7ef0def7-1bzvvqec.api.ecr.us-east-1.vpce.amazonaws.com",
                "hosted_zone_id": "Z7HUB22UULQXV"
              },
              {
                "dns_name": "vpce-0cf57c93f7ef0def7-1bzvvqec-us-east-1d.api.ecr.us-east-1.vpce.amazonaws.com",
                "hosted_zone_id": "Z7HUB22UULQXV"
              },
              {
                "dns_name": "vpce-0cf57c93f7ef0def7-1bzvvqec-us-east-1a.api.ecr.us-east-1.vpce.amazonaws.com",
                "hosted_zone_id": "Z7HUB22UULQXV"
              },
              {
                "dns_name": "vpce-0cf57c93f7ef0def7-1bzvvqec-us-east-1f.api.ecr.us-east-1.vpce.amazonaws.com",
                "hosted_zone_id": "Z7HUB22UULQXV"
              },
              {
                "dns_name": "vpce-0cf57c93f7ef0def7-1bzvvqec-us-east-1b.api.ecr.us-east-1.vpce.amazonaws.com",
                "hosted_zone_id": "Z7HUB22UULQXV"
              },
              {
                "dns_name": "vpce-0cf57c93f7ef0def7-1bzvvqec-us-east-1e.api.ecr.us-east-1.vpce.amazonaws.com",
                "hosted_zone_id": "Z7HUB22UULQXV"
              },
              {
                "dns_name": "vpce-0cf57c93f7ef0def7-1bzvvqec-us-east-1c.api.ecr.us-east-1.vpce.amazonaws.com",
                "hosted_zone_id": "Z7HUB22UULQXV"
              },
              {
                "dns_name": "api.ecr.us-east-1.amazonaws.com",
                "hosted_zone_id": "Z0396639KMP0AHA90HUX"
              },
              {
                "dns_name": "ecr.us-east-1.api.aws",
                "hosted_zone_id": "Z0025717103J71PYSDHYO"
              }
            ],
            "dns_options": [
              {
                "dns_record_ip_type": "ipv4",
                "private_dns_only_for_inbound_resolver_endpoint": false
              }
            ],
            "id": "vpce-0cf57c93f7ef0def7",
            "ip_address_type": "ipv4",
            "network_interface_ids": [
              "eni-02b4670069a6827f2",
              "eni-03f8ba87854d9f3eb",
              "eni-055d02f22e10480e7",
              "eni-0678967c2bd83d6b0",
              "eni-08e4dd732c7ec37b4",
              "eni-0af28deb9dd99ee61"
            ],
            "owner_id": "897722705454",
            "policy": "{\"Statement\":[{\"Action\":\"*\",\"Effect\":\"Allow\",\"Principal\":\"*\",\"Resource\":\"*\"}]}",
            "prefix_list_id": null,
            "private_dns_enabled": true,
            "requester_managed": false,
            "resource_configuration_arn": "",
            "route_table_ids": [],
            "security_group_ids": [
              "sg-0c4b5c03f921597bb"
            ],
            "service_name": "com.amazonaws.us-east-1.ecr.api",
            "service_network_arn": "",
            "service_region": "us-east-1",
            "state": "available",
            "subnet_configuration": [
              {
                "ipv4": "10.0.10.150",
                "ipv6": "",
                "subnet_id": "subnet-0fd60b7f1b751dc9d"
              },
              {
                "ipv4": "10.0.11.221",
                "ipv6": "",
                "subnet_id": "subnet-06139fdf0158cd00c"
              },
              {
                "ipv4": "10.0.12.251",
                "ipv6": "",
                "subnet_id": "subnet-09391fb2ea5c8c0ce"
              },
              {
                "ipv4": "10.0.13.217",
                "ipv6": "",
                "subnet_id": "subnet-043f4cea6c4c2efdb"
              },
              {
                "ipv4": "10.0.14.163",
                "ipv6": "",
                "subnet_id": "subnet-06f8c6a150973ba14"
              },
              {
                "ipv4": "10.0.15.216",
                "ipv6": "",
                "subnet_id": "subnet-0b4d71a667906dd69"
              }
            ],
            "subnet_ids": [
              "subnet-043f4cea6c4c2efdb",
              "subnet-06139fdf0158cd00c",
              "subnet-06f8c6a150973ba14",
              "subnet-09391fb2ea5c8c0ce",
              "subnet-0b4d71a667906dd69",
              "subnet-0fd60b7f1b751dc9d"
            ],
            "tags": {
              "Environment": "dev",
              "Name": "laravel-api-dev-ecr-api-endpoint",
              "Project": "laravel-api",
              "Type": "vpc-endpoint"
            },
            "tags_all": {
              "CreatedBy": "Cloud Team",
              "Environment": "dev",
              "ManagedBy": "Terraform",
              "Name": "laravel-api-dev-ecr-api-endpoint",
              "Project": "laravel-api",
              "Type": "vpc-endpoint"
            },
            "timeouts": null,
            "vpc_endpoint_type": "Interface",
            "vpc_id": "vpc-08082223053934ea8"
          },
          "sensitive_attributes": [],
          "private": "eyJlMmJmYjczMC1lY2FhLTExZTYtOGY4OC0zNDM2M2JjN2M0YzAiOnsiY3JlYXRlIjo2MDAwMDAwMDAwMDAsImRlbGV0ZSI6NjAwMDAwMDAwMDAwLCJ1cGRhdGUiOjYwMDAwMDAwMDAwMH19",
          "dependencies": [
            "data.aws_availability_zones.available",
            "module.vpc.aws_security_group.vpc_endpoint",
            "module.vpc.aws_subnet.private",
            "module.vpc.aws_vpc.main",
            "module.vpc.data.aws_region.current"
          ]
        }
      ]
    },
    {
      "module": "module.vpc",
      "mode": "managed",
      "type": "aws_vpc_endpoint",
      "name": "ecr_dkr",
      "provider": "provider[\"registry.terraform.io/hashicorp/aws\"]",
      "instances": [
        {
          "schema_version": 0,
          "attributes": {
            "arn": "arn:aws:ec2:us-east-1:897722705454:vpc-endpoint/vpce-02c4ae89f582c4a45",
            "auto_accept": null,
            "cidr_blocks": [],
            "dns_entry": [
              {
                "dns_name": "vpce-02c4ae89f582c4a45-jixh9t3d.dkr.ecr.us-east-1.vpce.amazonaws.com",
                "hosted_zone_id": "Z7HUB22UULQXV"
              },
              {
                "dns_name": "vpce-02c4ae89f582c4a45-jixh9t3d-us-east-1f.dkr.ecr.us-east-1.vpce.amazonaws.com",
                "hosted_zone_id": "Z7HUB22UULQXV"
              },
              {
                "dns_name": "vpce-02c4ae89f582c4a45-jixh9t3d-us-east-1b.dkr.ecr.us-east-1.vpce.amazonaws.com",
                "hosted_zone_id": "Z7HUB22UULQXV"
              },
              {
                "dns_name": "vpce-02c4ae89f582c4a45-jixh9t3d-us-east-1a.dkr.ecr.us-east-1.vpce.amazonaws.com",
                "hosted_zone_id": "Z7HUB22UULQXV"
              },
              {
                "dns_name": "vpce-02c4ae89f582c4a45-jixh9t3d-us-east-1d.dkr.ecr.us-east-1.vpce.amazonaws.com",
                "hosted_zone_id": "Z7HUB22UULQXV"
              },
              {
                "dns_name": "vpce-02c4ae89f582c4a45-jixh9t3d-us-east-1c.dkr.ecr.us-east-1.vpce.amazonaws.com",
                "hosted_zone_id": "Z7HUB22UULQXV"
              },
              {
                "dns_name": "vpce-02c4ae89f582c4a45-jixh9t3d-us-east-1e.dkr.ecr.us-east-1.vpce.amazonaws.com",
                "hosted_zone_id": "Z7HUB22UULQXV"
              },
              {
                "dns_name": "dkr.ecr.us-east-1.amazonaws.com",
                "hosted_zone_id": "Z0026233QG7OXJYAGGDE"
              },
              {
                "dns_name": "*.dkr.ecr.us-east-1.amazonaws.com",
                "hosted_zone_id": "Z0026233QG7OXJYAGGDE"
              },
              {
                "dns_name": "dkr-ecr.us-east-1.on.aws",
                "hosted_zone_id": "Z00257181N0YNGTM7IPDX"
              },
              {
                "dns_name": "*.dkr-ecr.us-east-1.on.aws",
                "hosted_zone_id": "Z00257181N0YNGTM7IPDX"
              }
            ],
            "dns_options": [
              {
                "dns_record_ip_type": "ipv4",
                "private_dns_only_for_inbound_resolver_endpoint": false
              }
            ],
            "id": "vpce-02c4ae89f582c4a45",
            "ip_address_type": "ipv4",
            "network_interface_ids": [
              "eni-009de5b93562c9fa6",
              "eni-03eab8c0adead1318",
              "eni-0429909e0534c857b",
              "eni-065920a20a2474dff",
              "eni-07aba9f336901eaa2",
              "eni-0ec759b516fc166d5"
            ],
            "owner_id": "897722705454",
            "policy": "{\"Statement\":[{\"Action\":\"*\",\"Effect\":\"Allow\",\"Principal\":\"*\",\"Resource\":\"*\"}]}",
            "prefix_list_id": null,
            "private_dns_enabled": true,
            "requester_managed": false,
            "resource_configuration_arn": "",
            "route_table_ids": [],
            "security_group_ids": [
              "sg-0c4b5c03f921597bb"
            ],
            "service_name": "com.amazonaws.us-east-1.ecr.dkr",
            "service_network_arn": "",
            "service_region": "us-east-1",
            "state": "available",
            "subnet_configuration": [
              {
                "ipv4": "10.0.10.221",
                "ipv6": "",
                "subnet_id": "subnet-0fd60b7f1b751dc9d"
              },
              {
                "ipv4": "10.0.11.166",
                "ipv6": "",
                "subnet_id": "subnet-06139fdf0158cd00c"
              },
              {
                "ipv4": "10.0.12.182",
                "ipv6": "",
                "subnet_id": "subnet-09391fb2ea5c8c0ce"
              },
              {
                "ipv4": "10.0.13.212",
                "ipv6": "",
                "subnet_id": "subnet-043f4cea6c4c2efdb"
              },
              {
                "ipv4": "10.0.14.150",
                "ipv6": "",
                "subnet_id": "subnet-06f8c6a150973ba14"
              },
              {
                "ipv4": "10.0.15.228",
                "ipv6": "",
                "subnet_id": "subnet-0b4d71a667906dd69"
              }
            ],
            "subnet_ids": [
              "subnet-043f4cea6c4c2efdb",
              "subnet-06139fdf0158cd00c",
              "subnet-06f8c6a150973ba14",
              "subnet-09391fb2ea5c8c0ce",
              "subnet-0b4d71a667906dd69",
              "subnet-0fd60b7f1b751dc9d"
            ],
            "tags": {
              "Environment": "dev",
              "Name": "laravel-api-dev-ecr-dkr-endpoint",
              "Project": "laravel-api",
              "Type": "vpc-endpoint"
            },
            "tags_all": {
              "CreatedBy": "Cloud Team",
              "Environment": "dev",
              "ManagedBy": "Terraform",
              "Name": "laravel-api-dev-ecr-dkr-endpoint",
              "Project": "laravel-api",
              "Type": "vpc-endpoint"
            },
            "timeouts": null,
            "vpc_endpoint_type": "Interface",
            "vpc_id": "vpc-08082223053934ea8"
          },
          "sensitive_attributes": [],
          "private": "eyJlMmJmYjczMC1lY2FhLTExZTYtOGY4OC0zNDM2M2JjN2M0YzAiOnsiY3JlYXRlIjo2MDAwMDAwMDAwMDAsImRlbGV0ZSI6NjAwMDAwMDAwMDAwLCJ1cGRhdGUiOjYwMDAwMDAwMDAwMH19",
          "dependencies": [
            "data.aws_availability_zones.available",
            "module.vpc.aws_security_group.vpc_endpoint",
            "module.vpc.aws_subnet.private",
            "module.vpc.aws_vpc.main",
            "module.vpc.data.aws_region.current"
          ]
        }
      ]
    },
    {
      "module": "module.vpc",
      "mode": "managed",
      "type": "aws_vpc_endpoint",
      "name": "logs",
      "provider": "provider[\"registry.terraform.io/hashicorp/aws\"]",
      "instances": [
        {
          "schema_version": 0,
          "attributes": {
            "arn": "arn:aws:ec2:us-east-1:897722705454:vpc-endpoint/vpce-0f48e2777f731c84e",
            "auto_accept": null,
            "cidr_blocks": [],
            "dns_entry": [
              {
                "dns_name": "vpce-0f48e2777f731c84e-spmnabjq.logs.us-east-1.vpce.amazonaws.com",
                "hosted_zone_id": "Z7HUB22UULQXV"
              },
              {
                "dns_name": "vpce-0f48e2777f731c84e-spmnabjq-us-east-1d.logs.us-east-1.vpce.amazonaws.com",
                "hosted_zone_id": "Z7HUB22UULQXV"
              },
              {
                "dns_name": "vpce-0f48e2777f731c84e-spmnabjq-us-east-1b.logs.us-east-1.vpce.amazonaws.com",
                "hosted_zone_id": "Z7HUB22UULQXV"
              },
              {
                "dns_name": "vpce-0f48e2777f731c84e-spmnabjq-us-east-1f.logs.us-east-1.vpce.amazonaws.com",
                "hosted_zone_id": "Z7HUB22UULQXV"
              },
              {
                "dns_name": "vpce-0f48e2777f731c84e-spmnabjq-us-east-1a.logs.us-east-1.vpce.amazonaws.com",
                "hosted_zone_id": "Z7HUB22UULQXV"
              },
              {
                "dns_name": "vpce-0f48e2777f731c84e-spmnabjq-us-east-1c.logs.us-east-1.vpce.amazonaws.com",
                "hosted_zone_id": "Z7HUB22UULQXV"
              },
              {
                "dns_name": "vpce-0f48e2777f731c84e-spmnabjq-us-east-1e.logs.us-east-1.vpce.amazonaws.com",
                "hosted_zone_id": "Z7HUB22UULQXV"
              },
              {
                "dns_name": "logs.us-east-1.amazonaws.com",
                "hosted_zone_id": "Z04056973HIH2KW0UPMF9"
              },
              {
                "dns_name": "streaming-logs.us-east-1.amazonaws.com",
                "hosted_zone_id": "Z090909022RRB5EXLTJLJ"
              },
              {
                "dns_name": "streaming-logs.us-east-1.api.aws",
                "hosted_zone_id": "Z0405707LZPCXNACB2DC"
              },
              {
                "dns_name": "logs.us-east-1.api.aws",
                "hosted_zone_id": "Z040570012BQZY8NZ98RN"
              }
            ],
            "dns_options": [
              {
                "dns_record_ip_type": "ipv4",
                "private_dns_only_for_inbound_resolver_endpoint": false
              }
            ],
            "id": "vpce-0f48e2777f731c84e",
            "ip_address_type": "ipv4",
            "network_interface_ids": [
              "eni-02847bec90081d56e",
              "eni-02982992424bd8bf1",
              "eni-0595193e24d3587c8",
              "eni-08eae0978671557c0",
              "eni-0a63d9220b927104a",
              "eni-0d081b2966decbcc3"
            ],
            "owner_id": "897722705454",
            "policy": "{\"Statement\":[{\"Action\":\"*\",\"Effect\":\"Allow\",\"Principal\":\"*\",\"Resource\":\"*\"}]}",
            "prefix_list_id": null,
            "private_dns_enabled": true,
            "requester_managed": false,
            "resource_configuration_arn": "",
            "route_table_ids": [],
            "security_group_ids": [
              "sg-0c4b5c03f921597bb"
            ],
            "service_name": "com.amazonaws.us-east-1.logs",
            "service_network_arn": "",
            "service_region": "us-east-1",
            "state": "available",
            "subnet_configuration": [
              {
                "ipv4": "10.0.10.164",
                "ipv6": "",
                "subnet_id": "subnet-0fd60b7f1b751dc9d"
              },
              {
                "ipv4": "10.0.11.143",
                "ipv6": "",
                "subnet_id": "subnet-06139fdf0158cd00c"
              },
              {
                "ipv4": "10.0.12.8",
                "ipv6": "",
                "subnet_id": "subnet-09391fb2ea5c8c0ce"
              },
              {
                "ipv4": "10.0.13.146",
                "ipv6": "",
                "subnet_id": "subnet-043f4cea6c4c2efdb"
              },
              {
                "ipv4": "10.0.14.213",
                "ipv6": "",
                "subnet_id": "subnet-06f8c6a150973ba14"
              },
              {
                "ipv4": "10.0.15.35",
                "ipv6": "",
                "subnet_id": "subnet-0b4d71a667906dd69"
              }
            ],
            "subnet_ids": [
              "subnet-043f4cea6c4c2efdb",
              "subnet-06139fdf0158cd00c",
              "subnet-06f8c6a150973ba14",
              "subnet-09391fb2ea5c8c0ce",
              "subnet-0b4d71a667906dd69",
              "subnet-0fd60b7f1b751dc9d"
            ],
            "tags": {
              "Environment": "dev",
              "Name": "laravel-api-dev-logs-endpoint",
              "Project": "laravel-api",
              "Type": "vpc-endpoint"
            },
            "tags_all": {
              "CreatedBy": "Cloud Team",
              "Environment": "dev",
              "ManagedBy": "Terraform",
              "Name": "laravel-api-dev-logs-endpoint",
              "Project": "laravel-api",
              "Type": "vpc-endpoint"
            },
            "timeouts": null,
            "vpc_endpoint_type": "Interface",
            "vpc_id": "vpc-08082223053934ea8"
          },
          "sensitive_attributes": [],
          "private": "eyJlMmJmYjczMC1lY2FhLTExZTYtOGY4OC0zNDM2M2JjN2M0YzAiOnsiY3JlYXRlIjo2MDAwMDAwMDAwMDAsImRlbGV0ZSI6NjAwMDAwMDAwMDAwLCJ1cGRhdGUiOjYwMDAwMDAwMDAwMH19",
          "dependencies": [
            "data.aws_availability_zones.available",
            "module.vpc.aws_security_group.vpc_endpoint",
            "module.vpc.aws_subnet.private",
            "module.vpc.aws_vpc.main",
            "module.vpc.data.aws_region.current"
          ]
        }
      ]
    },
    {
      "module": "module.vpc",
      "mode": "managed",
      "type": "aws_vpc_endpoint",
      "name": "s3",
      "provider": "provider[\"registry.terraform.io/hashicorp/aws\"]",
      "instances": [
        {
          "schema_version": 0,
          "attributes": {
            "arn": "arn:aws:ec2:us-east-1:897722705454:vpc-endpoint/vpce-013c0e2973352c472",
            "auto_accept": null,
            "cidr_blocks": [
              "16.15.176.0/20",
              "16.182.0.0/16",
              "18.34.0.0/19",
              "52.216.0.0/15",
              "54.231.0.0/16",
              "3.5.0.0/19",
              "18.34.232.0/21",
              "16.15.192.0/18"
            ],
            "dns_entry": [],
            "dns_options": [],
            "id": "vpce-013c0e2973352c472",
            "ip_address_type": "",
            "network_interface_ids": [],
            "owner_id": "897722705454",
            "policy": "{\"Statement\":[{\"Action\":\"*\",\"Effect\":\"Allow\",\"Principal\":\"*\",\"Resource\":\"*\"}],\"Version\":\"2008-10-17\"}",
            "prefix_list_id": "pl-63a5400a",
            "private_dns_enabled": false,
            "requester_managed": false,
            "resource_configuration_arn": "",
            "route_table_ids": [
              "rtb-01f7fb78a2cbaba58",
              "rtb-0260fb9f3fa2d35c1",
              "rtb-09f9d64fb87665f22",
              "rtb-0b6696eb77ab38c46",
              "rtb-0c714339a7f1c395f",
              "rtb-0d2794e0ecfc7806b"
            ],
            "security_group_ids": [],
            "service_name": "com.amazonaws.us-east-1.s3",
            "service_network_arn": "",
            "service_region": "us-east-1",
            "state": "available",
            "subnet_configuration": [],
            "subnet_ids": [],
            "tags": {
              "Environment": "dev",
              "Name": "laravel-api-dev-s3-endpoint",
              "Project": "laravel-api",
              "Type": "vpc-endpoint"
            },
            "tags_all": {
              "CreatedBy": "Cloud Team",
              "Environment": "dev",
              "ManagedBy": "Terraform",
              "Name": "laravel-api-dev-s3-endpoint",
              "Project": "laravel-api",
              "Type": "vpc-endpoint"
            },
            "timeouts": null,
            "vpc_endpoint_type": "Gateway",
            "vpc_id": "vpc-08082223053934ea8"
          },
          "sensitive_attributes": [],
          "private": "eyJlMmJmYjczMC1lY2FhLTExZTYtOGY4OC0zNDM2M2JjN2M0YzAiOnsiY3JlYXRlIjo2MDAwMDAwMDAwMDAsImRlbGV0ZSI6NjAwMDAwMDAwMDAwLCJ1cGRhdGUiOjYwMDAwMDAwMDAwMH19",
          "dependencies": [
            "data.aws_availability_zones.available",
            "module.vpc.aws_route_table.private",
            "module.vpc.aws_vpc.main",
            "module.vpc.data.aws_region.current"
          ]
        }
      ]
    },
    {
      "module": "module.vpc",
      "mode": "managed",
      "type": "aws_vpc_endpoint",
      "name": "secretsmanager",
      "provider": "provider[\"registry.terraform.io/hashicorp/aws\"]",
      "instances": [
        {
          "schema_version": 0,
          "attributes": {
            "arn": "arn:aws:ec2:us-east-1:897722705454:vpc-endpoint/vpce-067bcc6c11947a182",
            "auto_accept": null,
            "cidr_blocks": [],
            "dns_entry": [
              {
                "dns_name": "vpce-067bcc6c11947a182-zp34r9ja.secretsmanager.us-east-1.vpce.amazonaws.com",
                "hosted_zone_id": "Z7HUB22UULQXV"
              },
              {
                "dns_name": "vpce-067bcc6c11947a182-zp34r9ja-us-east-1f.secretsmanager.us-east-1.vpce.amazonaws.com",
                "hosted_zone_id": "Z7HUB22UULQXV"
              },
              {
                "dns_name": "vpce-067bcc6c11947a182-zp34r9ja-us-east-1d.secretsmanager.us-east-1.vpce.amazonaws.com",
                "hosted_zone_id": "Z7HUB22UULQXV"
              },
              {
                "dns_name": "vpce-067bcc6c11947a182-zp34r9ja-us-east-1e.secretsmanager.us-east-1.vpce.amazonaws.com",
                "hosted_zone_id": "Z7HUB22UULQXV"
              },
              {
                "dns_name": "vpce-067bcc6c11947a182-zp34r9ja-us-east-1c.secretsmanager.us-east-1.vpce.amazonaws.com",
                "hosted_zone_id": "Z7HUB22UULQXV"
              },
              {
                "dns_name": "vpce-067bcc6c11947a182-zp34r9ja-us-east-1b.secretsmanager.us-east-1.vpce.amazonaws.com",
                "hosted_zone_id": "Z7HUB22UULQXV"
              },
              {
                "dns_name": "vpce-067bcc6c11947a182-zp34r9ja-us-east-1a.secretsmanager.us-east-1.vpce.amazonaws.com",
                "hosted_zone_id": "Z7HUB22UULQXV"
              },
              {
                "dns_name": "secretsmanager.us-east-1.amazonaws.com",
                "hosted_zone_id": "Z040621017RAUU4QS8ME7"
              }
            ],
            "dns_options": [
              {
                "dns_record_ip_type": "ipv4",
                "private_dns_only_for_inbound_resolver_endpoint": false
              }
            ],
            "id": "vpce-067bcc6c11947a182",
            "ip_address_type": "ipv4",
            "network_interface_ids": [
              "eni-04c482d2597c489f5",
              "eni-066ae48052b3fd59f",
              "eni-08adbf6a4d7c31c4c",
              "eni-099450bd5130182e9",
              "eni-0ec9c66ab4d721e79",
              "eni-0fd844f7593244a2b"
            ],
            "owner_id": "897722705454",
            "policy": "{\"Statement\":[{\"Action\":\"*\",\"Effect\":\"Allow\",\"Principal\":\"*\",\"Resource\":\"*\"}]}",
            "prefix_list_id": null,
            "private_dns_enabled": true,
            "requester_managed": false,
            "resource_configuration_arn": "",
            "route_table_ids": [],
            "security_group_ids": [
              "sg-0c4b5c03f921597bb"
            ],
            "service_name": "com.amazonaws.us-east-1.secretsmanager",
            "service_network_arn": "",
            "service_region": "us-east-1",
            "state": "available",
            "subnet_configuration": [
              {
                "ipv4": "10.0.10.132",
                "ipv6": "",
                "subnet_id": "subnet-0fd60b7f1b751dc9d"
              },
              {
                "ipv4": "10.0.11.125",
                "ipv6": "",
                "subnet_id": "subnet-06139fdf0158cd00c"
              },
              {
                "ipv4": "10.0.12.192",
                "ipv6": "",
                "subnet_id": "subnet-09391fb2ea5c8c0ce"
              },
              {
                "ipv4": "10.0.13.187",
                "ipv6": "",
                "subnet_id": "subnet-043f4cea6c4c2efdb"
              },
              {
                "ipv4": "10.0.14.12",
                "ipv6": "",
                "subnet_id": "subnet-06f8c6a150973ba14"
              },
              {
                "ipv4": "10.0.15.38",
                "ipv6": "",
                "subnet_id": "subnet-0b4d71a667906dd69"
              }
            ],
            "subnet_ids": [
              "subnet-043f4cea6c4c2efdb",
              "subnet-06139fdf0158cd00c",
              "subnet-06f8c6a150973ba14",
              "subnet-09391fb2ea5c8c0ce",
              "subnet-0b4d71a667906dd69",
              "subnet-0fd60b7f1b751dc9d"
            ],
            "tags": {
              "Environment": "dev",
              "Name": "laravel-api-dev-secretsmanager-endpoint",
              "Project": "laravel-api",
              "Type": "vpc-endpoint"
            },
            "tags_all": {
              "CreatedBy": "Cloud Team",
              "Environment": "dev",
              "ManagedBy": "Terraform",
              "Name": "laravel-api-dev-secretsmanager-endpoint",
              "Project": "laravel-api",
              "Type": "vpc-endpoint"
            },
            "timeouts": null,
            "vpc_endpoint_type": "Interface",
            "vpc_id": "vpc-08082223053934ea8"
          },
          "sensitive_attributes": [],
          "private": "eyJlMmJmYjczMC1lY2FhLTExZTYtOGY4OC0zNDM2M2JjN2M0YzAiOnsiY3JlYXRlIjo2MDAwMDAwMDAwMDAsImRlbGV0ZSI6NjAwMDAwMDAwMDAwLCJ1cGRhdGUiOjYwMDAwMDAwMDAwMH19",
          "dependencies": [
            "data.aws_availability_zones.available",
            "module.vpc.aws_security_group.vpc_endpoint",
            "module.vpc.aws_subnet.private",
            "module.vpc.aws_vpc.main",
            "module.vpc.data.aws_region.current"
          ]
        }
      ]
    }
  ],
  "check_results": null
}
