{
  "version": 4,
  "terraform_version": "1.10.4",
  "serial": 253,
  "lineage": "330bffd3-a258-8de2-02ff-41cf5ab49138",
  "outputs": {},
  "resources": [
    {
      "module": "module.ecr",
      "mode": "managed",
      "type": "aws_ecr_repository",
      "name": "main",
      "provider": "provider[\"registry.terraform.io/hashicorp/aws\"]",
      "instances": [
        {
          "schema_version": 0,
          "attributes": {
            "arn": "arn:aws:ecr:us-east-1:897722705454:repository/laravel-api",
            "encryption_configuration": [
              {
                "encryption_type": "AES256",
                "kms_key": ""
              }
            ],
            "force_delete": null,
            "id": "laravel-api",
            "image_scanning_configuration": [
              {
                "scan_on_push": true
              }
            ],
            "image_tag_mutability": "MUTABLE",
            "name": "laravel-api",
            "registry_id": "897722705454",
            "repository_url": "897722705454.dkr.ecr.us-east-1.amazonaws.com/laravel-api",
            "tags": {
              "Environment": "dev",
              "Name": "laravel-api-dev-ecr",
              "Project": "laravel-api",
              "Type": "container-registry"
            },
            "tags_all": {
              "CreatedBy": "Cloud Team",
              "Environment": "dev",
              "ManagedBy": "Terraform",
              "Name": "laravel-api-dev-ecr",
              "Project": "laravel-api",
              "Type": "container-registry"
            },
            "timeouts": null
          },
          "sensitive_attributes": [],
          "private": "eyJlMmJmYjczMC1lY2FhLTExZTYtOGY4OC0zNDM2M2JjN2M0YzAiOnsiZGVsZXRlIjoxMjAwMDAwMDAwMDAwfX0="
        }
      ]
    }
  ],
  "check_results": null
}
